// !$*UTF8*$!
{
	archiveVersion = 1;
	classes = {
	};
	objectVersion = 46;
	objects = {

/* Begin PBXBuildFile section */
		5F09E1E2187697A80077DF4F /* Gestures.framework in Frameworks */ = {isa = PBXBuildFile; fileRef = 5FF3F15A18690ED500466512 /* Gestures.framework */; };
		5F367C0A187A935A007EC421 /* MPPoint.h in Headers */ = {isa = PBXBuildFile; fileRef = 5F367C06187A935A007EC421 /* MPPoint.h */; };
		5F367C0B187A935A007EC421 /* MPPoint.m in Sources */ = {isa = PBXBuildFile; fileRef = 5F367C07187A935A007EC421 /* MPPoint.m */; };
		5F367C0C187A935A007EC421 /* MPPoint.m in Sources */ = {isa = PBXBuildFile; fileRef = 5F367C07187A935A007EC421 /* MPPoint.m */; };
		5F367C0D187A935A007EC421 /* MPPointCloud.h in Headers */ = {isa = PBXBuildFile; fileRef = 5F367C08187A935A007EC421 /* MPPointCloud.h */; };
		5F367C0E187A935A007EC421 /* MPPointCloud.m in Sources */ = {isa = PBXBuildFile; fileRef = 5F367C09187A935A007EC421 /* MPPointCloud.m */; };
		5F367C0F187A935A007EC421 /* MPPointCloud.m in Sources */ = {isa = PBXBuildFile; fileRef = 5F367C09187A935A007EC421 /* MPPointCloud.m */; };
		5F367C12187A936B007EC421 /* MPStroke.h in Headers */ = {isa = PBXBuildFile; fileRef = 5F367C10187A936B007EC421 /* MPStroke.h */; };
		5F367C13187A936B007EC421 /* MPStroke.m in Sources */ = {isa = PBXBuildFile; fileRef = 5F367C11187A936B007EC421 /* MPStroke.m */; };
		5F367C14187A936B007EC421 /* MPStroke.m in Sources */ = {isa = PBXBuildFile; fileRef = 5F367C11187A936B007EC421 /* MPStroke.m */; };
		5F367C17187A9381007EC421 /* MPStrokeSequence.h in Headers */ = {isa = PBXBuildFile; fileRef = 5F367C15187A9381007EC421 /* MPStrokeSequence.h */; };
		5F367C18187A9381007EC421 /* MPStrokeSequence.m in Sources */ = {isa = PBXBuildFile; fileRef = 5F367C16187A9381007EC421 /* MPStrokeSequence.m */; };
		5F367C19187A9381007EC421 /* MPStrokeSequence.m in Sources */ = {isa = PBXBuildFile; fileRef = 5F367C16187A9381007EC421 /* MPStrokeSequence.m */; };
		5F367C1C187A9387007EC421 /* MPSymbol.h in Headers */ = {isa = PBXBuildFile; fileRef = 5F367C1A187A9387007EC421 /* MPSymbol.h */; };
		5F367C1D187A9387007EC421 /* MPSymbol.m in Sources */ = {isa = PBXBuildFile; fileRef = 5F367C1B187A9387007EC421 /* MPSymbol.m */; };
		5F367C1E187A9387007EC421 /* MPSymbol.m in Sources */ = {isa = PBXBuildFile; fileRef = 5F367C1B187A9387007EC421 /* MPSymbol.m */; };
		5F367C21187A938D007EC421 /* MPStrokeSequenceDatabase.h in Headers */ = {isa = PBXBuildFile; fileRef = 5F367C1F187A938D007EC421 /* MPStrokeSequenceDatabase.h */; };
		5F367C22187A938D007EC421 /* MPStrokeSequenceDatabase.m in Sources */ = {isa = PBXBuildFile; fileRef = 5F367C20187A938D007EC421 /* MPStrokeSequenceDatabase.m */; };
		5F367C23187A938D007EC421 /* MPStrokeSequenceDatabase.m in Sources */ = {isa = PBXBuildFile; fileRef = 5F367C20187A938D007EC421 /* MPStrokeSequenceDatabase.m */; };
		5F367C28187A9514007EC421 /* MPStrokeSequenceDatabaseSynchronizer.h in Headers */ = {isa = PBXBuildFile; fileRef = 5F367C26187A9514007EC421 /* MPStrokeSequenceDatabaseSynchronizer.h */; };
		5F367C29187A9514007EC421 /* MPStrokeSequenceDatabaseSynchronizer.m in Sources */ = {isa = PBXBuildFile; fileRef = 5F367C27187A9514007EC421 /* MPStrokeSequenceDatabaseSynchronizer.m */; };
		5F367C2A187A9514007EC421 /* MPStrokeSequenceDatabaseSynchronizer.m in Sources */ = {isa = PBXBuildFile; fileRef = 5F367C27187A9514007EC421 /* MPStrokeSequenceDatabaseSynchronizer.m */; };
		5F73578D186CF42E005951E7 /* MPGestureView.h in Headers */ = {isa = PBXBuildFile; fileRef = 5F73578B186CF42E005951E7 /* MPGestureView.h */; };
		5F73578E186CF42E005951E7 /* MPGestureView.m in Sources */ = {isa = PBXBuildFile; fileRef = 5F73578C186CF42E005951E7 /* MPGestureView.m */; };
		5F735796186CF478005951E7 /* MPDollarPGestureRecognizer.m in Sources */ = {isa = PBXBuildFile; fileRef = 5F735795186CF478005951E7 /* MPDollarPGestureRecognizer.m */; };
		5F7357A9186CF495005951E7 /* MPDollarPointCloudRecognizer.h in Headers */ = {isa = PBXBuildFile; fileRef = 5F735797186CF495005951E7 /* MPDollarPointCloudRecognizer.h */; };
		5F7357AA186CF495005951E7 /* MPDollarPointCloudRecognizer.m in Sources */ = {isa = PBXBuildFile; fileRef = 5F735798186CF495005951E7 /* MPDollarPointCloudRecognizer.m */; };
		5F7357AB186CF495005951E7 /* MPDollarPointCloudRecognizer.m in Sources */ = {isa = PBXBuildFile; fileRef = 5F735798186CF495005951E7 /* MPDollarPointCloudRecognizer.m */; };
		5F7357AC186CF495005951E7 /* MPDollarPointCloudUtility.h in Headers */ = {isa = PBXBuildFile; fileRef = 5F735799186CF495005951E7 /* MPDollarPointCloudUtility.h */; };
		5F7357AD186CF495005951E7 /* MPDollarPointCloudUtility.m in Sources */ = {isa = PBXBuildFile; fileRef = 5F73579A186CF495005951E7 /* MPDollarPointCloudUtility.m */; };
		5F7357AE186CF495005951E7 /* MPDollarPointCloudUtility.m in Sources */ = {isa = PBXBuildFile; fileRef = 5F73579A186CF495005951E7 /* MPDollarPointCloudUtility.m */; };
		5F7357B5186CF495005951E7 /* MPPointCloudRecognition.h in Headers */ = {isa = PBXBuildFile; fileRef = 5F73579F186CF495005951E7 /* MPPointCloudRecognition.h */; };
		5F7357B6186CF495005951E7 /* MPPointCloudRecognition.m in Sources */ = {isa = PBXBuildFile; fileRef = 5F7357A0186CF495005951E7 /* MPPointCloudRecognition.m */; };
		5F7357B7186CF495005951E7 /* MPPointCloudRecognition.m in Sources */ = {isa = PBXBuildFile; fileRef = 5F7357A0186CF495005951E7 /* MPPointCloudRecognition.m */; };
		5F7357C7186CF4A6005951E7 /* NSFileManager+ApplicationSupport.h in Headers */ = {isa = PBXBuildFile; fileRef = 5F7357C5186CF4A6005951E7 /* NSFileManager+ApplicationSupport.h */; };
		5F7357C8186CF4A6005951E7 /* NSFileManager+ApplicationSupport.m in Sources */ = {isa = PBXBuildFile; fileRef = 5F7357C6186CF4A6005951E7 /* NSFileManager+ApplicationSupport.m */; };
		5F7357C9186CF4A6005951E7 /* NSFileManager+ApplicationSupport.m in Sources */ = {isa = PBXBuildFile; fileRef = 5F7357C6186CF4A6005951E7 /* NSFileManager+ApplicationSupport.m */; };
		5F7357CE186CF4E8005951E7 /* MPGestures-Prefix.pch in Headers */ = {isa = PBXBuildFile; fileRef = 5F7357CB186CF4E8005951E7 /* MPGestures-Prefix.pch */; };
		5FD5CC82187693FD0038C834 /* Cocoa.framework in Frameworks */ = {isa = PBXBuildFile; fileRef = 5FF3F15B18690ED500466512 /* Cocoa.framework */; };
		5FD5CC88187693FD0038C834 /* InfoPlist.strings in Resources */ = {isa = PBXBuildFile; fileRef = 5FD5CC86187693FD0038C834 /* InfoPlist.strings */; };
		5FD5CC8A187693FD0038C834 /* main.m in Sources */ = {isa = PBXBuildFile; fileRef = 5FD5CC89187693FD0038C834 /* main.m */; };
		5FD5CC8E187693FD0038C834 /* Credits.rtf in Resources */ = {isa = PBXBuildFile; fileRef = 5FD5CC8C187693FD0038C834 /* Credits.rtf */; };
		5FD5CC94187693FD0038C834 /* MainMenu.xib in Resources */ = {isa = PBXBuildFile; fileRef = 5FD5CC92187693FD0038C834 /* MainMenu.xib */; };
		5FD5CC96187693FD0038C834 /* Images.xcassets in Resources */ = {isa = PBXBuildFile; fileRef = 5FD5CC95187693FD0038C834 /* Images.xcassets */; };
		5FD5CC9C187693FD0038C834 /* XCTest.framework in Frameworks */ = {isa = PBXBuildFile; fileRef = 5FF3F17018690ED500466512 /* XCTest.framework */; };
		5FD5CC9D187693FD0038C834 /* Cocoa.framework in Frameworks */ = {isa = PBXBuildFile; fileRef = 5FF3F15B18690ED500466512 /* Cocoa.framework */; };
		5FD5CCA5187693FD0038C834 /* InfoPlist.strings in Resources */ = {isa = PBXBuildFile; fileRef = 5FD5CCA3187693FD0038C834 /* InfoPlist.strings */; };
		5FD5CCB2187694800038C834 /* MPGestureViewController.m in Sources */ = {isa = PBXBuildFile; fileRef = 5FAB2E0C186C3E3700F7948E /* MPGestureViewController.m */; };
		5FD5CCB3187694840038C834 /* MPAppDelegate.m in Sources */ = {isa = PBXBuildFile; fileRef = 5FF3F1A31869135C00466512 /* MPAppDelegate.m */; };
		5FD5CCB6187694C00038C834 /* Gestures.framework in Frameworks */ = {isa = PBXBuildFile; fileRef = 5FF3F15A18690ED500466512 /* Gestures.framework */; };
		5FD5CCB9187694CE0038C834 /* MPRandomForest.framework in Frameworks */ = {isa = PBXBuildFile; fileRef = 5F85863D186B6D2A00AD762E /* MPRandomForest.framework */; };
		5FD5CCBB187694F50038C834 /* MPGesturesUnitTests.m in Sources */ = {isa = PBXBuildFile; fileRef = 5FD5CCBA187694F50038C834 /* MPGesturesUnitTests.m */; };
		5FF318AC18815C2800C8672D /* MPManualGestureSyncIntegrationTests.m in Sources */ = {isa = PBXBuildFile; fileRef = 5FF318AB18815C2800C8672D /* MPManualGestureSyncIntegrationTests.m */; };
		5FF318AD18815C2D00C8672D /* MPManualGestureSyncIntegrationTests.m in Sources */ = {isa = PBXBuildFile; fileRef = 5FF318AB18815C2800C8672D /* MPManualGestureSyncIntegrationTests.m */; };
		5FF318AE18815C3000C8672D /* MPGesturesUnitTests.m in Sources */ = {isa = PBXBuildFile; fileRef = 5FD5CCBA187694F50038C834 /* MPGesturesUnitTests.m */; };
		5FF318B118817E5200C8672D /* MPGestureTestHelper.m in Sources */ = {isa = PBXBuildFile; fileRef = 5FF318B018817E5200C8672D /* MPGestureTestHelper.m */; };
		5FF318B218817E5200C8672D /* MPGestureTestHelper.m in Sources */ = {isa = PBXBuildFile; fileRef = 5FF318B018817E5200C8672D /* MPGestureTestHelper.m */; };
		5FF318B4188247B600C8672D /* MPContinuousGestureSyncIntegrationTests.m in Sources */ = {isa = PBXBuildFile; fileRef = 5FF318B3188247B600C8672D /* MPContinuousGestureSyncIntegrationTests.m */; };
		5FF318B5188247B600C8672D /* MPContinuousGestureSyncIntegrationTests.m in Sources */ = {isa = PBXBuildFile; fileRef = 5FF318B3188247B600C8672D /* MPContinuousGestureSyncIntegrationTests.m */; };
		5FF318BE18828DB800C8672D /* MPSupervisedGestureRecognizer.h in Headers */ = {isa = PBXBuildFile; fileRef = 5FF318BC18828DB800C8672D /* MPSupervisedGestureRecognizer.h */; };
		5FF318BF18828DB800C8672D /* MPSupervisedGestureRecognizer.m in Sources */ = {isa = PBXBuildFile; fileRef = 5FF318BD18828DB800C8672D /* MPSupervisedGestureRecognizer.m */; };
		5FF318C018828DB800C8672D /* MPSupervisedGestureRecognizer.m in Sources */ = {isa = PBXBuildFile; fileRef = 5FF318BD18828DB800C8672D /* MPSupervisedGestureRecognizer.m */; };
		5FF318C31882903500C8672D /* MPRandomForest.framework in Frameworks */ = {isa = PBXBuildFile; fileRef = 5F85863D186B6D2A00AD762E /* MPRandomForest.framework */; };
		5FF318C51882908500C8672D /* MPRandomForest.framework in Copy Frameworks */ = {isa = PBXBuildFile; fileRef = 5F85863D186B6D2A00AD762E /* MPRandomForest.framework */; };
		5FF318C61882909000C8672D /* ALGLIB.framework in Copy Frameworks */ = {isa = PBXBuildFile; fileRef = 5FF3F250186A284C00466512 /* ALGLIB.framework */; };
		5FF3F15C18690ED500466512 /* Cocoa.framework in Frameworks */ = {isa = PBXBuildFile; fileRef = 5FF3F15B18690ED500466512 /* Cocoa.framework */; };
		5FF3F17118690ED500466512 /* XCTest.framework in Frameworks */ = {isa = PBXBuildFile; fileRef = 5FF3F17018690ED500466512 /* XCTest.framework */; };
		5FF3F17218690ED500466512 /* Cocoa.framework in Frameworks */ = {isa = PBXBuildFile; fileRef = 5FF3F15B18690ED500466512 /* Cocoa.framework */; };
		5FF3F17518690ED500466512 /* Gestures.framework in Frameworks */ = {isa = PBXBuildFile; fileRef = 5FF3F15A18690ED500466512 /* Gestures.framework */; };
		5FF3F17B18690ED500466512 /* InfoPlist.strings in Resources */ = {isa = PBXBuildFile; fileRef = 5FF3F17918690ED500466512 /* InfoPlist.strings */; };
		5FF3F17D18690ED500466512 /* DollarPTests.m in Sources */ = {isa = PBXBuildFile; fileRef = 5FF3F17C18690ED500466512 /* DollarPTests.m */; };
		5FF3F257186A28AD00466512 /* ALGLIB.framework in Frameworks */ = {isa = PBXBuildFile; fileRef = 5FF3F250186A284C00466512 /* ALGLIB.framework */; };
		DC219726165E7072009CFCF3 /* UIKit.framework in Frameworks */ = {isa = PBXBuildFile; fileRef = DC219725165E7072009CFCF3 /* UIKit.framework */; };
		DC219728165E7072009CFCF3 /* Foundation.framework in Frameworks */ = {isa = PBXBuildFile; fileRef = DC219727165E7072009CFCF3 /* Foundation.framework */; };
		DC21972A165E7072009CFCF3 /* CoreGraphics.framework in Frameworks */ = {isa = PBXBuildFile; fileRef = DC219729165E7072009CFCF3 /* CoreGraphics.framework */; };
		DC219730165E7072009CFCF3 /* InfoPlist.strings in Resources */ = {isa = PBXBuildFile; fileRef = DC21972E165E7072009CFCF3 /* InfoPlist.strings */; };
		DC219732165E7072009CFCF3 /* main.m in Sources */ = {isa = PBXBuildFile; fileRef = DC219731165E7072009CFCF3 /* main.m */; };
		DC219736165E7072009CFCF3 /* DollarPAppDelegate.m in Sources */ = {isa = PBXBuildFile; fileRef = DC219735165E7072009CFCF3 /* DollarPAppDelegate.m */; };
		DC219738165E7072009CFCF3 /* Default.png in Resources */ = {isa = PBXBuildFile; fileRef = DC219737165E7072009CFCF3 /* Default.png */; };
		DC21973A165E7072009CFCF3 /* Default@2x.png in Resources */ = {isa = PBXBuildFile; fileRef = DC219739165E7072009CFCF3 /* Default@2x.png */; };
		DC21973C165E7072009CFCF3 /* Default-568h@2x.png in Resources */ = {isa = PBXBuildFile; fileRef = DC21973B165E7072009CFCF3 /* Default-568h@2x.png */; };
		DC219745165E7C3E009CFCF3 /* TemplatesViewController.m in Sources */ = {isa = PBXBuildFile; fileRef = DC219743165E7C3E009CFCF3 /* TemplatesViewController.m */; };
		DC21977A165E8073009CFCF3 /* MainStoryboard.storyboard in Resources */ = {isa = PBXBuildFile; fileRef = DC219779165E8073009CFCF3 /* MainStoryboard.storyboard */; };
		DC21977C165E821B009CFCF3 /* multistrokes.gif in Resources */ = {isa = PBXBuildFile; fileRef = DC21977B165E821B009CFCF3 /* multistrokes.gif */; };
		DC21978F165E9943009CFCF3 /* GestureViewController.m in Sources */ = {isa = PBXBuildFile; fileRef = DC21978E165E9943009CFCF3 /* GestureViewController.m */; };
		DC219792165E9B1E009CFCF3 /* CustomizeViewController.m in Sources */ = {isa = PBXBuildFile; fileRef = DC219791165E9B1E009CFCF3 /* CustomizeViewController.m */; };
		DC2197AB165F8CE9009CFCF3 /* GestureView.m in Sources */ = {isa = PBXBuildFile; fileRef = DC2197AA165F8CE9009CFCF3 /* GestureView.m */; };
		DC4B79EB165FED0900A3BF09 /* app-icon.png in Resources */ = {isa = PBXBuildFile; fileRef = DC4B79E9165FED0900A3BF09 /* app-icon.png */; };
		DC4B79EC165FED0900A3BF09 /* app-icon@2x.png in Resources */ = {isa = PBXBuildFile; fileRef = DC4B79EA165FED0900A3BF09 /* app-icon@2x.png */; };
/* End PBXBuildFile section */

/* Begin PBXContainerItemProxy section */
		5F09E1E0187697A10077DF4F /* PBXContainerItemProxy */ = {
			isa = PBXContainerItemProxy;
			containerPortal = DC219718165E7072009CFCF3 /* Project object */;
			proxyType = 1;
			remoteGlobalIDString = 5FF3F15918690ED400466512;
			remoteInfo = Gestures;
		};
		5F85863C186B6D2A00AD762E /* PBXContainerItemProxy */ = {
			isa = PBXContainerItemProxy;
			containerPortal = 5F858636186B6D2A00AD762E /* MPRandomForest.xcodeproj */;
			proxyType = 2;
			remoteGlobalIDString = 5F858608186B6CBB00AD762E;
			remoteInfo = MPRandomForest;
		};
		5F85863E186B6D2A00AD762E /* PBXContainerItemProxy */ = {
			isa = PBXContainerItemProxy;
			containerPortal = 5F858636186B6D2A00AD762E /* MPRandomForest.xcodeproj */;
			proxyType = 2;
			remoteGlobalIDString = 5F85861F186B6CBB00AD762E;
			remoteInfo = MPRandomForestTests;
		};
		5FD5CC9E187693FD0038C834 /* PBXContainerItemProxy */ = {
			isa = PBXContainerItemProxy;
			containerPortal = DC219718165E7072009CFCF3 /* Project object */;
			proxyType = 1;
			remoteGlobalIDString = 5FD5CC80187693FD0038C834;
			remoteInfo = "Gestures for Mac";
		};
		5FD5CCB4187694BB0038C834 /* PBXContainerItemProxy */ = {
			isa = PBXContainerItemProxy;
			containerPortal = DC219718165E7072009CFCF3 /* Project object */;
			proxyType = 1;
			remoteGlobalIDString = 5FF3F15918690ED400466512;
			remoteInfo = Gestures;
		};
		5FD5CCB7187694CA0038C834 /* PBXContainerItemProxy */ = {
			isa = PBXContainerItemProxy;
			containerPortal = 5F858636186B6D2A00AD762E /* MPRandomForest.xcodeproj */;
			proxyType = 1;
			remoteGlobalIDString = 5F858607186B6CBB00AD762E;
			remoteInfo = MPRandomForest;
		};
		5FF318C11882903100C8672D /* PBXContainerItemProxy */ = {
			isa = PBXContainerItemProxy;
			containerPortal = 5F858636186B6D2A00AD762E /* MPRandomForest.xcodeproj */;
			proxyType = 1;
			remoteGlobalIDString = 5F858607186B6CBB00AD762E;
			remoteInfo = MPRandomForest;
		};
		5FF3F17318690ED500466512 /* PBXContainerItemProxy */ = {
			isa = PBXContainerItemProxy;
			containerPortal = DC219718165E7072009CFCF3 /* Project object */;
			proxyType = 1;
			remoteGlobalIDString = 5FF3F15918690ED400466512;
			remoteInfo = DollarP;
		};
		5FF3F24F186A284C00466512 /* PBXContainerItemProxy */ = {
			isa = PBXContainerItemProxy;
			containerPortal = 5FF3F24A186A284C00466512 /* ALGLIB.xcodeproj */;
			proxyType = 2;
			remoteGlobalIDString = 5FF3F1DB186A276700466512;
			remoteInfo = ALGLIB;
		};
		5FF3F251186A284C00466512 /* PBXContainerItemProxy */ = {
			isa = PBXContainerItemProxy;
			containerPortal = 5FF3F24A186A284C00466512 /* ALGLIB.xcodeproj */;
			proxyType = 2;
			remoteGlobalIDString = 5FF3F1F2186A276700466512;
			remoteInfo = ALGLIBTests;
		};
		5FF3F253186A285400466512 /* PBXContainerItemProxy */ = {
			isa = PBXContainerItemProxy;
			containerPortal = 5FF3F24A186A284C00466512 /* ALGLIB.xcodeproj */;
			proxyType = 1;
			remoteGlobalIDString = 5FF3F1DA186A276700466512;
			remoteInfo = ALGLIB;
		};
/* End PBXContainerItemProxy section */

/* Begin PBXCopyFilesBuildPhase section */
		5FF318C41882906300C8672D /* Copy Frameworks */ = {
			isa = PBXCopyFilesBuildPhase;
			buildActionMask = 2147483647;
			dstPath = "";
			dstSubfolderSpec = 10;
			files = (
				5FF318C51882908500C8672D /* MPRandomForest.framework in Copy Frameworks */,
				5FF318C61882909000C8672D /* ALGLIB.framework in Copy Frameworks */,
			);
			name = "Copy Frameworks";
			runOnlyForDeploymentPostprocessing = 0;
		};
/* End PBXCopyFilesBuildPhase section */

/* Begin PBXFileReference section */
		5F2C0290186CF947003CFD04 /* en */ = {isa = PBXFileReference; lastKnownFileType = text.plist.strings; name = en; path = en.lproj/MainMenu.strings; sourceTree = "<group>"; };
		5F367C06187A935A007EC421 /* MPPoint.h */ = {isa = PBXFileReference; fileEncoding = 4; lastKnownFileType = sourcecode.c.h; name = MPPoint.h; path = "MPGestures-framework/MPPoint.h"; sourceTree = SOURCE_ROOT; };
		5F367C07187A935A007EC421 /* MPPoint.m */ = {isa = PBXFileReference; fileEncoding = 4; lastKnownFileType = sourcecode.c.objc; name = MPPoint.m; path = "MPGestures-framework/MPPoint.m"; sourceTree = SOURCE_ROOT; };
		5F367C08187A935A007EC421 /* MPPointCloud.h */ = {isa = PBXFileReference; fileEncoding = 4; lastKnownFileType = sourcecode.c.h; name = MPPointCloud.h; path = "MPGestures-framework/MPPointCloud.h"; sourceTree = SOURCE_ROOT; };
		5F367C09187A935A007EC421 /* MPPointCloud.m */ = {isa = PBXFileReference; fileEncoding = 4; lastKnownFileType = sourcecode.c.objc; name = MPPointCloud.m; path = "MPGestures-framework/MPPointCloud.m"; sourceTree = SOURCE_ROOT; };
		5F367C10187A936B007EC421 /* MPStroke.h */ = {isa = PBXFileReference; fileEncoding = 4; lastKnownFileType = sourcecode.c.h; name = MPStroke.h; path = "MPGestures-framework/MPStroke.h"; sourceTree = SOURCE_ROOT; };
		5F367C11187A936B007EC421 /* MPStroke.m */ = {isa = PBXFileReference; fileEncoding = 4; lastKnownFileType = sourcecode.c.objc; name = MPStroke.m; path = "MPGestures-framework/MPStroke.m"; sourceTree = SOURCE_ROOT; };
		5F367C15187A9381007EC421 /* MPStrokeSequence.h */ = {isa = PBXFileReference; fileEncoding = 4; lastKnownFileType = sourcecode.c.h; name = MPStrokeSequence.h; path = "MPGestures-framework/MPStrokeSequence.h"; sourceTree = SOURCE_ROOT; };
		5F367C16187A9381007EC421 /* MPStrokeSequence.m */ = {isa = PBXFileReference; fileEncoding = 4; lastKnownFileType = sourcecode.c.objc; name = MPStrokeSequence.m; path = "MPGestures-framework/MPStrokeSequence.m"; sourceTree = SOURCE_ROOT; };
		5F367C1A187A9387007EC421 /* MPSymbol.h */ = {isa = PBXFileReference; fileEncoding = 4; lastKnownFileType = sourcecode.c.h; name = MPSymbol.h; path = "MPGestures-framework/MPSymbol.h"; sourceTree = SOURCE_ROOT; };
		5F367C1B187A9387007EC421 /* MPSymbol.m */ = {isa = PBXFileReference; fileEncoding = 4; lastKnownFileType = sourcecode.c.objc; name = MPSymbol.m; path = "MPGestures-framework/MPSymbol.m"; sourceTree = SOURCE_ROOT; };
		5F367C1F187A938D007EC421 /* MPStrokeSequenceDatabase.h */ = {isa = PBXFileReference; fileEncoding = 4; lastKnownFileType = sourcecode.c.h; name = MPStrokeSequenceDatabase.h; path = "MPGestures-framework/MPStrokeSequenceDatabase.h"; sourceTree = SOURCE_ROOT; };
		5F367C20187A938D007EC421 /* MPStrokeSequenceDatabase.m */ = {isa = PBXFileReference; fileEncoding = 4; lastKnownFileType = sourcecode.c.objc; name = MPStrokeSequenceDatabase.m; path = "MPGestures-framework/MPStrokeSequenceDatabase.m"; sourceTree = SOURCE_ROOT; };
		5F367C26187A9514007EC421 /* MPStrokeSequenceDatabaseSynchronizer.h */ = {isa = PBXFileReference; fileEncoding = 4; lastKnownFileType = sourcecode.c.h; name = MPStrokeSequenceDatabaseSynchronizer.h; path = "MPGestures-framework/MPStrokeSequenceDatabaseSynchronizer.h"; sourceTree = SOURCE_ROOT; };
		5F367C27187A9514007EC421 /* MPStrokeSequenceDatabaseSynchronizer.m */ = {isa = PBXFileReference; fileEncoding = 4; lastKnownFileType = sourcecode.c.objc; name = MPStrokeSequenceDatabaseSynchronizer.m; path = "MPGestures-framework/MPStrokeSequenceDatabaseSynchronizer.m"; sourceTree = SOURCE_ROOT; };
		5F73578B186CF42E005951E7 /* MPGestureView.h */ = {isa = PBXFileReference; fileEncoding = 4; lastKnownFileType = sourcecode.c.h; name = MPGestureView.h; path = "MPGestures-framework/MPGestureView.h"; sourceTree = SOURCE_ROOT; };
		5F73578C186CF42E005951E7 /* MPGestureView.m */ = {isa = PBXFileReference; fileEncoding = 4; lastKnownFileType = sourcecode.c.objc; name = MPGestureView.m; path = "MPGestures-framework/MPGestureView.m"; sourceTree = SOURCE_ROOT; };
		5F735794186CF478005951E7 /* MPDollarPGestureRecognizer.h */ = {isa = PBXFileReference; fileEncoding = 4; lastKnownFileType = sourcecode.c.h; name = MPDollarPGestureRecognizer.h; path = "MPGestures-framework/MPDollarPGestureRecognizer.h"; sourceTree = SOURCE_ROOT; };
		5F735795186CF478005951E7 /* MPDollarPGestureRecognizer.m */ = {isa = PBXFileReference; fileEncoding = 4; lastKnownFileType = sourcecode.c.objc; name = MPDollarPGestureRecognizer.m; path = "MPGestures-framework/MPDollarPGestureRecognizer.m"; sourceTree = SOURCE_ROOT; };
		5F735797186CF495005951E7 /* MPDollarPointCloudRecognizer.h */ = {isa = PBXFileReference; fileEncoding = 4; lastKnownFileType = sourcecode.c.h; name = MPDollarPointCloudRecognizer.h; path = "MPGestures-framework/MPDollarPointCloudRecognizer.h"; sourceTree = "<group>"; };
		5F735798186CF495005951E7 /* MPDollarPointCloudRecognizer.m */ = {isa = PBXFileReference; fileEncoding = 4; lastKnownFileType = sourcecode.c.objc; name = MPDollarPointCloudRecognizer.m; path = "MPGestures-framework/MPDollarPointCloudRecognizer.m"; sourceTree = "<group>"; };
		5F735799186CF495005951E7 /* MPDollarPointCloudUtility.h */ = {isa = PBXFileReference; fileEncoding = 4; lastKnownFileType = sourcecode.c.h; name = MPDollarPointCloudUtility.h; path = "MPGestures-framework/MPDollarPointCloudUtility.h"; sourceTree = "<group>"; };
		5F73579A186CF495005951E7 /* MPDollarPointCloudUtility.m */ = {isa = PBXFileReference; fileEncoding = 4; lastKnownFileType = sourcecode.c.objc; name = MPDollarPointCloudUtility.m; path = "MPGestures-framework/MPDollarPointCloudUtility.m"; sourceTree = "<group>"; };
		5F73579F186CF495005951E7 /* MPPointCloudRecognition.h */ = {isa = PBXFileReference; fileEncoding = 4; lastKnownFileType = sourcecode.c.h; name = MPPointCloudRecognition.h; path = "MPGestures-framework/MPPointCloudRecognition.h"; sourceTree = "<group>"; };
		5F7357A0186CF495005951E7 /* MPPointCloudRecognition.m */ = {isa = PBXFileReference; fileEncoding = 4; lastKnownFileType = sourcecode.c.objc; name = MPPointCloudRecognition.m; path = "MPGestures-framework/MPPointCloudRecognition.m"; sourceTree = "<group>"; };
		5F7357C5186CF4A6005951E7 /* NSFileManager+ApplicationSupport.h */ = {isa = PBXFileReference; fileEncoding = 4; lastKnownFileType = sourcecode.c.h; name = "NSFileManager+ApplicationSupport.h"; path = "MPGestures-framework/NSFileManager+ApplicationSupport.h"; sourceTree = SOURCE_ROOT; };
		5F7357C6186CF4A6005951E7 /* NSFileManager+ApplicationSupport.m */ = {isa = PBXFileReference; fileEncoding = 4; lastKnownFileType = sourcecode.c.objc; name = "NSFileManager+ApplicationSupport.m"; path = "MPGestures-framework/NSFileManager+ApplicationSupport.m"; sourceTree = SOURCE_ROOT; };
		5F7357CA186CF4E8005951E7 /* MPGestures-Info.plist */ = {isa = PBXFileReference; fileEncoding = 4; lastKnownFileType = text.plist.xml; name = "MPGestures-Info.plist"; path = "MPGestures-framework/MPGestures-Info.plist"; sourceTree = SOURCE_ROOT; };
		5F7357CB186CF4E8005951E7 /* MPGestures-Prefix.pch */ = {isa = PBXFileReference; fileEncoding = 4; lastKnownFileType = sourcecode.c.h; name = "MPGestures-Prefix.pch"; path = "MPGestures-framework/MPGestures-Prefix.pch"; sourceTree = SOURCE_ROOT; };
		5F858636186B6D2A00AD762E /* MPRandomForest.xcodeproj */ = {isa = PBXFileReference; lastKnownFileType = "wrapper.pb-project"; name = MPRandomForest.xcodeproj; path = External/MPRandomForest/MPRandomForest/MPRandomForest.xcodeproj; sourceTree = "<group>"; };
		5FAB2E00186C3DC100F7948E /* MASPreferencesViewController.h */ = {isa = PBXFileReference; fileEncoding = 4; lastKnownFileType = sourcecode.c.h; name = MASPreferencesViewController.h; path = External/MASPreferences/MASPreferencesViewController.h; sourceTree = SOURCE_ROOT; };
		5FAB2E01186C3DC100F7948E /* MASPreferencesWindow.xib */ = {isa = PBXFileReference; fileEncoding = 4; lastKnownFileType = file.xib; name = MASPreferencesWindow.xib; path = External/MASPreferences/MASPreferencesWindow.xib; sourceTree = SOURCE_ROOT; };
		5FAB2E02186C3DC100F7948E /* MASPreferencesWindowController.h */ = {isa = PBXFileReference; fileEncoding = 4; lastKnownFileType = sourcecode.c.h; name = MASPreferencesWindowController.h; path = External/MASPreferences/MASPreferencesWindowController.h; sourceTree = SOURCE_ROOT; };
		5FAB2E03186C3DC100F7948E /* MASPreferencesWindowController.m */ = {isa = PBXFileReference; fileEncoding = 4; lastKnownFileType = sourcecode.c.objc; name = MASPreferencesWindowController.m; path = External/MASPreferences/MASPreferencesWindowController.m; sourceTree = SOURCE_ROOT; };
		5FAB2E0B186C3E3700F7948E /* MPGestureViewController.h */ = {isa = PBXFileReference; fileEncoding = 4; lastKnownFileType = sourcecode.c.h; path = MPGestureViewController.h; sourceTree = "<group>"; };
		5FAB2E0C186C3E3700F7948E /* MPGestureViewController.m */ = {isa = PBXFileReference; fileEncoding = 4; lastKnownFileType = sourcecode.c.objc; path = MPGestureViewController.m; sourceTree = "<group>"; };
		5FD5CC81187693FD0038C834 /* Gestures-OSX.app */ = {isa = PBXFileReference; explicitFileType = wrapper.application; includeInIndex = 0; path = "Gestures-OSX.app"; sourceTree = BUILT_PRODUCTS_DIR; };
		5FD5CC85187693FD0038C834 /* Gestures for Mac-Info.plist */ = {isa = PBXFileReference; lastKnownFileType = text.plist.xml; path = "Gestures for Mac-Info.plist"; sourceTree = "<group>"; };
		5FD5CC87187693FD0038C834 /* en */ = {isa = PBXFileReference; lastKnownFileType = text.plist.strings; name = en; path = en.lproj/InfoPlist.strings; sourceTree = "<group>"; };
		5FD5CC89187693FD0038C834 /* main.m */ = {isa = PBXFileReference; lastKnownFileType = sourcecode.c.objc; path = main.m; sourceTree = "<group>"; };
		5FD5CC8B187693FD0038C834 /* Gestures for Mac-Prefix.pch */ = {isa = PBXFileReference; lastKnownFileType = sourcecode.c.h; path = "Gestures for Mac-Prefix.pch"; sourceTree = "<group>"; };
		5FD5CC8D187693FD0038C834 /* en */ = {isa = PBXFileReference; lastKnownFileType = text.rtf; name = en; path = en.lproj/Credits.rtf; sourceTree = "<group>"; };
		5FD5CC93187693FD0038C834 /* Base */ = {isa = PBXFileReference; lastKnownFileType = file.xib; name = Base; path = Base.lproj/MainMenu.xib; sourceTree = "<group>"; };
		5FD5CC95187693FD0038C834 /* Images.xcassets */ = {isa = PBXFileReference; lastKnownFileType = folder.assetcatalog; path = Images.xcassets; sourceTree = "<group>"; };
		5FD5CC9B187693FD0038C834 /* Gestures-OSX-Tests.xctest */ = {isa = PBXFileReference; explicitFileType = wrapper.cfbundle; includeInIndex = 0; path = "Gestures-OSX-Tests.xctest"; sourceTree = BUILT_PRODUCTS_DIR; };
		5FD5CCA2187693FD0038C834 /* Gestures for MacTests-Info.plist */ = {isa = PBXFileReference; lastKnownFileType = text.plist.xml; path = "Gestures for MacTests-Info.plist"; sourceTree = "<group>"; };
		5FD5CCA4187693FD0038C834 /* en */ = {isa = PBXFileReference; lastKnownFileType = text.plist.strings; name = en; path = en.lproj/InfoPlist.strings; sourceTree = "<group>"; };
		5FD5CCBA187694F50038C834 /* MPGesturesUnitTests.m */ = {isa = PBXFileReference; fileEncoding = 4; lastKnownFileType = sourcecode.c.objc; path = MPGesturesUnitTests.m; sourceTree = "<group>"; };
		5FF318AB18815C2800C8672D /* MPManualGestureSyncIntegrationTests.m */ = {isa = PBXFileReference; fileEncoding = 4; lastKnownFileType = sourcecode.c.objc; path = MPManualGestureSyncIntegrationTests.m; sourceTree = "<group>"; };
		5FF318AF18817E5200C8672D /* MPGestureTestHelper.h */ = {isa = PBXFileReference; fileEncoding = 4; lastKnownFileType = sourcecode.c.h; path = MPGestureTestHelper.h; sourceTree = "<group>"; };
		5FF318B018817E5200C8672D /* MPGestureTestHelper.m */ = {isa = PBXFileReference; fileEncoding = 4; lastKnownFileType = sourcecode.c.objc; path = MPGestureTestHelper.m; sourceTree = "<group>"; };
		5FF318B3188247B600C8672D /* MPContinuousGestureSyncIntegrationTests.m */ = {isa = PBXFileReference; fileEncoding = 4; lastKnownFileType = sourcecode.c.objc; path = MPContinuousGestureSyncIntegrationTests.m; sourceTree = "<group>"; };
		5FF318BC18828DB800C8672D /* MPSupervisedGestureRecognizer.h */ = {isa = PBXFileReference; fileEncoding = 4; lastKnownFileType = sourcecode.c.h; path = MPSupervisedGestureRecognizer.h; sourceTree = SOURCE_ROOT; };
		5FF318BD18828DB800C8672D /* MPSupervisedGestureRecognizer.m */ = {isa = PBXFileReference; fileEncoding = 4; lastKnownFileType = sourcecode.c.objc; path = MPSupervisedGestureRecognizer.m; sourceTree = SOURCE_ROOT; };
		5FF3F15A18690ED500466512 /* Gestures.framework */ = {isa = PBXFileReference; explicitFileType = wrapper.framework; includeInIndex = 0; path = Gestures.framework; sourceTree = BUILT_PRODUCTS_DIR; };
		5FF3F15B18690ED500466512 /* Cocoa.framework */ = {isa = PBXFileReference; lastKnownFileType = wrapper.framework; name = Cocoa.framework; path = Library/Frameworks/Cocoa.framework; sourceTree = DEVELOPER_DIR; };
		5FF3F15E18690ED500466512 /* Foundation.framework */ = {isa = PBXFileReference; lastKnownFileType = wrapper.framework; name = Foundation.framework; path = Library/Frameworks/Foundation.framework; sourceTree = SDKROOT; };
		5FF3F15F18690ED500466512 /* CoreData.framework */ = {isa = PBXFileReference; lastKnownFileType = wrapper.framework; name = CoreData.framework; path = Library/Frameworks/CoreData.framework; sourceTree = SDKROOT; };
		5FF3F16018690ED500466512 /* AppKit.framework */ = {isa = PBXFileReference; lastKnownFileType = wrapper.framework; name = AppKit.framework; path = Library/Frameworks/AppKit.framework; sourceTree = SDKROOT; };
		5FF3F16518690ED500466512 /* en */ = {isa = PBXFileReference; lastKnownFileType = text.plist.strings; name = en; path = en.lproj/InfoPlist.strings; sourceTree = "<group>"; };
		5FF3F16F18690ED500466512 /* Gestures-iOSTests.xctest */ = {isa = PBXFileReference; explicitFileType = wrapper.cfbundle; includeInIndex = 0; path = "Gestures-iOSTests.xctest"; sourceTree = BUILT_PRODUCTS_DIR; };
		5FF3F17018690ED500466512 /* XCTest.framework */ = {isa = PBXFileReference; lastKnownFileType = wrapper.framework; name = XCTest.framework; path = Library/Frameworks/XCTest.framework; sourceTree = DEVELOPER_DIR; };
		5FF3F17818690ED500466512 /* DollarPTests-Info.plist */ = {isa = PBXFileReference; lastKnownFileType = text.plist.xml; path = "DollarPTests-Info.plist"; sourceTree = "<group>"; };
		5FF3F17A18690ED500466512 /* en */ = {isa = PBXFileReference; lastKnownFileType = text.plist.strings; name = en; path = en.lproj/InfoPlist.strings; sourceTree = "<group>"; };
		5FF3F17C18690ED500466512 /* DollarPTests.m */ = {isa = PBXFileReference; lastKnownFileType = sourcecode.c.objc; path = DollarPTests.m; sourceTree = "<group>"; };
		5FF3F1981869135C00466512 /* DollarP-OSX-Info.plist */ = {isa = PBXFileReference; lastKnownFileType = text.plist.xml; path = "DollarP-OSX-Info.plist"; sourceTree = "<group>"; };
		5FF3F19A1869135C00466512 /* en */ = {isa = PBXFileReference; lastKnownFileType = text.plist.strings; name = en; path = en.lproj/InfoPlist.strings; sourceTree = "<group>"; };
		5FF3F19C1869135C00466512 /* main.m */ = {isa = PBXFileReference; lastKnownFileType = sourcecode.c.objc; path = main.m; sourceTree = "<group>"; };
		5FF3F19E1869135C00466512 /* DollarP-OSX-Prefix.pch */ = {isa = PBXFileReference; lastKnownFileType = sourcecode.c.h; path = "DollarP-OSX-Prefix.pch"; sourceTree = "<group>"; };
		5FF3F1A01869135C00466512 /* en */ = {isa = PBXFileReference; lastKnownFileType = text.rtf; name = en; path = en.lproj/Credits.rtf; sourceTree = "<group>"; };
		5FF3F1A21869135C00466512 /* MPAppDelegate.h */ = {isa = PBXFileReference; lastKnownFileType = sourcecode.c.h; name = MPAppDelegate.h; path = "../DollarP-OSX/MPAppDelegate.h"; sourceTree = "<group>"; };
		5FF3F1A31869135C00466512 /* MPAppDelegate.m */ = {isa = PBXFileReference; lastKnownFileType = sourcecode.c.objc; name = MPAppDelegate.m; path = "../DollarP-OSX/MPAppDelegate.m"; sourceTree = "<group>"; };
		5FF3F1A61869135C00466512 /* Base */ = {isa = PBXFileReference; lastKnownFileType = file.xib; name = Base; path = Base.lproj/MainMenu.xib; sourceTree = "<group>"; };
		5FF3F1A81869135C00466512 /* Images.xcassets */ = {isa = PBXFileReference; lastKnownFileType = folder.assetcatalog; path = Images.xcassets; sourceTree = "<group>"; };
		5FF3F24A186A284C00466512 /* ALGLIB.xcodeproj */ = {isa = PBXFileReference; lastKnownFileType = "wrapper.pb-project"; name = ALGLIB.xcodeproj; path = External/alglib/ALGLIB/ALGLIB.xcodeproj; sourceTree = "<group>"; };
		DC219721165E7072009CFCF3 /* Gestures-iOS.app */ = {isa = PBXFileReference; explicitFileType = wrapper.application; includeInIndex = 0; path = "Gestures-iOS.app"; sourceTree = BUILT_PRODUCTS_DIR; };
		DC219725165E7072009CFCF3 /* UIKit.framework */ = {isa = PBXFileReference; lastKnownFileType = wrapper.framework; name = UIKit.framework; path = System/Library/Frameworks/UIKit.framework; sourceTree = SDKROOT; };
		DC219727165E7072009CFCF3 /* Foundation.framework */ = {isa = PBXFileReference; lastKnownFileType = wrapper.framework; name = Foundation.framework; path = System/Library/Frameworks/Foundation.framework; sourceTree = SDKROOT; };
		DC219729165E7072009CFCF3 /* CoreGraphics.framework */ = {isa = PBXFileReference; lastKnownFileType = wrapper.framework; name = CoreGraphics.framework; path = System/Library/Frameworks/CoreGraphics.framework; sourceTree = SDKROOT; };
		DC21972D165E7072009CFCF3 /* Gestures-iOS-Info.plist */ = {isa = PBXFileReference; lastKnownFileType = text.plist.xml; path = "Gestures-iOS-Info.plist"; sourceTree = "<group>"; };
		DC21972F165E7072009CFCF3 /* en */ = {isa = PBXFileReference; lastKnownFileType = text.plist.strings; name = en; path = en.lproj/InfoPlist.strings; sourceTree = "<group>"; };
		DC219731165E7072009CFCF3 /* main.m */ = {isa = PBXFileReference; lastKnownFileType = sourcecode.c.objc; path = main.m; sourceTree = "<group>"; };
		DC219733165E7072009CFCF3 /* DollarP_ObjC-Prefix.pch */ = {isa = PBXFileReference; lastKnownFileType = sourcecode.c.h; path = "DollarP_ObjC-Prefix.pch"; sourceTree = "<group>"; };
		DC219734165E7072009CFCF3 /* DollarPAppDelegate.h */ = {isa = PBXFileReference; lastKnownFileType = sourcecode.c.h; path = DollarPAppDelegate.h; sourceTree = "<group>"; };
		DC219735165E7072009CFCF3 /* DollarPAppDelegate.m */ = {isa = PBXFileReference; lastKnownFileType = sourcecode.c.objc; path = DollarPAppDelegate.m; sourceTree = "<group>"; };
		DC219737165E7072009CFCF3 /* Default.png */ = {isa = PBXFileReference; lastKnownFileType = image.png; path = Default.png; sourceTree = "<group>"; };
		DC219739165E7072009CFCF3 /* Default@2x.png */ = {isa = PBXFileReference; lastKnownFileType = image.png; path = "Default@2x.png"; sourceTree = "<group>"; };
		DC21973B165E7072009CFCF3 /* Default-568h@2x.png */ = {isa = PBXFileReference; lastKnownFileType = image.png; path = "Default-568h@2x.png"; sourceTree = "<group>"; };
		DC219742165E7C3E009CFCF3 /* TemplatesViewController.h */ = {isa = PBXFileReference; fileEncoding = 4; lastKnownFileType = sourcecode.c.h; path = TemplatesViewController.h; sourceTree = "<group>"; };
		DC219743165E7C3E009CFCF3 /* TemplatesViewController.m */ = {isa = PBXFileReference; fileEncoding = 4; lastKnownFileType = sourcecode.c.objc; path = TemplatesViewController.m; sourceTree = "<group>"; };
		DC219779165E8073009CFCF3 /* MainStoryboard.storyboard */ = {isa = PBXFileReference; fileEncoding = 4; lastKnownFileType = file.storyboard; path = MainStoryboard.storyboard; sourceTree = "<group>"; };
		DC21977B165E821B009CFCF3 /* multistrokes.gif */ = {isa = PBXFileReference; lastKnownFileType = image.gif; name = multistrokes.gif; path = res/images/multistrokes.gif; sourceTree = "<group>"; };
		DC21978D165E9943009CFCF3 /* GestureViewController.h */ = {isa = PBXFileReference; fileEncoding = 4; lastKnownFileType = sourcecode.c.h; path = GestureViewController.h; sourceTree = "<group>"; };
		DC21978E165E9943009CFCF3 /* GestureViewController.m */ = {isa = PBXFileReference; fileEncoding = 4; lastKnownFileType = sourcecode.c.objc; path = GestureViewController.m; sourceTree = "<group>"; };
		DC219790165E9B1E009CFCF3 /* CustomizeViewController.h */ = {isa = PBXFileReference; fileEncoding = 4; lastKnownFileType = sourcecode.c.h; path = CustomizeViewController.h; sourceTree = "<group>"; };
		DC219791165E9B1E009CFCF3 /* CustomizeViewController.m */ = {isa = PBXFileReference; fileEncoding = 4; lastKnownFileType = sourcecode.c.objc; path = CustomizeViewController.m; sourceTree = "<group>"; };
		DC2197A9165F8CE8009CFCF3 /* GestureView.h */ = {isa = PBXFileReference; fileEncoding = 4; lastKnownFileType = sourcecode.c.h; path = GestureView.h; sourceTree = "<group>"; };
		DC2197AA165F8CE9009CFCF3 /* GestureView.m */ = {isa = PBXFileReference; fileEncoding = 4; lastKnownFileType = sourcecode.c.objc; path = GestureView.m; sourceTree = "<group>"; };
		DC4B79E9165FED0900A3BF09 /* app-icon.png */ = {isa = PBXFileReference; lastKnownFileType = image.png; name = "app-icon.png"; path = "res/images/app-icon.png"; sourceTree = "<group>"; };
		DC4B79EA165FED0900A3BF09 /* app-icon@2x.png */ = {isa = PBXFileReference; lastKnownFileType = image.png; name = "app-icon@2x.png"; path = "res/images/app-icon@2x.png"; sourceTree = "<group>"; };
/* End PBXFileReference section */

/* Begin PBXFrameworksBuildPhase section */
		5FD5CC7E187693FD0038C834 /* Frameworks */ = {
			isa = PBXFrameworksBuildPhase;
			buildActionMask = 2147483647;
			files = (
				5FD5CCB9187694CE0038C834 /* MPRandomForest.framework in Frameworks */,
				5FD5CCB6187694C00038C834 /* Gestures.framework in Frameworks */,
				5FD5CC82187693FD0038C834 /* Cocoa.framework in Frameworks */,
			);
			runOnlyForDeploymentPostprocessing = 0;
		};
		5FD5CC98187693FD0038C834 /* Frameworks */ = {
			isa = PBXFrameworksBuildPhase;
			buildActionMask = 2147483647;
			files = (
				5F09E1E2187697A80077DF4F /* Gestures.framework in Frameworks */,
				5FD5CC9D187693FD0038C834 /* Cocoa.framework in Frameworks */,
				5FD5CC9C187693FD0038C834 /* XCTest.framework in Frameworks */,
			);
			runOnlyForDeploymentPostprocessing = 0;
		};
		5FF3F15618690ED400466512 /* Frameworks */ = {
			isa = PBXFrameworksBuildPhase;
			buildActionMask = 2147483647;
			files = (
				5FF318C31882903500C8672D /* MPRandomForest.framework in Frameworks */,
				5FF3F257186A28AD00466512 /* ALGLIB.framework in Frameworks */,
				5FF3F15C18690ED500466512 /* Cocoa.framework in Frameworks */,
			);
			runOnlyForDeploymentPostprocessing = 0;
		};
		5FF3F16C18690ED500466512 /* Frameworks */ = {
			isa = PBXFrameworksBuildPhase;
			buildActionMask = 2147483647;
			files = (
				5FF3F17518690ED500466512 /* Gestures.framework in Frameworks */,
				5FF3F17218690ED500466512 /* Cocoa.framework in Frameworks */,
				5FF3F17118690ED500466512 /* XCTest.framework in Frameworks */,
			);
			runOnlyForDeploymentPostprocessing = 0;
		};
		DC21971E165E7072009CFCF3 /* Frameworks */ = {
			isa = PBXFrameworksBuildPhase;
			buildActionMask = 2147483647;
			files = (
				DC219726165E7072009CFCF3 /* UIKit.framework in Frameworks */,
				DC219728165E7072009CFCF3 /* Foundation.framework in Frameworks */,
				DC21972A165E7072009CFCF3 /* CoreGraphics.framework in Frameworks */,
			);
			runOnlyForDeploymentPostprocessing = 0;
		};
/* End PBXFrameworksBuildPhase section */

/* Begin PBXGroup section */
		5F367C03187A9338007EC421 /* Domain Model */ = {
			isa = PBXGroup;
			children = (
				5F367C06187A935A007EC421 /* MPPoint.h */,
				5F367C07187A935A007EC421 /* MPPoint.m */,
				5F367C08187A935A007EC421 /* MPPointCloud.h */,
				5F367C09187A935A007EC421 /* MPPointCloud.m */,
				5F367C10187A936B007EC421 /* MPStroke.h */,
				5F367C11187A936B007EC421 /* MPStroke.m */,
				5F367C15187A9381007EC421 /* MPStrokeSequence.h */,
				5F367C16187A9381007EC421 /* MPStrokeSequence.m */,
				5F367C1A187A9387007EC421 /* MPSymbol.h */,
				5F367C1B187A9387007EC421 /* MPSymbol.m */,
				5F367C1F187A938D007EC421 /* MPStrokeSequenceDatabase.h */,
				5F367C20187A938D007EC421 /* MPStrokeSequenceDatabase.m */,
			);
			name = "Domain Model";
			sourceTree = "<group>";
		};
		5F367C25187A93D3007EC421 /* Services */ = {
			isa = PBXGroup;
			children = (
				5F367C26187A9514007EC421 /* MPStrokeSequenceDatabaseSynchronizer.h */,
				5F367C27187A9514007EC421 /* MPStrokeSequenceDatabaseSynchronizer.m */,
			);
			name = Services;
			sourceTree = "<group>";
		};
		5F735792186CF463005951E7 /* OSX */ = {
			isa = PBXGroup;
			children = (
				5F73578B186CF42E005951E7 /* MPGestureView.h */,
				5F73578C186CF42E005951E7 /* MPGestureView.m */,
			);
			name = OSX;
			sourceTree = "<group>";
		};
		5F735793186CF467005951E7 /* iOS */ = {
			isa = PBXGroup;
			children = (
				5F735794186CF478005951E7 /* MPDollarPGestureRecognizer.h */,
				5F735795186CF478005951E7 /* MPDollarPGestureRecognizer.m */,
			);
			name = iOS;
			sourceTree = "<group>";
		};
		5F7357C4186CF49B005951E7 /* Cocoa Categories */ = {
			isa = PBXGroup;
			children = (
				5F7357C5186CF4A6005951E7 /* NSFileManager+ApplicationSupport.h */,
				5F7357C6186CF4A6005951E7 /* NSFileManager+ApplicationSupport.m */,
			);
			name = "Cocoa Categories";
			sourceTree = "<group>";
		};
		5F858637186B6D2A00AD762E /* Products */ = {
			isa = PBXGroup;
			children = (
				5F85863D186B6D2A00AD762E /* MPRandomForest.framework */,
				5F85863F186B6D2A00AD762E /* MPRandomForestTests.xctest */,
			);
			name = Products;
			sourceTree = "<group>";
		};
		5FAB2E09186C3DC400F7948E /* External */ = {
			isa = PBXGroup;
			children = (
				5FAB2E0A186C3DCB00F7948E /* MASPreferences */,
			);
			name = External;
			sourceTree = "<group>";
		};
		5FAB2E0A186C3DCB00F7948E /* MASPreferences */ = {
			isa = PBXGroup;
			children = (
				5FAB2E00186C3DC100F7948E /* MASPreferencesViewController.h */,
				5FAB2E01186C3DC100F7948E /* MASPreferencesWindow.xib */,
				5FAB2E02186C3DC100F7948E /* MASPreferencesWindowController.h */,
				5FAB2E03186C3DC100F7948E /* MASPreferencesWindowController.m */,
			);
			name = MASPreferences;
			sourceTree = "<group>";
		};
		5FD5CC83187693FD0038C834 /* Gestures for Mac */ = {
			isa = PBXGroup;
			children = (
				5FF3F1A21869135C00466512 /* MPAppDelegate.h */,
				5FF3F1A31869135C00466512 /* MPAppDelegate.m */,
				5FD5CC92187693FD0038C834 /* MainMenu.xib */,
				5FD5CC95187693FD0038C834 /* Images.xcassets */,
				5FD5CC84187693FD0038C834 /* Supporting Files */,
			);
			path = "Gestures for Mac";
			sourceTree = "<group>";
		};
		5FD5CC84187693FD0038C834 /* Supporting Files */ = {
			isa = PBXGroup;
			children = (
				5FD5CC85187693FD0038C834 /* Gestures for Mac-Info.plist */,
				5FD5CC86187693FD0038C834 /* InfoPlist.strings */,
				5FD5CC89187693FD0038C834 /* main.m */,
				5FD5CC8B187693FD0038C834 /* Gestures for Mac-Prefix.pch */,
				5FD5CC8C187693FD0038C834 /* Credits.rtf */,
			);
			name = "Supporting Files";
			sourceTree = "<group>";
		};
		5FD5CCA0187693FD0038C834 /* Gestures for Mac Tests */ = {
			isa = PBXGroup;
			children = (
				5FD5CCBA187694F50038C834 /* MPGesturesUnitTests.m */,
				5FF318AB18815C2800C8672D /* MPManualGestureSyncIntegrationTests.m */,
				5FF318B3188247B600C8672D /* MPContinuousGestureSyncIntegrationTests.m */,
				5FD5CCA1187693FD0038C834 /* Supporting Files */,
				5FF318AF18817E5200C8672D /* MPGestureTestHelper.h */,
				5FF318B018817E5200C8672D /* MPGestureTestHelper.m */,
			);
			name = "Gestures for Mac Tests";
			path = "Gestures for MacTests";
			sourceTree = "<group>";
		};
		5FD5CCA1187693FD0038C834 /* Supporting Files */ = {
			isa = PBXGroup;
			children = (
				5FD5CCA2187693FD0038C834 /* Gestures for MacTests-Info.plist */,
				5FD5CCA3187693FD0038C834 /* InfoPlist.strings */,
			);
			name = "Supporting Files";
			sourceTree = "<group>";
		};
		5FF318B918828D1B00C8672D /* Supervised Gesture Recognizer */ = {
			isa = PBXGroup;
			children = (
				5FF318BC18828DB800C8672D /* MPSupervisedGestureRecognizer.h */,
				5FF318BD18828DB800C8672D /* MPSupervisedGestureRecognizer.m */,
			);
			name = "Supervised Gesture Recognizer";
			sourceTree = "<group>";
		};
		5FF3F15D18690ED500466512 /* Other Frameworks */ = {
			isa = PBXGroup;
			children = (
				5FF3F15E18690ED500466512 /* Foundation.framework */,
				5FF3F15F18690ED500466512 /* CoreData.framework */,
				5FF3F16018690ED500466512 /* AppKit.framework */,
			);
			name = "Other Frameworks";
			sourceTree = "<group>";
		};
		5FF3F16118690ED500466512 /* Gestures.framework */ = {
			isa = PBXGroup;
			children = (
				5F735793186CF467005951E7 /* iOS */,
				5F735792186CF463005951E7 /* OSX */,
				5F7357C4186CF49B005951E7 /* Cocoa Categories */,
				5F367C25187A93D3007EC421 /* Services */,
				5F367C03187A9338007EC421 /* Domain Model */,
				DC21979C165EA5CB009CFCF3 /* Point Cloud Gesture Recognizer */,
				5FF318B918828D1B00C8672D /* Supervised Gesture Recognizer */,
				5FF3F16218690ED500466512 /* Supporting Files */,
			);
			name = Gestures.framework;
			path = DollarP;
			sourceTree = "<group>";
		};
		5FF3F16218690ED500466512 /* Supporting Files */ = {
			isa = PBXGroup;
			children = (
				5F7357CA186CF4E8005951E7 /* MPGestures-Info.plist */,
				5F7357CB186CF4E8005951E7 /* MPGestures-Prefix.pch */,
				5FF3F16418690ED500466512 /* InfoPlist.strings */,
			);
			name = "Supporting Files";
			sourceTree = "<group>";
		};
		5FF3F17618690ED500466512 /* Gestures-iOS-Tests */ = {
			isa = PBXGroup;
			children = (
				5FF3F17C18690ED500466512 /* DollarPTests.m */,
				5FF3F17718690ED500466512 /* Supporting Files */,
			);
			name = "Gestures-iOS-Tests";
			path = DollarPTests;
			sourceTree = "<group>";
		};
		5FF3F17718690ED500466512 /* Supporting Files */ = {
			isa = PBXGroup;
			children = (
				5FF3F17818690ED500466512 /* DollarPTests-Info.plist */,
				5FF3F17918690ED500466512 /* InfoPlist.strings */,
			);
			name = "Supporting Files";
			sourceTree = "<group>";
		};
		5FF3F1961869135C00466512 /* Gestures-OSX */ = {
			isa = PBXGroup;
			children = (
				5FAB2E09186C3DC400F7948E /* External */,
				5FAB2E0B186C3E3700F7948E /* MPGestureViewController.h */,
				5FAB2E0C186C3E3700F7948E /* MPGestureViewController.m */,
				5FF3F1A51869135C00466512 /* MainMenu.xib */,
				5FF3F1A81869135C00466512 /* Images.xcassets */,
				5FF3F1971869135C00466512 /* Supporting Files */,
			);
			name = "Gestures-OSX";
			path = "DollarP-OSX";
			sourceTree = "<group>";
		};
		5FF3F1971869135C00466512 /* Supporting Files */ = {
			isa = PBXGroup;
			children = (
				5FF3F1981869135C00466512 /* DollarP-OSX-Info.plist */,
				5FF3F1991869135C00466512 /* InfoPlist.strings */,
				5FF3F19C1869135C00466512 /* main.m */,
				5FF3F19E1869135C00466512 /* DollarP-OSX-Prefix.pch */,
				5FF3F19F1869135C00466512 /* Credits.rtf */,
			);
			name = "Supporting Files";
			sourceTree = "<group>";
		};
		5FF3F24B186A284C00466512 /* Products */ = {
			isa = PBXGroup;
			children = (
				5FF3F250186A284C00466512 /* ALGLIB.framework */,
				5FF3F252186A284C00466512 /* ALGLIBTests.xctest */,
			);
			name = Products;
			sourceTree = "<group>";
		};
		DC219716165E7072009CFCF3 = {
			isa = PBXGroup;
			children = (
				5FF3F16118690ED500466512 /* Gestures.framework */,
				DC21972B165E7072009CFCF3 /* Gestures-iOS */,
				5FF3F17618690ED500466512 /* Gestures-iOS-Tests */,
				5FF3F1961869135C00466512 /* Gestures-OSX */,
				5FD5CC83187693FD0038C834 /* Gestures for Mac */,
				5FD5CCA0187693FD0038C834 /* Gestures for Mac Tests */,
				DC219724165E7072009CFCF3 /* Frameworks */,
				DC219722165E7072009CFCF3 /* Products */,
			);
			sourceTree = "<group>";
		};
		DC219722165E7072009CFCF3 /* Products */ = {
			isa = PBXGroup;
			children = (
				DC219721165E7072009CFCF3 /* Gestures-iOS.app */,
				5FF3F15A18690ED500466512 /* Gestures.framework */,
				5FF3F16F18690ED500466512 /* Gestures-iOSTests.xctest */,
				5FD5CC81187693FD0038C834 /* Gestures-OSX.app */,
				5FD5CC9B187693FD0038C834 /* Gestures-OSX-Tests.xctest */,
			);
			name = Products;
			sourceTree = "<group>";
		};
		DC219724165E7072009CFCF3 /* Frameworks */ = {
			isa = PBXGroup;
			children = (
				5F858636186B6D2A00AD762E /* MPRandomForest.xcodeproj */,
				5FF3F24A186A284C00466512 /* ALGLIB.xcodeproj */,
				DC219725165E7072009CFCF3 /* UIKit.framework */,
				DC219727165E7072009CFCF3 /* Foundation.framework */,
				DC219729165E7072009CFCF3 /* CoreGraphics.framework */,
				5FF3F15B18690ED500466512 /* Cocoa.framework */,
				5FF3F17018690ED500466512 /* XCTest.framework */,
				5FF3F15D18690ED500466512 /* Other Frameworks */,
			);
			name = Frameworks;
			sourceTree = "<group>";
		};
		DC21972B165E7072009CFCF3 /* Gestures-iOS */ = {
			isa = PBXGroup;
			children = (
				DC219734165E7072009CFCF3 /* DollarPAppDelegate.h */,
				DC219735165E7072009CFCF3 /* DollarPAppDelegate.m */,
				DC219779165E8073009CFCF3 /* MainStoryboard.storyboard */,
				DC21978D165E9943009CFCF3 /* GestureViewController.h */,
				DC21978E165E9943009CFCF3 /* GestureViewController.m */,
				DC2197A9165F8CE8009CFCF3 /* GestureView.h */,
				DC2197AA165F8CE9009CFCF3 /* GestureView.m */,
				DC219742165E7C3E009CFCF3 /* TemplatesViewController.h */,
				DC219743165E7C3E009CFCF3 /* TemplatesViewController.m */,
				DC219790165E9B1E009CFCF3 /* CustomizeViewController.h */,
				DC219791165E9B1E009CFCF3 /* CustomizeViewController.m */,
				DC21972C165E7072009CFCF3 /* Supporting Files */,
			);
			name = "Gestures-iOS";
			path = DollarP_ObjC;
			sourceTree = "<group>";
		};
		DC21972C165E7072009CFCF3 /* Supporting Files */ = {
			isa = PBXGroup;
			children = (
				DC4B79E9165FED0900A3BF09 /* app-icon.png */,
				DC4B79EA165FED0900A3BF09 /* app-icon@2x.png */,
				DC21977B165E821B009CFCF3 /* multistrokes.gif */,
				DC21972D165E7072009CFCF3 /* Gestures-iOS-Info.plist */,
				DC21972E165E7072009CFCF3 /* InfoPlist.strings */,
				DC219731165E7072009CFCF3 /* main.m */,
				DC219733165E7072009CFCF3 /* DollarP_ObjC-Prefix.pch */,
				DC219737165E7072009CFCF3 /* Default.png */,
				DC219739165E7072009CFCF3 /* Default@2x.png */,
				DC21973B165E7072009CFCF3 /* Default-568h@2x.png */,
			);
			name = "Supporting Files";
			sourceTree = "<group>";
		};
		DC21979C165EA5CB009CFCF3 /* Point Cloud Gesture Recognizer */ = {
			isa = PBXGroup;
			children = (
				5F735797186CF495005951E7 /* MPDollarPointCloudRecognizer.h */,
				5F735798186CF495005951E7 /* MPDollarPointCloudRecognizer.m */,
				5F735799186CF495005951E7 /* MPDollarPointCloudUtility.h */,
				5F73579A186CF495005951E7 /* MPDollarPointCloudUtility.m */,
				5F73579F186CF495005951E7 /* MPPointCloudRecognition.h */,
				5F7357A0186CF495005951E7 /* MPPointCloudRecognition.m */,
			);
			name = "Point Cloud Gesture Recognizer";
			sourceTree = SOURCE_ROOT;
		};
/* End PBXGroup section */

/* Begin PBXHeadersBuildPhase section */
		5FF3F15718690ED400466512 /* Headers */ = {
			isa = PBXHeadersBuildPhase;
			buildActionMask = 2147483647;
			files = (
				5F7357B5186CF495005951E7 /* MPPointCloudRecognition.h in Headers */,
				5F7357A9186CF495005951E7 /* MPDollarPointCloudRecognizer.h in Headers */,
				5F367C28187A9514007EC421 /* MPStrokeSequenceDatabaseSynchronizer.h in Headers */,
				5FF318BE18828DB800C8672D /* MPSupervisedGestureRecognizer.h in Headers */,
				5F73578D186CF42E005951E7 /* MPGestureView.h in Headers */,
				5F7357CE186CF4E8005951E7 /* MPGestures-Prefix.pch in Headers */,
				5F367C12187A936B007EC421 /* MPStroke.h in Headers */,
				5F367C0A187A935A007EC421 /* MPPoint.h in Headers */,
				5F7357AC186CF495005951E7 /* MPDollarPointCloudUtility.h in Headers */,
				5F367C17187A9381007EC421 /* MPStrokeSequence.h in Headers */,
				5F367C0D187A935A007EC421 /* MPPointCloud.h in Headers */,
				5F7357C7186CF4A6005951E7 /* NSFileManager+ApplicationSupport.h in Headers */,
				5F367C1C187A9387007EC421 /* MPSymbol.h in Headers */,
				5F367C21187A938D007EC421 /* MPStrokeSequenceDatabase.h in Headers */,
			);
			runOnlyForDeploymentPostprocessing = 0;
		};
/* End PBXHeadersBuildPhase section */

/* Begin PBXNativeTarget section */
		5FD5CC80187693FD0038C834 /* Gestures-OSX */ = {
			isa = PBXNativeTarget;
			buildConfigurationList = 5FD5CCAF187693FE0038C834 /* Build configuration list for PBXNativeTarget "Gestures-OSX" */;
			buildPhases = (
				5FD5CC7D187693FD0038C834 /* Sources */,
				5FD5CC7E187693FD0038C834 /* Frameworks */,
				5FD5CC7F187693FD0038C834 /* Resources */,
				5FF318C41882906300C8672D /* Copy Frameworks */,
			);
			buildRules = (
			);
			dependencies = (
				5FD5CCB8187694CA0038C834 /* PBXTargetDependency */,
				5FD5CCB5187694BB0038C834 /* PBXTargetDependency */,
			);
			name = "Gestures-OSX";
			productName = "Gestures for Mac";
			productReference = 5FD5CC81187693FD0038C834 /* Gestures-OSX.app */;
			productType = "com.apple.product-type.application";
		};
		5FD5CC9A187693FD0038C834 /* Gestures-OSX-Tests */ = {
			isa = PBXNativeTarget;
			buildConfigurationList = 5FD5CCB0187693FE0038C834 /* Build configuration list for PBXNativeTarget "Gestures-OSX-Tests" */;
			buildPhases = (
				5FD5CC97187693FD0038C834 /* Sources */,
				5FD5CC98187693FD0038C834 /* Frameworks */,
				5FD5CC99187693FD0038C834 /* Resources */,
			);
			buildRules = (
			);
			dependencies = (
				5F09E1E1187697A10077DF4F /* PBXTargetDependency */,
				5FD5CC9F187693FD0038C834 /* PBXTargetDependency */,
			);
			name = "Gestures-OSX-Tests";
			productName = "Gestures for MacTests";
			productReference = 5FD5CC9B187693FD0038C834 /* Gestures-OSX-Tests.xctest */;
			productType = "com.apple.product-type.bundle.unit-test";
		};
		5FF3F15918690ED400466512 /* Gestures */ = {
			isa = PBXNativeTarget;
			buildConfigurationList = 5FF3F18218690ED500466512 /* Build configuration list for PBXNativeTarget "Gestures" */;
			buildPhases = (
				5FF3F15518690ED400466512 /* Sources */,
				5FF3F15618690ED400466512 /* Frameworks */,
				5FF3F15718690ED400466512 /* Headers */,
				5FF3F15818690ED400466512 /* Resources */,
			);
			buildRules = (
			);
			dependencies = (
				5FF318C21882903100C8672D /* PBXTargetDependency */,
				5FF3F254186A285400466512 /* PBXTargetDependency */,
			);
			name = Gestures;
			productName = DollarP;
			productReference = 5FF3F15A18690ED500466512 /* Gestures.framework */;
			productType = "com.apple.product-type.framework";
		};
		5FF3F16E18690ED500466512 /* Gestures-iOSTests */ = {
			isa = PBXNativeTarget;
			buildConfigurationList = 5FF3F18318690ED500466512 /* Build configuration list for PBXNativeTarget "Gestures-iOSTests" */;
			buildPhases = (
				5FF3F16B18690ED500466512 /* Sources */,
				5FF3F16C18690ED500466512 /* Frameworks */,
				5FF3F16D18690ED500466512 /* Resources */,
			);
			buildRules = (
			);
			dependencies = (
				5FF3F17418690ED500466512 /* PBXTargetDependency */,
			);
			name = "Gestures-iOSTests";
			productName = DollarPTests;
			productReference = 5FF3F16F18690ED500466512 /* Gestures-iOSTests.xctest */;
			productType = "com.apple.product-type.bundle.unit-test";
		};
		DC219720165E7072009CFCF3 /* Gestures-iOS */ = {
			isa = PBXNativeTarget;
			buildConfigurationList = DC21973F165E7072009CFCF3 /* Build configuration list for PBXNativeTarget "Gestures-iOS" */;
			buildPhases = (
				DC21971D165E7072009CFCF3 /* Sources */,
				DC21971E165E7072009CFCF3 /* Frameworks */,
				DC21971F165E7072009CFCF3 /* Resources */,
			);
			buildRules = (
			);
			dependencies = (
			);
			name = "Gestures-iOS";
			productName = DollarP_ObjC;
			productReference = DC219721165E7072009CFCF3 /* Gestures-iOS.app */;
			productType = "com.apple.product-type.application";
		};
/* End PBXNativeTarget section */

/* Begin PBXProject section */
		DC219718165E7072009CFCF3 /* Project object */ = {
			isa = PBXProject;
			attributes = {
				CLASSPREFIX = DollarP;
				LastUpgradeCheck = 0450;
				ORGANIZATIONNAME = de.ur;
				TargetAttributes = {
					5FD5CC9A187693FD0038C834 = {
						TestTargetID = DC219720165E7072009CFCF3;
					};
					5FF3F16E18690ED500466512 = {
						TestTargetID = DC219720165E7072009CFCF3;
					};
				};
			};
			buildConfigurationList = DC21971B165E7072009CFCF3 /* Build configuration list for PBXProject "MPGestures" */;
			compatibilityVersion = "Xcode 3.2";
			developmentRegion = English;
			hasScannedForEncodings = 0;
			knownRegions = (
				en,
				Base,
			);
			mainGroup = DC219716165E7072009CFCF3;
			productRefGroup = DC219722165E7072009CFCF3 /* Products */;
			projectDirPath = "";
			projectReferences = (
				{
					ProductGroup = 5FF3F24B186A284C00466512 /* Products */;
					ProjectRef = 5FF3F24A186A284C00466512 /* ALGLIB.xcodeproj */;
				},
				{
					ProductGroup = 5F858637186B6D2A00AD762E /* Products */;
					ProjectRef = 5F858636186B6D2A00AD762E /* MPRandomForest.xcodeproj */;
				},
			);
			projectRoot = "";
			targets = (
				DC219720165E7072009CFCF3 /* Gestures-iOS */,
				5FF3F15918690ED400466512 /* Gestures */,
				5FF3F16E18690ED500466512 /* Gestures-iOSTests */,
				5FD5CC80187693FD0038C834 /* Gestures-OSX */,
				5FD5CC9A187693FD0038C834 /* Gestures-OSX-Tests */,
			);
		};
/* End PBXProject section */

/* Begin PBXReferenceProxy section */
		5F85863D186B6D2A00AD762E /* MPRandomForest.framework */ = {
			isa = PBXReferenceProxy;
			fileType = wrapper.framework;
			path = MPRandomForest.framework;
			remoteRef = 5F85863C186B6D2A00AD762E /* PBXContainerItemProxy */;
			sourceTree = BUILT_PRODUCTS_DIR;
		};
		5F85863F186B6D2A00AD762E /* MPRandomForestTests.xctest */ = {
			isa = PBXReferenceProxy;
			fileType = wrapper.cfbundle;
			path = MPRandomForestTests.xctest;
			remoteRef = 5F85863E186B6D2A00AD762E /* PBXContainerItemProxy */;
			sourceTree = BUILT_PRODUCTS_DIR;
		};
		5FF3F250186A284C00466512 /* ALGLIB.framework */ = {
			isa = PBXReferenceProxy;
			fileType = wrapper.framework;
			path = ALGLIB.framework;
			remoteRef = 5FF3F24F186A284C00466512 /* PBXContainerItemProxy */;
			sourceTree = BUILT_PRODUCTS_DIR;
		};
		5FF3F252186A284C00466512 /* ALGLIBTests.xctest */ = {
			isa = PBXReferenceProxy;
			fileType = wrapper.cfbundle;
			path = ALGLIBTests.xctest;
			remoteRef = 5FF3F251186A284C00466512 /* PBXContainerItemProxy */;
			sourceTree = BUILT_PRODUCTS_DIR;
		};
/* End PBXReferenceProxy section */

/* Begin PBXResourcesBuildPhase section */
		5FD5CC7F187693FD0038C834 /* Resources */ = {
			isa = PBXResourcesBuildPhase;
			buildActionMask = 2147483647;
			files = (
				5FD5CC88187693FD0038C834 /* InfoPlist.strings in Resources */,
				5FD5CC96187693FD0038C834 /* Images.xcassets in Resources */,
				5FD5CC8E187693FD0038C834 /* Credits.rtf in Resources */,
				5FD5CC94187693FD0038C834 /* MainMenu.xib in Resources */,
			);
			runOnlyForDeploymentPostprocessing = 0;
		};
		5FD5CC99187693FD0038C834 /* Resources */ = {
			isa = PBXResourcesBuildPhase;
			buildActionMask = 2147483647;
			files = (
				5FD5CCA5187693FD0038C834 /* InfoPlist.strings in Resources */,
			);
			runOnlyForDeploymentPostprocessing = 0;
		};
		5FF3F15818690ED400466512 /* Resources */ = {
			isa = PBXResourcesBuildPhase;
			buildActionMask = 2147483647;
			files = (
			);
			runOnlyForDeploymentPostprocessing = 0;
		};
		5FF3F16D18690ED500466512 /* Resources */ = {
			isa = PBXResourcesBuildPhase;
			buildActionMask = 2147483647;
			files = (
				5FF3F17B18690ED500466512 /* InfoPlist.strings in Resources */,
			);
			runOnlyForDeploymentPostprocessing = 0;
		};
		DC21971F165E7072009CFCF3 /* Resources */ = {
			isa = PBXResourcesBuildPhase;
			buildActionMask = 2147483647;
			files = (
				DC219730165E7072009CFCF3 /* InfoPlist.strings in Resources */,
				DC219738165E7072009CFCF3 /* Default.png in Resources */,
				DC21973A165E7072009CFCF3 /* Default@2x.png in Resources */,
				DC21973C165E7072009CFCF3 /* Default-568h@2x.png in Resources */,
				DC21977A165E8073009CFCF3 /* MainStoryboard.storyboard in Resources */,
				DC21977C165E821B009CFCF3 /* multistrokes.gif in Resources */,
				DC4B79EB165FED0900A3BF09 /* app-icon.png in Resources */,
				DC4B79EC165FED0900A3BF09 /* app-icon@2x.png in Resources */,
			);
			runOnlyForDeploymentPostprocessing = 0;
		};
/* End PBXResourcesBuildPhase section */

/* Begin PBXSourcesBuildPhase section */
		5FD5CC7D187693FD0038C834 /* Sources */ = {
			isa = PBXSourcesBuildPhase;
			buildActionMask = 2147483647;
			files = (
				5FD5CC8A187693FD0038C834 /* main.m in Sources */,
				5FD5CCB2187694800038C834 /* MPGestureViewController.m in Sources */,
				5FD5CCB3187694840038C834 /* MPAppDelegate.m in Sources */,
			);
			runOnlyForDeploymentPostprocessing = 0;
		};
		5FD5CC97187693FD0038C834 /* Sources */ = {
			isa = PBXSourcesBuildPhase;
			buildActionMask = 2147483647;
			files = (
				5FD5CCBB187694F50038C834 /* MPGesturesUnitTests.m in Sources */,
				5FF318B218817E5200C8672D /* MPGestureTestHelper.m in Sources */,
				5FF318AD18815C2D00C8672D /* MPManualGestureSyncIntegrationTests.m in Sources */,
				5FF318B5188247B600C8672D /* MPContinuousGestureSyncIntegrationTests.m in Sources */,
			);
			runOnlyForDeploymentPostprocessing = 0;
		};
		5FF3F15518690ED400466512 /* Sources */ = {
			isa = PBXSourcesBuildPhase;
			buildActionMask = 2147483647;
			files = (
				5F73578E186CF42E005951E7 /* MPGestureView.m in Sources */,
				5FF318C018828DB800C8672D /* MPSupervisedGestureRecognizer.m in Sources */,
				5F7357AB186CF495005951E7 /* MPDollarPointCloudRecognizer.m in Sources */,
				5F7357C9186CF4A6005951E7 /* NSFileManager+ApplicationSupport.m in Sources */,
				5F367C1E187A9387007EC421 /* MPSymbol.m in Sources */,
				5F367C0F187A935A007EC421 /* MPPointCloud.m in Sources */,
				5F367C23187A938D007EC421 /* MPStrokeSequenceDatabase.m in Sources */,
				5F367C2A187A9514007EC421 /* MPStrokeSequenceDatabaseSynchronizer.m in Sources */,
				5F367C0C187A935A007EC421 /* MPPoint.m in Sources */,
				5F367C14187A936B007EC421 /* MPStroke.m in Sources */,
				5F7357B7186CF495005951E7 /* MPPointCloudRecognition.m in Sources */,
				5F7357AE186CF495005951E7 /* MPDollarPointCloudUtility.m in Sources */,
				5F367C19187A9381007EC421 /* MPStrokeSequence.m in Sources */,
			);
			runOnlyForDeploymentPostprocessing = 0;
		};
		5FF3F16B18690ED500466512 /* Sources */ = {
			isa = PBXSourcesBuildPhase;
			buildActionMask = 2147483647;
			files = (
				5FF318B118817E5200C8672D /* MPGestureTestHelper.m in Sources */,
				5FF3F17D18690ED500466512 /* DollarPTests.m in Sources */,
				5FF318B4188247B600C8672D /* MPContinuousGestureSyncIntegrationTests.m in Sources */,
				5FF318AC18815C2800C8672D /* MPManualGestureSyncIntegrationTests.m in Sources */,
				5FF318AE18815C3000C8672D /* MPGesturesUnitTests.m in Sources */,
			);
			runOnlyForDeploymentPostprocessing = 0;
		};
		DC21971D165E7072009CFCF3 /* Sources */ = {
			isa = PBXSourcesBuildPhase;
			buildActionMask = 2147483647;
			files = (
				5F735796186CF478005951E7 /* MPDollarPGestureRecognizer.m in Sources */,
				DC219732165E7072009CFCF3 /* main.m in Sources */,
				DC219736165E7072009CFCF3 /* DollarPAppDelegate.m in Sources */,
				5F367C0E187A935A007EC421 /* MPPointCloud.m in Sources */,
				5F367C22187A938D007EC421 /* MPStrokeSequenceDatabase.m in Sources */,
				5F7357B6186CF495005951E7 /* MPPointCloudRecognition.m in Sources */,
				5F367C29187A9514007EC421 /* MPStrokeSequenceDatabaseSynchronizer.m in Sources */,
				DC219745165E7C3E009CFCF3 /* TemplatesViewController.m in Sources */,
				5F367C13187A936B007EC421 /* MPStroke.m in Sources */,
				DC21978F165E9943009CFCF3 /* GestureViewController.m in Sources */,
				5F7357AD186CF495005951E7 /* MPDollarPointCloudUtility.m in Sources */,
				5F367C0B187A935A007EC421 /* MPPoint.m in Sources */,
				5FF318BF18828DB800C8672D /* MPSupervisedGestureRecognizer.m in Sources */,
				5F7357AA186CF495005951E7 /* MPDollarPointCloudRecognizer.m in Sources */,
				5F367C18187A9381007EC421 /* MPStrokeSequence.m in Sources */,
				DC219792165E9B1E009CFCF3 /* CustomizeViewController.m in Sources */,
				5F367C1D187A9387007EC421 /* MPSymbol.m in Sources */,
				5F7357C8186CF4A6005951E7 /* NSFileManager+ApplicationSupport.m in Sources */,
				DC2197AB165F8CE9009CFCF3 /* GestureView.m in Sources */,
			);
			runOnlyForDeploymentPostprocessing = 0;
		};
/* End PBXSourcesBuildPhase section */

/* Begin PBXTargetDependency section */
		5F09E1E1187697A10077DF4F /* PBXTargetDependency */ = {
			isa = PBXTargetDependency;
			target = 5FF3F15918690ED400466512 /* Gestures */;
			targetProxy = 5F09E1E0187697A10077DF4F /* PBXContainerItemProxy */;
		};
		5FD5CC9F187693FD0038C834 /* PBXTargetDependency */ = {
			isa = PBXTargetDependency;
			target = 5FD5CC80187693FD0038C834 /* Gestures-OSX */;
			targetProxy = 5FD5CC9E187693FD0038C834 /* PBXContainerItemProxy */;
		};
		5FD5CCB5187694BB0038C834 /* PBXTargetDependency */ = {
			isa = PBXTargetDependency;
			target = 5FF3F15918690ED400466512 /* Gestures */;
			targetProxy = 5FD5CCB4187694BB0038C834 /* PBXContainerItemProxy */;
		};
		5FD5CCB8187694CA0038C834 /* PBXTargetDependency */ = {
			isa = PBXTargetDependency;
			name = MPRandomForest;
			targetProxy = 5FD5CCB7187694CA0038C834 /* PBXContainerItemProxy */;
		};
		5FF318C21882903100C8672D /* PBXTargetDependency */ = {
			isa = PBXTargetDependency;
			name = MPRandomForest;
			targetProxy = 5FF318C11882903100C8672D /* PBXContainerItemProxy */;
		};
		5FF3F17418690ED500466512 /* PBXTargetDependency */ = {
			isa = PBXTargetDependency;
			target = 5FF3F15918690ED400466512 /* Gestures */;
			targetProxy = 5FF3F17318690ED500466512 /* PBXContainerItemProxy */;
		};
		5FF3F254186A285400466512 /* PBXTargetDependency */ = {
			isa = PBXTargetDependency;
			name = ALGLIB;
			targetProxy = 5FF3F253186A285400466512 /* PBXContainerItemProxy */;
		};
/* End PBXTargetDependency section */

/* Begin PBXVariantGroup section */
		5FD5CC86187693FD0038C834 /* InfoPlist.strings */ = {
			isa = PBXVariantGroup;
			children = (
				5FD5CC87187693FD0038C834 /* en */,
			);
			name = InfoPlist.strings;
			sourceTree = "<group>";
		};
		5FD5CC8C187693FD0038C834 /* Credits.rtf */ = {
			isa = PBXVariantGroup;
			children = (
				5FD5CC8D187693FD0038C834 /* en */,
			);
			name = Credits.rtf;
			sourceTree = "<group>";
		};
		5FD5CC92187693FD0038C834 /* MainMenu.xib */ = {
			isa = PBXVariantGroup;
			children = (
				5FD5CC93187693FD0038C834 /* Base */,
			);
			name = MainMenu.xib;
			sourceTree = "<group>";
		};
		5FD5CCA3187693FD0038C834 /* InfoPlist.strings */ = {
			isa = PBXVariantGroup;
			children = (
				5FD5CCA4187693FD0038C834 /* en */,
			);
			name = InfoPlist.strings;
			sourceTree = "<group>";
		};
		5FF3F16418690ED500466512 /* InfoPlist.strings */ = {
			isa = PBXVariantGroup;
			children = (
				5FF3F16518690ED500466512 /* en */,
			);
			name = InfoPlist.strings;
			path = "../MPGestures-framework";
			sourceTree = "<group>";
		};
		5FF3F17918690ED500466512 /* InfoPlist.strings */ = {
			isa = PBXVariantGroup;
			children = (
				5FF3F17A18690ED500466512 /* en */,
			);
			name = InfoPlist.strings;
			sourceTree = "<group>";
		};
		5FF3F1991869135C00466512 /* InfoPlist.strings */ = {
			isa = PBXVariantGroup;
			children = (
				5FF3F19A1869135C00466512 /* en */,
			);
			name = InfoPlist.strings;
			sourceTree = "<group>";
		};
		5FF3F19F1869135C00466512 /* Credits.rtf */ = {
			isa = PBXVariantGroup;
			children = (
				5FF3F1A01869135C00466512 /* en */,
			);
			name = Credits.rtf;
			sourceTree = "<group>";
		};
		5FF3F1A51869135C00466512 /* MainMenu.xib */ = {
			isa = PBXVariantGroup;
			children = (
				5FF3F1A61869135C00466512 /* Base */,
				5F2C0290186CF947003CFD04 /* en */,
			);
			name = MainMenu.xib;
			sourceTree = "<group>";
		};
		DC21972E165E7072009CFCF3 /* InfoPlist.strings */ = {
			isa = PBXVariantGroup;
			children = (
				DC21972F165E7072009CFCF3 /* en */,
			);
			name = InfoPlist.strings;
			sourceTree = "<group>";
		};
/* End PBXVariantGroup section */

/* Begin XCBuildConfiguration section */
		5FD5CCA8187693FE0038C834 /* Debug */ = {
			isa = XCBuildConfiguration;
			buildSettings = {
				ASSETCATALOG_COMPILER_APPICON_NAME = AppIcon;
				CLANG_WARN_BOOL_CONVERSION = YES;
				CLANG_WARN_CONSTANT_CONVERSION = YES;
				CLANG_WARN_DIRECT_OBJC_ISA_USAGE = YES_ERROR;
				CLANG_WARN_ENUM_CONVERSION = YES;
				CLANG_WARN_INT_CONVERSION = YES;
				CLANG_WARN_OBJC_ROOT_CLASS = YES_ERROR;
				COMBINE_HIDPI_IMAGES = YES;
				FRAMEWORK_SEARCH_PATHS = (
					"$(inherited)",
					"$(DEVELOPER_FRAMEWORKS_DIR)",
				);
				GCC_ENABLE_OBJC_EXCEPTIONS = YES;
				GCC_PRECOMPILE_PREFIX_HEADER = YES;
				GCC_PREFIX_HEADER = "Gestures for Mac/Gestures for Mac-Prefix.pch";
				GCC_PREPROCESSOR_DEFINITIONS = (
					"DEBUG=1",
					"$(inherited)",
				);
				GCC_WARN_64_TO_32_BIT_CONVERSION = YES;
				GCC_WARN_ABOUT_RETURN_TYPE = YES_ERROR;
				GCC_WARN_UNDECLARED_SELECTOR = YES;
				GCC_WARN_UNUSED_FUNCTION = YES;
				INFOPLIST_FILE = "Gestures for Mac/Gestures for Mac-Info.plist";
				MACOSX_DEPLOYMENT_TARGET = 10.9;
				PRODUCT_NAME = "$(TARGET_NAME)";
				SDKROOT = macosx;
				WRAPPER_EXTENSION = app;
			};
			name = Debug;
		};
		5FD5CCA9187693FE0038C834 /* Release */ = {
			isa = XCBuildConfiguration;
			buildSettings = {
				ASSETCATALOG_COMPILER_APPICON_NAME = AppIcon;
				CLANG_WARN_BOOL_CONVERSION = YES;
				CLANG_WARN_CONSTANT_CONVERSION = YES;
				CLANG_WARN_DIRECT_OBJC_ISA_USAGE = YES_ERROR;
				CLANG_WARN_ENUM_CONVERSION = YES;
				CLANG_WARN_INT_CONVERSION = YES;
				CLANG_WARN_OBJC_ROOT_CLASS = YES_ERROR;
				COMBINE_HIDPI_IMAGES = YES;
				DEBUG_INFORMATION_FORMAT = "dwarf-with-dsym";
				ENABLE_NS_ASSERTIONS = NO;
				FRAMEWORK_SEARCH_PATHS = (
					"$(inherited)",
					"$(DEVELOPER_FRAMEWORKS_DIR)",
				);
				GCC_ENABLE_OBJC_EXCEPTIONS = YES;
				GCC_PRECOMPILE_PREFIX_HEADER = YES;
				GCC_PREFIX_HEADER = "Gestures for Mac/Gestures for Mac-Prefix.pch";
				GCC_WARN_64_TO_32_BIT_CONVERSION = YES;
				GCC_WARN_ABOUT_RETURN_TYPE = YES_ERROR;
				GCC_WARN_UNDECLARED_SELECTOR = YES;
				GCC_WARN_UNUSED_FUNCTION = YES;
				INFOPLIST_FILE = "Gestures for Mac/Gestures for Mac-Info.plist";
				MACOSX_DEPLOYMENT_TARGET = 10.9;
				PRODUCT_NAME = "$(TARGET_NAME)";
				SDKROOT = macosx;
				WRAPPER_EXTENSION = app;
			};
			name = Release;
		};
		5FD5CCAA187693FE0038C834 /* Debug */ = {
			isa = XCBuildConfiguration;
			buildSettings = {
				BUNDLE_LOADER = "$(BUILT_PRODUCTS_DIR)/Gestures-OSX.app/Contents/MacOS/Gestures-OSX";
				CLANG_WARN_BOOL_CONVERSION = YES;
				CLANG_WARN_CONSTANT_CONVERSION = YES;
				CLANG_WARN_DIRECT_OBJC_ISA_USAGE = YES_ERROR;
				CLANG_WARN_ENUM_CONVERSION = YES;
				CLANG_WARN_INT_CONVERSION = YES;
				CLANG_WARN_OBJC_ROOT_CLASS = YES_ERROR;
				COMBINE_HIDPI_IMAGES = YES;
				FRAMEWORK_SEARCH_PATHS = (
					"$(inherited)",
					"$(DEVELOPER_FRAMEWORKS_DIR)",
				);
				GCC_ENABLE_OBJC_EXCEPTIONS = YES;
				GCC_PRECOMPILE_PREFIX_HEADER = YES;
				GCC_PREFIX_HEADER = "Gestures for Mac/Gestures for Mac-Prefix.pch";
				GCC_PREPROCESSOR_DEFINITIONS = (
					"DEBUG=1",
					"$(inherited)",
				);
				GCC_WARN_64_TO_32_BIT_CONVERSION = YES;
				GCC_WARN_ABOUT_RETURN_TYPE = YES_ERROR;
				GCC_WARN_UNDECLARED_SELECTOR = YES;
				GCC_WARN_UNUSED_FUNCTION = YES;
				INFOPLIST_FILE = "Gestures for MacTests/Gestures for MacTests-Info.plist";
				MACOSX_DEPLOYMENT_TARGET = 10.9;
				PRODUCT_NAME = "$(TARGET_NAME)";
				SDKROOT = macosx;
				TEST_HOST = "$(BUNDLE_LOADER)";
				WRAPPER_EXTENSION = xctest;
			};
			name = Debug;
		};
		5FD5CCAB187693FE0038C834 /* Release */ = {
			isa = XCBuildConfiguration;
			buildSettings = {
				BUNDLE_LOADER = "\"$(BUILT_PRODUCTS_DIR)/Gestures-OSX.app/Contents/MacOS/Gestures-OSX\"";
				CLANG_WARN_BOOL_CONVERSION = YES;
				CLANG_WARN_CONSTANT_CONVERSION = YES;
				CLANG_WARN_DIRECT_OBJC_ISA_USAGE = YES_ERROR;
				CLANG_WARN_ENUM_CONVERSION = YES;
				CLANG_WARN_INT_CONVERSION = YES;
				CLANG_WARN_OBJC_ROOT_CLASS = YES_ERROR;
				COMBINE_HIDPI_IMAGES = YES;
				DEBUG_INFORMATION_FORMAT = "dwarf-with-dsym";
				ENABLE_NS_ASSERTIONS = NO;
				FRAMEWORK_SEARCH_PATHS = (
					"$(inherited)",
					"$(DEVELOPER_FRAMEWORKS_DIR)",
				);
				GCC_ENABLE_OBJC_EXCEPTIONS = YES;
				GCC_PRECOMPILE_PREFIX_HEADER = YES;
				GCC_PREFIX_HEADER = "Gestures for Mac/Gestures for Mac-Prefix.pch";
				GCC_WARN_64_TO_32_BIT_CONVERSION = YES;
				GCC_WARN_ABOUT_RETURN_TYPE = YES_ERROR;
				GCC_WARN_UNDECLARED_SELECTOR = YES;
				GCC_WARN_UNUSED_FUNCTION = YES;
				INFOPLIST_FILE = "Gestures for MacTests/Gestures for MacTests-Info.plist";
				MACOSX_DEPLOYMENT_TARGET = 10.9;
				PRODUCT_NAME = "$(TARGET_NAME)";
				SDKROOT = macosx;
				TEST_HOST = "$(BUNDLE_LOADER)";
				WRAPPER_EXTENSION = xctest;
			};
			name = Release;
		};
		5FF3F17E18690ED500466512 /* Debug */ = {
			isa = XCBuildConfiguration;
			buildSettings = {
				ARCHS = "$(ARCHS_STANDARD_64_BIT)";
				CLANG_WARN_BOOL_CONVERSION = YES;
				CLANG_WARN_CONSTANT_CONVERSION = YES;
				CLANG_WARN_DIRECT_OBJC_ISA_USAGE = YES_ERROR;
				CLANG_WARN_ENUM_CONVERSION = YES;
				CLANG_WARN_INT_CONVERSION = YES;
				CLANG_WARN_OBJC_ROOT_CLASS = YES_ERROR;
				COMBINE_HIDPI_IMAGES = YES;
				DYLIB_COMPATIBILITY_VERSION = 1;
				DYLIB_CURRENT_VERSION = 1;
				FRAMEWORK_SEARCH_PATHS = (
					"$(inherited)",
					"$(DEVELOPER_FRAMEWORKS_DIR)",
				);
				FRAMEWORK_VERSION = A;
				GCC_ENABLE_OBJC_EXCEPTIONS = YES;
				GCC_PRECOMPILE_PREFIX_HEADER = YES;
				GCC_PREFIX_HEADER = "MPGestures-framework/MPGestures-Prefix.pch";
				GCC_PREPROCESSOR_DEFINITIONS = (
					"DEBUG=1",
					"$(inherited)",
				);
				GCC_WARN_64_TO_32_BIT_CONVERSION = YES;
				GCC_WARN_ABOUT_RETURN_TYPE = YES_ERROR;
				GCC_WARN_UNDECLARED_SELECTOR = YES;
				GCC_WARN_UNUSED_FUNCTION = YES;
				INFOPLIST_FILE = "MPGestures-framework/MPGestures-Info.plist";
				MACOSX_DEPLOYMENT_TARGET = 10.9;
				PRODUCT_NAME = "$(TARGET_NAME)";
				SDKROOT = macosx;
				VALID_ARCHS = x86_64;
				WRAPPER_EXTENSION = framework;
			};
			name = Debug;
		};
		5FF3F17F18690ED500466512 /* Release */ = {
			isa = XCBuildConfiguration;
			buildSettings = {
				ARCHS = "$(ARCHS_STANDARD_64_BIT)";
				CLANG_WARN_BOOL_CONVERSION = YES;
				CLANG_WARN_CONSTANT_CONVERSION = YES;
				CLANG_WARN_DIRECT_OBJC_ISA_USAGE = YES_ERROR;
				CLANG_WARN_ENUM_CONVERSION = YES;
				CLANG_WARN_INT_CONVERSION = YES;
				CLANG_WARN_OBJC_ROOT_CLASS = YES_ERROR;
				COMBINE_HIDPI_IMAGES = YES;
				DEBUG_INFORMATION_FORMAT = "dwarf-with-dsym";
				DYLIB_COMPATIBILITY_VERSION = 1;
				DYLIB_CURRENT_VERSION = 1;
				ENABLE_NS_ASSERTIONS = NO;
				FRAMEWORK_SEARCH_PATHS = (
					"$(inherited)",
					"$(DEVELOPER_FRAMEWORKS_DIR)",
				);
				FRAMEWORK_VERSION = A;
				GCC_ENABLE_OBJC_EXCEPTIONS = YES;
				GCC_PRECOMPILE_PREFIX_HEADER = YES;
				GCC_PREFIX_HEADER = "MPGestures-framework/MPGestures-Prefix.pch";
				GCC_WARN_64_TO_32_BIT_CONVERSION = YES;
				GCC_WARN_ABOUT_RETURN_TYPE = YES_ERROR;
				GCC_WARN_UNDECLARED_SELECTOR = YES;
				GCC_WARN_UNUSED_FUNCTION = YES;
				INFOPLIST_FILE = "MPGestures-framework/MPGestures-Info.plist";
				MACOSX_DEPLOYMENT_TARGET = 10.9;
				PRODUCT_NAME = "$(TARGET_NAME)";
				SDKROOT = macosx;
				VALID_ARCHS = x86_64;
				WRAPPER_EXTENSION = framework;
			};
			name = Release;
		};
		5FF3F18018690ED500466512 /* Debug */ = {
			isa = XCBuildConfiguration;
			buildSettings = {
				BUNDLE_LOADER = "$(BUILT_PRODUCTS_DIR)/Gestures-iOS.app/Gestures-iOS";
				CLANG_WARN_BOOL_CONVERSION = YES;
				CLANG_WARN_CONSTANT_CONVERSION = YES;
				CLANG_WARN_DIRECT_OBJC_ISA_USAGE = YES_ERROR;
				CLANG_WARN_ENUM_CONVERSION = YES;
				CLANG_WARN_INT_CONVERSION = YES;
				CLANG_WARN_OBJC_ROOT_CLASS = YES_ERROR;
				COMBINE_HIDPI_IMAGES = YES;
				FRAMEWORK_SEARCH_PATHS = (
					"$(DEVELOPER_FRAMEWORKS_DIR)",
					"$(inherited)",
				);
				GCC_ENABLE_OBJC_EXCEPTIONS = YES;
				GCC_PRECOMPILE_PREFIX_HEADER = YES;
				GCC_PREFIX_HEADER = "DollarP/DollarP-Prefix.pch";
				GCC_PREPROCESSOR_DEFINITIONS = (
					"DEBUG=1",
					"$(inherited)",
				);
				GCC_WARN_64_TO_32_BIT_CONVERSION = YES;
				GCC_WARN_ABOUT_RETURN_TYPE = YES_ERROR;
				GCC_WARN_UNDECLARED_SELECTOR = YES;
				GCC_WARN_UNUSED_FUNCTION = YES;
				INFOPLIST_FILE = "DollarPTests/DollarPTests-Info.plist";
				MACOSX_DEPLOYMENT_TARGET = 10.9;
				PRODUCT_NAME = "$(TARGET_NAME)";
				SDKROOT = macosx;
				TEST_HOST = "$(BUNDLE_LOADER)";
				WRAPPER_EXTENSION = xctest;
			};
			name = Debug;
		};
		5FF3F18118690ED500466512 /* Release */ = {
			isa = XCBuildConfiguration;
			buildSettings = {
				BUNDLE_LOADER = "$(BUILT_PRODUCTS_DIR)/Gestures-iOS.app/Gestures-iOS";
				CLANG_WARN_BOOL_CONVERSION = YES;
				CLANG_WARN_CONSTANT_CONVERSION = YES;
				CLANG_WARN_DIRECT_OBJC_ISA_USAGE = YES_ERROR;
				CLANG_WARN_ENUM_CONVERSION = YES;
				CLANG_WARN_INT_CONVERSION = YES;
				CLANG_WARN_OBJC_ROOT_CLASS = YES_ERROR;
				COMBINE_HIDPI_IMAGES = YES;
				DEBUG_INFORMATION_FORMAT = "dwarf-with-dsym";
				ENABLE_NS_ASSERTIONS = NO;
				FRAMEWORK_SEARCH_PATHS = (
					"$(DEVELOPER_FRAMEWORKS_DIR)",
					"$(inherited)",
				);
				GCC_ENABLE_OBJC_EXCEPTIONS = YES;
				GCC_PRECOMPILE_PREFIX_HEADER = YES;
				GCC_PREFIX_HEADER = "DollarP/DollarP-Prefix.pch";
				GCC_WARN_64_TO_32_BIT_CONVERSION = YES;
				GCC_WARN_ABOUT_RETURN_TYPE = YES_ERROR;
				GCC_WARN_UNDECLARED_SELECTOR = YES;
				GCC_WARN_UNUSED_FUNCTION = YES;
				INFOPLIST_FILE = "DollarPTests/DollarPTests-Info.plist";
				MACOSX_DEPLOYMENT_TARGET = 10.9;
				PRODUCT_NAME = "$(TARGET_NAME)";
				SDKROOT = macosx;
				TEST_HOST = "$(BUNDLE_LOADER)";
				WRAPPER_EXTENSION = xctest;
			};
			name = Release;
		};
		DC21973D165E7072009CFCF3 /* Debug */ = {
			isa = XCBuildConfiguration;
			buildSettings = {
				ALWAYS_SEARCH_USER_PATHS = NO;
				CLANG_CXX_LANGUAGE_STANDARD = "gnu++0x";
				CLANG_CXX_LIBRARY = "libc++";
				CLANG_ENABLE_OBJC_ARC = YES;
				CLANG_WARN_EMPTY_BODY = YES;
				CLANG_WARN__DUPLICATE_METHOD_MATCH = YES;
				"CODE_SIGN_IDENTITY[sdk=iphoneos*]" = "iPhone Developer";
				COPY_PHASE_STRIP = NO;
				GCC_C_LANGUAGE_STANDARD = gnu99;
				GCC_DYNAMIC_NO_PIC = NO;
				GCC_OPTIMIZATION_LEVEL = 0;
				GCC_PREPROCESSOR_DEFINITIONS = (
					"DEBUG=1",
					"$(inherited)",
				);
				GCC_SYMBOLS_PRIVATE_EXTERN = NO;
				GCC_WARN_ABOUT_RETURN_TYPE = YES;
				GCC_WARN_UNINITIALIZED_AUTOS = YES;
				GCC_WARN_UNUSED_VARIABLE = YES;
				IPHONEOS_DEPLOYMENT_TARGET = 6.0;
				ONLY_ACTIVE_ARCH = YES;
				SDKROOT = iphoneos;
			};
			name = Debug;
		};
		DC21973E165E7072009CFCF3 /* Release */ = {
			isa = XCBuildConfiguration;
			buildSettings = {
				ALWAYS_SEARCH_USER_PATHS = NO;
				CLANG_CXX_LANGUAGE_STANDARD = "gnu++0x";
				CLANG_CXX_LIBRARY = "libc++";
				CLANG_ENABLE_OBJC_ARC = YES;
				CLANG_WARN_EMPTY_BODY = YES;
				CLANG_WARN__DUPLICATE_METHOD_MATCH = YES;
				"CODE_SIGN_IDENTITY[sdk=iphoneos*]" = "iPhone Developer";
				COPY_PHASE_STRIP = YES;
				GCC_C_LANGUAGE_STANDARD = gnu99;
				GCC_WARN_ABOUT_RETURN_TYPE = YES;
				GCC_WARN_UNINITIALIZED_AUTOS = YES;
				GCC_WARN_UNUSED_VARIABLE = YES;
				IPHONEOS_DEPLOYMENT_TARGET = 6.0;
				OTHER_CFLAGS = "-DNS_BLOCK_ASSERTIONS=1";
				SDKROOT = iphoneos;
				VALIDATE_PRODUCT = YES;
			};
			name = Release;
		};
		DC219740165E7072009CFCF3 /* Debug */ = {
			isa = XCBuildConfiguration;
			buildSettings = {
				GCC_PRECOMPILE_PREFIX_HEADER = YES;
				GCC_PREFIX_HEADER = "DollarP_ObjC/DollarP_ObjC-Prefix.pch";
				INFOPLIST_FILE = "DollarP_ObjC/Gestures-iOS-Info.plist";
				PRODUCT_NAME = "$(TARGET_NAME)";
				WRAPPER_EXTENSION = app;
			};
			name = Debug;
		};
		DC219741165E7072009CFCF3 /* Release */ = {
			isa = XCBuildConfiguration;
			buildSettings = {
				GCC_PRECOMPILE_PREFIX_HEADER = YES;
				GCC_PREFIX_HEADER = "DollarP_ObjC/DollarP_ObjC-Prefix.pch";
				INFOPLIST_FILE = "DollarP_ObjC/Gestures-iOS-Info.plist";
				PRODUCT_NAME = "$(TARGET_NAME)";
				WRAPPER_EXTENSION = app;
			};
			name = Release;
		};
/* End XCBuildConfiguration section */

/* Begin XCConfigurationList section */
		5FD5CCAF187693FE0038C834 /* Build configuration list for PBXNativeTarget "Gestures-OSX" */ = {
			isa = XCConfigurationList;
			buildConfigurations = (
				5FD5CCA8187693FE0038C834 /* Debug */,
				5FD5CCA9187693FE0038C834 /* Release */,
			);
			defaultConfigurationIsVisible = 0;
			defaultConfigurationName = Release;
		};
		5FD5CCB0187693FE0038C834 /* Build configuration list for PBXNativeTarget "Gestures-OSX-Tests" */ = {
			isa = XCConfigurationList;
			buildConfigurations = (
				5FD5CCAA187693FE0038C834 /* Debug */,
				5FD5CCAB187693FE0038C834 /* Release */,
			);
			defaultConfigurationIsVisible = 0;
			defaultConfigurationName = Release;
		};
		5FF3F18218690ED500466512 /* Build configuration list for PBXNativeTarget "Gestures" */ = {
			isa = XCConfigurationList;
			buildConfigurations = (
				5FF3F17E18690ED500466512 /* Debug */,
				5FF3F17F18690ED500466512 /* Release */,
			);
			defaultConfigurationIsVisible = 0;
			defaultConfigurationName = Release;
		};
		5FF3F18318690ED500466512 /* Build configuration list for PBXNativeTarget "Gestures-iOSTests" */ = {
			isa = XCConfigurationList;
			buildConfigurations = (
				5FF3F18018690ED500466512 /* Debug */,
				5FF3F18118690ED500466512 /* Release */,
			);
			defaultConfigurationIsVisible = 0;
			defaultConfigurationName = Release;
		};
		DC21971B165E7072009CFCF3 /* Build configuration list for PBXProject "MPGestures" */ = {
			isa = XCConfigurationList;
			buildConfigurations = (
				DC21973D165E7072009CFCF3 /* Debug */,
				DC21973E165E7072009CFCF3 /* Release */,
			);
			defaultConfigurationIsVisible = 0;
			defaultConfigurationName = Release;
		};
		DC21973F165E7072009CFCF3 /* Build configuration list for PBXNativeTarget "Gestures-iOS" */ = {
			isa = XCConfigurationList;
			buildConfigurations = (
				DC219740165E7072009CFCF3 /* Debug */,
				DC219741165E7072009CFCF3 /* Release */,
			);
			defaultConfigurationIsVisible = 0;
			defaultConfigurationName = Release;
		};
/* End XCConfigurationList section */
	};
	rootObject = DC219718165E7072009CFCF3 /* Project object */;
}
