// !$*UTF8*$!
{
	archiveVersion = 1;
	classes = {
	};
	objectVersion = 46;
	objects = {

/* Begin PBXBuildFile section */
		5F04A431186B32CB00AAC922 /* DollarP.framework in Frameworks */ = {isa = PBXBuildFile; fileRef = 5FF3F15A18690ED500466512 /* DollarP.framework */; };
		5FAB2E04186C3DC100F7948E /* MASPreferencesWindow.xib in Resources */ = {isa = PBXBuildFile; fileRef = 5FAB2E01186C3DC100F7948E /* MASPreferencesWindow.xib */; };
		5FAB2E05186C3DC100F7948E /* MASPreferencesWindowController.m in Sources */ = {isa = PBXBuildFile; fileRef = 5FAB2E03186C3DC100F7948E /* MASPreferencesWindowController.m */; };
		5FAB2E0E186C3E3700F7948E /* MPGestureViewController.m in Sources */ = {isa = PBXBuildFile; fileRef = 5FAB2E0C186C3E3700F7948E /* MPGestureViewController.m */; };
		5FAB2E12186C3F9300F7948E /* NSFileManager+ApplicationSupport.m in Sources */ = {isa = PBXBuildFile; fileRef = 5FAB2E11186C3F9300F7948E /* NSFileManager+ApplicationSupport.m */; };
		5FAB2E15186C72DB00F7948E /* MPSymbol.m in Sources */ = {isa = PBXBuildFile; fileRef = 5FAB2E14186C72DB00F7948E /* MPSymbol.m */; };
		5FAB2E16186C72DD00F7948E /* MPSymbol.m in Sources */ = {isa = PBXBuildFile; fileRef = 5FAB2E14186C72DB00F7948E /* MPSymbol.m */; };
		5FF3F15C18690ED500466512 /* Cocoa.framework in Frameworks */ = {isa = PBXBuildFile; fileRef = 5FF3F15B18690ED500466512 /* Cocoa.framework */; };
		5FF3F16618690ED500466512 /* InfoPlist.strings in Resources */ = {isa = PBXBuildFile; fileRef = 5FF3F16418690ED500466512 /* InfoPlist.strings */; };
		5FF3F17118690ED500466512 /* XCTest.framework in Frameworks */ = {isa = PBXBuildFile; fileRef = 5FF3F17018690ED500466512 /* XCTest.framework */; };
		5FF3F17218690ED500466512 /* Cocoa.framework in Frameworks */ = {isa = PBXBuildFile; fileRef = 5FF3F15B18690ED500466512 /* Cocoa.framework */; };
		5FF3F17518690ED500466512 /* DollarP.framework in Frameworks */ = {isa = PBXBuildFile; fileRef = 5FF3F15A18690ED500466512 /* DollarP.framework */; };
		5FF3F17B18690ED500466512 /* InfoPlist.strings in Resources */ = {isa = PBXBuildFile; fileRef = 5FF3F17918690ED500466512 /* InfoPlist.strings */; };
		5FF3F17D18690ED500466512 /* DollarPTests.m in Sources */ = {isa = PBXBuildFile; fileRef = 5FF3F17C18690ED500466512 /* DollarPTests.m */; };
		5FF3F18418690EDB00466512 /* DollarP.m in Sources */ = {isa = PBXBuildFile; fileRef = DC219799165EA5AF009CFCF3 /* DollarP.m */; };
		5FF3F18618690EDF00466512 /* DollarDefaultGestures.m in Sources */ = {isa = PBXBuildFile; fileRef = DC2197A7165F650C009CFCF3 /* DollarDefaultGestures.m */; };
		5FF3F18718690EE200466512 /* DollarPoint.m in Sources */ = {isa = PBXBuildFile; fileRef = DC21979E165EA66C009CFCF3 /* DollarPoint.m */; };
		5FF3F18818690EE400466512 /* DollarPointCloud.m in Sources */ = {isa = PBXBuildFile; fileRef = DC2197A1165EA8D2009CFCF3 /* DollarPointCloud.m */; };
		5FF3F18918690EE600466512 /* DollarResult.m in Sources */ = {isa = PBXBuildFile; fileRef = DC2197A4165EAA1F009CFCF3 /* DollarResult.m */; };
		5FF3F18A18690EF100466512 /* DollarP.h in Headers */ = {isa = PBXBuildFile; fileRef = DC219798165EA5AF009CFCF3 /* DollarP.h */; settings = {ATTRIBUTES = (Public, ); }; };
		5FF3F18C18690EF100466512 /* DollarDefaultGestures.h in Headers */ = {isa = PBXBuildFile; fileRef = DC2197A6165F650B009CFCF3 /* DollarDefaultGestures.h */; settings = {ATTRIBUTES = (Public, ); }; };
		5FF3F18D18690EF100466512 /* DollarPoint.h in Headers */ = {isa = PBXBuildFile; fileRef = DC21979D165EA66C009CFCF3 /* DollarPoint.h */; settings = {ATTRIBUTES = (Public, ); }; };
		5FF3F18E18690EF100466512 /* DollarPointCloud.h in Headers */ = {isa = PBXBuildFile; fileRef = DC2197A0165EA8D2009CFCF3 /* DollarPointCloud.h */; settings = {ATTRIBUTES = (Public, ); }; };
		5FF3F18F18690EF100466512 /* DollarResult.h in Headers */ = {isa = PBXBuildFile; fileRef = DC2197A3165EAA1F009CFCF3 /* DollarResult.h */; settings = {ATTRIBUTES = (Public, ); }; };
		5FF3F1951869135C00466512 /* Cocoa.framework in Frameworks */ = {isa = PBXBuildFile; fileRef = 5FF3F15B18690ED500466512 /* Cocoa.framework */; };
		5FF3F19B1869135C00466512 /* InfoPlist.strings in Resources */ = {isa = PBXBuildFile; fileRef = 5FF3F1991869135C00466512 /* InfoPlist.strings */; };
		5FF3F19D1869135C00466512 /* main.m in Sources */ = {isa = PBXBuildFile; fileRef = 5FF3F19C1869135C00466512 /* main.m */; };
		5FF3F1A11869135C00466512 /* Credits.rtf in Resources */ = {isa = PBXBuildFile; fileRef = 5FF3F19F1869135C00466512 /* Credits.rtf */; };
		5FF3F1A41869135C00466512 /* MPAppDelegate.m in Sources */ = {isa = PBXBuildFile; fileRef = 5FF3F1A31869135C00466512 /* MPAppDelegate.m */; };
		5FF3F1A71869135C00466512 /* MainMenu.xib in Resources */ = {isa = PBXBuildFile; fileRef = 5FF3F1A51869135C00466512 /* MainMenu.xib */; };
		5FF3F1A91869135C00466512 /* Images.xcassets in Resources */ = {isa = PBXBuildFile; fileRef = 5FF3F1A81869135C00466512 /* Images.xcassets */; };
		5FF3F1AF1869135C00466512 /* XCTest.framework in Frameworks */ = {isa = PBXBuildFile; fileRef = 5FF3F17018690ED500466512 /* XCTest.framework */; };
		5FF3F1B01869135C00466512 /* Cocoa.framework in Frameworks */ = {isa = PBXBuildFile; fileRef = 5FF3F15B18690ED500466512 /* Cocoa.framework */; };
		5FF3F1B81869135C00466512 /* InfoPlist.strings in Resources */ = {isa = PBXBuildFile; fileRef = 5FF3F1B61869135C00466512 /* InfoPlist.strings */; };
		5FF3F1BA1869135C00466512 /* DollarP_OSXTests.m in Sources */ = {isa = PBXBuildFile; fileRef = 5FF3F1B91869135C00466512 /* DollarP_OSXTests.m */; };
		5FF3F1C31869145300466512 /* MPGestureView.h in Headers */ = {isa = PBXBuildFile; fileRef = 5FF3F1C11869145300466512 /* MPGestureView.h */; settings = {ATTRIBUTES = (Public, ); }; };
		5FF3F1C41869145300466512 /* MPGestureView.m in Sources */ = {isa = PBXBuildFile; fileRef = 5FF3F1C21869145300466512 /* MPGestureView.m */; };
		5FF3F1C7186914D700466512 /* DollarStroke.h in Headers */ = {isa = PBXBuildFile; fileRef = 5FF3F1C5186914D700466512 /* DollarStroke.h */; };
		5FF3F1C8186914D700466512 /* DollarStroke.m in Sources */ = {isa = PBXBuildFile; fileRef = 5FF3F1C6186914D700466512 /* DollarStroke.m */; };
		5FF3F1C9186914D700466512 /* DollarStroke.m in Sources */ = {isa = PBXBuildFile; fileRef = 5FF3F1C6186914D700466512 /* DollarStroke.m */; };
		5FF3F1CC1869194200466512 /* MPGestureRecognizer.h in Headers */ = {isa = PBXBuildFile; fileRef = 5FF3F1CA1869194200466512 /* MPGestureRecognizer.h */; };
		5FF3F1CD1869194200466512 /* MPGestureRecognizer.m in Sources */ = {isa = PBXBuildFile; fileRef = 5FF3F1CB1869194200466512 /* MPGestureRecognizer.m */; };
		5FF3F1D0186A0FC700466512 /* DollarP.framework in Frameworks */ = {isa = PBXBuildFile; fileRef = 5FF3F15A18690ED500466512 /* DollarP.framework */; };
		5FF3F257186A28AD00466512 /* ALGLIB.framework in Frameworks */ = {isa = PBXBuildFile; fileRef = 5FF3F250186A284C00466512 /* ALGLIB.framework */; };
		5FF3F25B186A2B6600466512 /* DollarStrokeSequence.m in Sources */ = {isa = PBXBuildFile; fileRef = 5FF3F259186A2B6100466512 /* DollarStrokeSequence.m */; };
		5FF3F25C186A2B6600466512 /* DollarStrokeSequence.m in Sources */ = {isa = PBXBuildFile; fileRef = 5FF3F259186A2B6100466512 /* DollarStrokeSequence.m */; };
		5FF3F25F186A324E00466512 /* DollarStrokeSequenceDatabase.h in Headers */ = {isa = PBXBuildFile; fileRef = 5FF3F25D186A324E00466512 /* DollarStrokeSequenceDatabase.h */; };
		5FF3F260186A324E00466512 /* DollarStrokeSequenceDatabase.m in Sources */ = {isa = PBXBuildFile; fileRef = 5FF3F25E186A324E00466512 /* DollarStrokeSequenceDatabase.m */; };
		5FF3F261186A324E00466512 /* DollarStrokeSequenceDatabase.m in Sources */ = {isa = PBXBuildFile; fileRef = 5FF3F25E186A324E00466512 /* DollarStrokeSequenceDatabase.m */; };
		DC219726165E7072009CFCF3 /* UIKit.framework in Frameworks */ = {isa = PBXBuildFile; fileRef = DC219725165E7072009CFCF3 /* UIKit.framework */; };
		DC219728165E7072009CFCF3 /* Foundation.framework in Frameworks */ = {isa = PBXBuildFile; fileRef = DC219727165E7072009CFCF3 /* Foundation.framework */; };
		DC21972A165E7072009CFCF3 /* CoreGraphics.framework in Frameworks */ = {isa = PBXBuildFile; fileRef = DC219729165E7072009CFCF3 /* CoreGraphics.framework */; };
		DC219730165E7072009CFCF3 /* InfoPlist.strings in Resources */ = {isa = PBXBuildFile; fileRef = DC21972E165E7072009CFCF3 /* InfoPlist.strings */; };
		DC219732165E7072009CFCF3 /* main.m in Sources */ = {isa = PBXBuildFile; fileRef = DC219731165E7072009CFCF3 /* main.m */; };
		DC219736165E7072009CFCF3 /* DollarPAppDelegate.m in Sources */ = {isa = PBXBuildFile; fileRef = DC219735165E7072009CFCF3 /* DollarPAppDelegate.m */; };
		DC219738165E7072009CFCF3 /* Default.png in Resources */ = {isa = PBXBuildFile; fileRef = DC219737165E7072009CFCF3 /* Default.png */; };
		DC21973A165E7072009CFCF3 /* Default@2x.png in Resources */ = {isa = PBXBuildFile; fileRef = DC219739165E7072009CFCF3 /* Default@2x.png */; };
		DC21973C165E7072009CFCF3 /* Default-568h@2x.png in Resources */ = {isa = PBXBuildFile; fileRef = DC21973B165E7072009CFCF3 /* Default-568h@2x.png */; };
		DC219745165E7C3E009CFCF3 /* TemplatesViewController.m in Sources */ = {isa = PBXBuildFile; fileRef = DC219743165E7C3E009CFCF3 /* TemplatesViewController.m */; };
		DC21977A165E8073009CFCF3 /* MainStoryboard.storyboard in Resources */ = {isa = PBXBuildFile; fileRef = DC219779165E8073009CFCF3 /* MainStoryboard.storyboard */; };
		DC21977C165E821B009CFCF3 /* multistrokes.gif in Resources */ = {isa = PBXBuildFile; fileRef = DC21977B165E821B009CFCF3 /* multistrokes.gif */; };
		DC21978F165E9943009CFCF3 /* GestureViewController.m in Sources */ = {isa = PBXBuildFile; fileRef = DC21978E165E9943009CFCF3 /* GestureViewController.m */; };
		DC219792165E9B1E009CFCF3 /* CustomizeViewController.m in Sources */ = {isa = PBXBuildFile; fileRef = DC219791165E9B1E009CFCF3 /* CustomizeViewController.m */; };
		DC21979A165EA5AF009CFCF3 /* DollarP.m in Sources */ = {isa = PBXBuildFile; fileRef = DC219799165EA5AF009CFCF3 /* DollarP.m */; };
		DC21979F165EA66C009CFCF3 /* DollarPoint.m in Sources */ = {isa = PBXBuildFile; fileRef = DC21979E165EA66C009CFCF3 /* DollarPoint.m */; };
		DC2197A2165EA8D2009CFCF3 /* DollarPointCloud.m in Sources */ = {isa = PBXBuildFile; fileRef = DC2197A1165EA8D2009CFCF3 /* DollarPointCloud.m */; };
		DC2197A5165EAA20009CFCF3 /* DollarResult.m in Sources */ = {isa = PBXBuildFile; fileRef = DC2197A4165EAA1F009CFCF3 /* DollarResult.m */; };
		DC2197A8165F650C009CFCF3 /* DollarDefaultGestures.m in Sources */ = {isa = PBXBuildFile; fileRef = DC2197A7165F650C009CFCF3 /* DollarDefaultGestures.m */; };
		DC2197AB165F8CE9009CFCF3 /* GestureView.m in Sources */ = {isa = PBXBuildFile; fileRef = DC2197AA165F8CE9009CFCF3 /* GestureView.m */; };
		DC2197B2165F97C6009CFCF3 /* DollarPGestureRecognizer.m in Sources */ = {isa = PBXBuildFile; fileRef = DC2197B1165F97C5009CFCF3 /* DollarPGestureRecognizer.m */; };
		DC4B79EB165FED0900A3BF09 /* app-icon.png in Resources */ = {isa = PBXBuildFile; fileRef = DC4B79E9165FED0900A3BF09 /* app-icon.png */; };
		DC4B79EC165FED0900A3BF09 /* app-icon@2x.png in Resources */ = {isa = PBXBuildFile; fileRef = DC4B79EA165FED0900A3BF09 /* app-icon@2x.png */; };
/* End PBXBuildFile section */

/* Begin PBXContainerItemProxy section */
		5F04A42D186B2EEC00AAC922 /* PBXContainerItemProxy */ = {
			isa = PBXContainerItemProxy;
			containerPortal = DC219718165E7072009CFCF3 /* Project object */;
			proxyType = 1;
			remoteGlobalIDString = 5FF3F15918690ED400466512;
			remoteInfo = DollarP;
		};
		5F04A42F186B32C600AAC922 /* PBXContainerItemProxy */ = {
			isa = PBXContainerItemProxy;
			containerPortal = DC219718165E7072009CFCF3 /* Project object */;
			proxyType = 1;
			remoteGlobalIDString = 5FF3F15918690ED400466512;
			remoteInfo = DollarP;
		};
		5F85863C186B6D2A00AD762E /* PBXContainerItemProxy */ = {
			isa = PBXContainerItemProxy;
			containerPortal = 5F858636186B6D2A00AD762E /* MPRandomForest.xcodeproj */;
			proxyType = 2;
			remoteGlobalIDString = 5F858608186B6CBB00AD762E;
			remoteInfo = MPRandomForest;
		};
		5F85863E186B6D2A00AD762E /* PBXContainerItemProxy */ = {
			isa = PBXContainerItemProxy;
			containerPortal = 5F858636186B6D2A00AD762E /* MPRandomForest.xcodeproj */;
			proxyType = 2;
			remoteGlobalIDString = 5F85861F186B6CBB00AD762E;
			remoteInfo = MPRandomForestTests;
		};
		5FF3F17318690ED500466512 /* PBXContainerItemProxy */ = {
			isa = PBXContainerItemProxy;
			containerPortal = DC219718165E7072009CFCF3 /* Project object */;
			proxyType = 1;
			remoteGlobalIDString = 5FF3F15918690ED400466512;
			remoteInfo = DollarP;
		};
		5FF3F1B11869135C00466512 /* PBXContainerItemProxy */ = {
			isa = PBXContainerItemProxy;
			containerPortal = DC219718165E7072009CFCF3 /* Project object */;
			proxyType = 1;
			remoteGlobalIDString = 5FF3F1931869135C00466512;
			remoteInfo = "DollarP-OSX";
		};
		5FF3F24F186A284C00466512 /* PBXContainerItemProxy */ = {
			isa = PBXContainerItemProxy;
			containerPortal = 5FF3F24A186A284C00466512 /* ALGLIB.xcodeproj */;
			proxyType = 2;
			remoteGlobalIDString = 5FF3F1DB186A276700466512;
			remoteInfo = ALGLIB;
		};
		5FF3F251186A284C00466512 /* PBXContainerItemProxy */ = {
			isa = PBXContainerItemProxy;
			containerPortal = 5FF3F24A186A284C00466512 /* ALGLIB.xcodeproj */;
			proxyType = 2;
			remoteGlobalIDString = 5FF3F1F2186A276700466512;
			remoteInfo = ALGLIBTests;
		};
		5FF3F253186A285400466512 /* PBXContainerItemProxy */ = {
			isa = PBXContainerItemProxy;
			containerPortal = 5FF3F24A186A284C00466512 /* ALGLIB.xcodeproj */;
			proxyType = 1;
			remoteGlobalIDString = 5FF3F1DA186A276700466512;
			remoteInfo = ALGLIB;
		};
/* End PBXContainerItemProxy section */

/* Begin PBXFileReference section */
		5F858636186B6D2A00AD762E /* MPRandomForest.xcodeproj */ = {isa = PBXFileReference; lastKnownFileType = "wrapper.pb-project"; name = MPRandomForest.xcodeproj; path = External/MPRandomForest/MPRandomForest/MPRandomForest.xcodeproj; sourceTree = "<group>"; };
		5FAB2E00186C3DC100F7948E /* MASPreferencesViewController.h */ = {isa = PBXFileReference; fileEncoding = 4; lastKnownFileType = sourcecode.c.h; name = MASPreferencesViewController.h; path = External/MASPreferences/MASPreferencesViewController.h; sourceTree = SOURCE_ROOT; };
		5FAB2E01186C3DC100F7948E /* MASPreferencesWindow.xib */ = {isa = PBXFileReference; fileEncoding = 4; lastKnownFileType = file.xib; name = MASPreferencesWindow.xib; path = External/MASPreferences/MASPreferencesWindow.xib; sourceTree = SOURCE_ROOT; };
		5FAB2E02186C3DC100F7948E /* MASPreferencesWindowController.h */ = {isa = PBXFileReference; fileEncoding = 4; lastKnownFileType = sourcecode.c.h; name = MASPreferencesWindowController.h; path = External/MASPreferences/MASPreferencesWindowController.h; sourceTree = SOURCE_ROOT; };
		5FAB2E03186C3DC100F7948E /* MASPreferencesWindowController.m */ = {isa = PBXFileReference; fileEncoding = 4; lastKnownFileType = sourcecode.c.objc; name = MASPreferencesWindowController.m; path = External/MASPreferences/MASPreferencesWindowController.m; sourceTree = SOURCE_ROOT; };
		5FAB2E0B186C3E3700F7948E /* MPGestureViewController.h */ = {isa = PBXFileReference; fileEncoding = 4; lastKnownFileType = sourcecode.c.h; path = MPGestureViewController.h; sourceTree = "<group>"; };
		5FAB2E0C186C3E3700F7948E /* MPGestureViewController.m */ = {isa = PBXFileReference; fileEncoding = 4; lastKnownFileType = sourcecode.c.objc; path = MPGestureViewController.m; sourceTree = "<group>"; };
		5FAB2E10186C3F9300F7948E /* NSFileManager+ApplicationSupport.h */ = {isa = PBXFileReference; fileEncoding = 4; lastKnownFileType = sourcecode.c.h; name = "NSFileManager+ApplicationSupport.h"; path = "DollarP/NSFileManager+ApplicationSupport.h"; sourceTree = SOURCE_ROOT; };
		5FAB2E11186C3F9300F7948E /* NSFileManager+ApplicationSupport.m */ = {isa = PBXFileReference; fileEncoding = 4; lastKnownFileType = sourcecode.c.objc; name = "NSFileManager+ApplicationSupport.m"; path = "DollarP/NSFileManager+ApplicationSupport.m"; sourceTree = SOURCE_ROOT; };
		5FAB2E13186C72DB00F7948E /* MPSymbol.h */ = {isa = PBXFileReference; fileEncoding = 4; lastKnownFileType = sourcecode.c.h; name = MPSymbol.h; path = DollarP/MPSymbol.h; sourceTree = "<group>"; };
		5FAB2E14186C72DB00F7948E /* MPSymbol.m */ = {isa = PBXFileReference; fileEncoding = 4; lastKnownFileType = sourcecode.c.objc; name = MPSymbol.m; path = DollarP/MPSymbol.m; sourceTree = "<group>"; };
		5FF3F15A18690ED500466512 /* DollarP.framework */ = {isa = PBXFileReference; explicitFileType = wrapper.framework; includeInIndex = 0; path = DollarP.framework; sourceTree = BUILT_PRODUCTS_DIR; };
		5FF3F15B18690ED500466512 /* Cocoa.framework */ = {isa = PBXFileReference; lastKnownFileType = wrapper.framework; name = Cocoa.framework; path = Library/Frameworks/Cocoa.framework; sourceTree = DEVELOPER_DIR; };
		5FF3F15E18690ED500466512 /* Foundation.framework */ = {isa = PBXFileReference; lastKnownFileType = wrapper.framework; name = Foundation.framework; path = Library/Frameworks/Foundation.framework; sourceTree = SDKROOT; };
		5FF3F15F18690ED500466512 /* CoreData.framework */ = {isa = PBXFileReference; lastKnownFileType = wrapper.framework; name = CoreData.framework; path = Library/Frameworks/CoreData.framework; sourceTree = SDKROOT; };
		5FF3F16018690ED500466512 /* AppKit.framework */ = {isa = PBXFileReference; lastKnownFileType = wrapper.framework; name = AppKit.framework; path = Library/Frameworks/AppKit.framework; sourceTree = SDKROOT; };
		5FF3F16318690ED500466512 /* DollarP-Info.plist */ = {isa = PBXFileReference; lastKnownFileType = text.plist.xml; path = "DollarP-Info.plist"; sourceTree = "<group>"; };
		5FF3F16518690ED500466512 /* en */ = {isa = PBXFileReference; lastKnownFileType = text.plist.strings; name = en; path = en.lproj/InfoPlist.strings; sourceTree = "<group>"; };
		5FF3F16718690ED500466512 /* DollarP-Prefix.pch */ = {isa = PBXFileReference; lastKnownFileType = sourcecode.c.h; path = "DollarP-Prefix.pch"; sourceTree = "<group>"; };
		5FF3F16F18690ED500466512 /* DollarPTests.xctest */ = {isa = PBXFileReference; explicitFileType = wrapper.cfbundle; includeInIndex = 0; path = DollarPTests.xctest; sourceTree = BUILT_PRODUCTS_DIR; };
		5FF3F17018690ED500466512 /* XCTest.framework */ = {isa = PBXFileReference; lastKnownFileType = wrapper.framework; name = XCTest.framework; path = Library/Frameworks/XCTest.framework; sourceTree = DEVELOPER_DIR; };
		5FF3F17818690ED500466512 /* DollarPTests-Info.plist */ = {isa = PBXFileReference; lastKnownFileType = text.plist.xml; path = "DollarPTests-Info.plist"; sourceTree = "<group>"; };
		5FF3F17A18690ED500466512 /* en */ = {isa = PBXFileReference; lastKnownFileType = text.plist.strings; name = en; path = en.lproj/InfoPlist.strings; sourceTree = "<group>"; };
		5FF3F17C18690ED500466512 /* DollarPTests.m */ = {isa = PBXFileReference; lastKnownFileType = sourcecode.c.objc; path = DollarPTests.m; sourceTree = "<group>"; };
		5FF3F1941869135C00466512 /* DollarP-OSX.app */ = {isa = PBXFileReference; explicitFileType = wrapper.application; includeInIndex = 0; path = "DollarP-OSX.app"; sourceTree = BUILT_PRODUCTS_DIR; };
		5FF3F1981869135C00466512 /* DollarP-OSX-Info.plist */ = {isa = PBXFileReference; lastKnownFileType = text.plist.xml; path = "DollarP-OSX-Info.plist"; sourceTree = "<group>"; };
		5FF3F19A1869135C00466512 /* en */ = {isa = PBXFileReference; lastKnownFileType = text.plist.strings; name = en; path = en.lproj/InfoPlist.strings; sourceTree = "<group>"; };
		5FF3F19C1869135C00466512 /* main.m */ = {isa = PBXFileReference; lastKnownFileType = sourcecode.c.objc; path = main.m; sourceTree = "<group>"; };
		5FF3F19E1869135C00466512 /* DollarP-OSX-Prefix.pch */ = {isa = PBXFileReference; lastKnownFileType = sourcecode.c.h; path = "DollarP-OSX-Prefix.pch"; sourceTree = "<group>"; };
		5FF3F1A01869135C00466512 /* en */ = {isa = PBXFileReference; lastKnownFileType = text.rtf; name = en; path = en.lproj/Credits.rtf; sourceTree = "<group>"; };
		5FF3F1A21869135C00466512 /* MPAppDelegate.h */ = {isa = PBXFileReference; lastKnownFileType = sourcecode.c.h; path = MPAppDelegate.h; sourceTree = "<group>"; };
		5FF3F1A31869135C00466512 /* MPAppDelegate.m */ = {isa = PBXFileReference; lastKnownFileType = sourcecode.c.objc; path = MPAppDelegate.m; sourceTree = "<group>"; };
		5FF3F1A61869135C00466512 /* Base */ = {isa = PBXFileReference; lastKnownFileType = file.xib; name = Base; path = Base.lproj/MainMenu.xib; sourceTree = "<group>"; };
		5FF3F1A81869135C00466512 /* Images.xcassets */ = {isa = PBXFileReference; lastKnownFileType = folder.assetcatalog; path = Images.xcassets; sourceTree = "<group>"; };
		5FF3F1AE1869135C00466512 /* DollarP-OSXTests.xctest */ = {isa = PBXFileReference; explicitFileType = wrapper.cfbundle; includeInIndex = 0; path = "DollarP-OSXTests.xctest"; sourceTree = BUILT_PRODUCTS_DIR; };
		5FF3F1B51869135C00466512 /* DollarP-OSXTests-Info.plist */ = {isa = PBXFileReference; lastKnownFileType = text.plist.xml; path = "DollarP-OSXTests-Info.plist"; sourceTree = "<group>"; };
		5FF3F1B71869135C00466512 /* en */ = {isa = PBXFileReference; lastKnownFileType = text.plist.strings; name = en; path = en.lproj/InfoPlist.strings; sourceTree = "<group>"; };
		5FF3F1B91869135C00466512 /* DollarP_OSXTests.m */ = {isa = PBXFileReference; lastKnownFileType = sourcecode.c.objc; path = DollarP_OSXTests.m; sourceTree = "<group>"; };
		5FF3F1C11869145300466512 /* MPGestureView.h */ = {isa = PBXFileReference; fileEncoding = 4; lastKnownFileType = sourcecode.c.h; path = MPGestureView.h; sourceTree = "<group>"; };
		5FF3F1C21869145300466512 /* MPGestureView.m */ = {isa = PBXFileReference; fileEncoding = 4; lastKnownFileType = sourcecode.c.objc; path = MPGestureView.m; sourceTree = "<group>"; };
		5FF3F1C5186914D700466512 /* DollarStroke.h */ = {isa = PBXFileReference; fileEncoding = 4; lastKnownFileType = sourcecode.c.h; name = DollarStroke.h; path = DollarP_ObjC/libs/DollarP/DollarStroke.h; sourceTree = "<group>"; };
		5FF3F1C6186914D700466512 /* DollarStroke.m */ = {isa = PBXFileReference; fileEncoding = 4; lastKnownFileType = sourcecode.c.objc; name = DollarStroke.m; path = DollarP_ObjC/libs/DollarP/DollarStroke.m; sourceTree = "<group>"; };
		5FF3F1CA1869194200466512 /* MPGestureRecognizer.h */ = {isa = PBXFileReference; fileEncoding = 4; lastKnownFileType = sourcecode.c.h; path = MPGestureRecognizer.h; sourceTree = "<group>"; };
		5FF3F1CB1869194200466512 /* MPGestureRecognizer.m */ = {isa = PBXFileReference; fileEncoding = 4; lastKnownFileType = sourcecode.c.objc; path = MPGestureRecognizer.m; sourceTree = "<group>"; };
		5FF3F24A186A284C00466512 /* ALGLIB.xcodeproj */ = {isa = PBXFileReference; lastKnownFileType = "wrapper.pb-project"; name = ALGLIB.xcodeproj; path = External/alglib/ALGLIB/ALGLIB.xcodeproj; sourceTree = "<group>"; };
		5FF3F258186A2B6100466512 /* DollarStrokeSequence.h */ = {isa = PBXFileReference; fileEncoding = 4; lastKnownFileType = sourcecode.c.h; name = DollarStrokeSequence.h; path = DollarP_ObjC/libs/DollarP/DollarStrokeSequence.h; sourceTree = "<group>"; };
		5FF3F259186A2B6100466512 /* DollarStrokeSequence.m */ = {isa = PBXFileReference; fileEncoding = 4; lastKnownFileType = sourcecode.c.objc; name = DollarStrokeSequence.m; path = DollarP_ObjC/libs/DollarP/DollarStrokeSequence.m; sourceTree = "<group>"; };
		5FF3F25D186A324E00466512 /* DollarStrokeSequenceDatabase.h */ = {isa = PBXFileReference; fileEncoding = 4; lastKnownFileType = sourcecode.c.h; name = DollarStrokeSequenceDatabase.h; path = DollarP_ObjC/libs/DollarP/DollarStrokeSequenceDatabase.h; sourceTree = "<group>"; };
		5FF3F25E186A324E00466512 /* DollarStrokeSequenceDatabase.m */ = {isa = PBXFileReference; fileEncoding = 4; lastKnownFileType = sourcecode.c.objc; name = DollarStrokeSequenceDatabase.m; path = DollarP_ObjC/libs/DollarP/DollarStrokeSequenceDatabase.m; sourceTree = "<group>"; };
		DC219721165E7072009CFCF3 /* DollarP_ObjC.app */ = {isa = PBXFileReference; explicitFileType = wrapper.application; includeInIndex = 0; path = DollarP_ObjC.app; sourceTree = BUILT_PRODUCTS_DIR; };
		DC219725165E7072009CFCF3 /* UIKit.framework */ = {isa = PBXFileReference; lastKnownFileType = wrapper.framework; name = UIKit.framework; path = System/Library/Frameworks/UIKit.framework; sourceTree = SDKROOT; };
		DC219727165E7072009CFCF3 /* Foundation.framework */ = {isa = PBXFileReference; lastKnownFileType = wrapper.framework; name = Foundation.framework; path = System/Library/Frameworks/Foundation.framework; sourceTree = SDKROOT; };
		DC219729165E7072009CFCF3 /* CoreGraphics.framework */ = {isa = PBXFileReference; lastKnownFileType = wrapper.framework; name = CoreGraphics.framework; path = System/Library/Frameworks/CoreGraphics.framework; sourceTree = SDKROOT; };
		DC21972D165E7072009CFCF3 /* DollarP_ObjC-Info.plist */ = {isa = PBXFileReference; lastKnownFileType = text.plist.xml; path = "DollarP_ObjC-Info.plist"; sourceTree = "<group>"; };
		DC21972F165E7072009CFCF3 /* en */ = {isa = PBXFileReference; lastKnownFileType = text.plist.strings; name = en; path = en.lproj/InfoPlist.strings; sourceTree = "<group>"; };
		DC219731165E7072009CFCF3 /* main.m */ = {isa = PBXFileReference; lastKnownFileType = sourcecode.c.objc; path = main.m; sourceTree = "<group>"; };
		DC219733165E7072009CFCF3 /* DollarP_ObjC-Prefix.pch */ = {isa = PBXFileReference; lastKnownFileType = sourcecode.c.h; path = "DollarP_ObjC-Prefix.pch"; sourceTree = "<group>"; };
		DC219734165E7072009CFCF3 /* DollarPAppDelegate.h */ = {isa = PBXFileReference; lastKnownFileType = sourcecode.c.h; path = DollarPAppDelegate.h; sourceTree = "<group>"; };
		DC219735165E7072009CFCF3 /* DollarPAppDelegate.m */ = {isa = PBXFileReference; lastKnownFileType = sourcecode.c.objc; path = DollarPAppDelegate.m; sourceTree = "<group>"; };
		DC219737165E7072009CFCF3 /* Default.png */ = {isa = PBXFileReference; lastKnownFileType = image.png; path = Default.png; sourceTree = "<group>"; };
		DC219739165E7072009CFCF3 /* Default@2x.png */ = {isa = PBXFileReference; lastKnownFileType = image.png; path = "Default@2x.png"; sourceTree = "<group>"; };
		DC21973B165E7072009CFCF3 /* Default-568h@2x.png */ = {isa = PBXFileReference; lastKnownFileType = image.png; path = "Default-568h@2x.png"; sourceTree = "<group>"; };
		DC219742165E7C3E009CFCF3 /* TemplatesViewController.h */ = {isa = PBXFileReference; fileEncoding = 4; lastKnownFileType = sourcecode.c.h; path = TemplatesViewController.h; sourceTree = "<group>"; };
		DC219743165E7C3E009CFCF3 /* TemplatesViewController.m */ = {isa = PBXFileReference; fileEncoding = 4; lastKnownFileType = sourcecode.c.objc; path = TemplatesViewController.m; sourceTree = "<group>"; };
		DC219779165E8073009CFCF3 /* MainStoryboard.storyboard */ = {isa = PBXFileReference; fileEncoding = 4; lastKnownFileType = file.storyboard; path = MainStoryboard.storyboard; sourceTree = "<group>"; };
		DC21977B165E821B009CFCF3 /* multistrokes.gif */ = {isa = PBXFileReference; lastKnownFileType = image.gif; name = multistrokes.gif; path = res/images/multistrokes.gif; sourceTree = "<group>"; };
		DC21978D165E9943009CFCF3 /* GestureViewController.h */ = {isa = PBXFileReference; fileEncoding = 4; lastKnownFileType = sourcecode.c.h; path = GestureViewController.h; sourceTree = "<group>"; };
		DC21978E165E9943009CFCF3 /* GestureViewController.m */ = {isa = PBXFileReference; fileEncoding = 4; lastKnownFileType = sourcecode.c.objc; path = GestureViewController.m; sourceTree = "<group>"; };
		DC219790165E9B1E009CFCF3 /* CustomizeViewController.h */ = {isa = PBXFileReference; fileEncoding = 4; lastKnownFileType = sourcecode.c.h; path = CustomizeViewController.h; sourceTree = "<group>"; };
		DC219791165E9B1E009CFCF3 /* CustomizeViewController.m */ = {isa = PBXFileReference; fileEncoding = 4; lastKnownFileType = sourcecode.c.objc; path = CustomizeViewController.m; sourceTree = "<group>"; };
		DC219798165EA5AF009CFCF3 /* DollarP.h */ = {isa = PBXFileReference; fileEncoding = 4; lastKnownFileType = sourcecode.c.h; name = DollarP.h; path = DollarP_ObjC/libs/DollarP/DollarP.h; sourceTree = "<group>"; };
		DC219799165EA5AF009CFCF3 /* DollarP.m */ = {isa = PBXFileReference; fileEncoding = 4; lastKnownFileType = sourcecode.c.objc; name = DollarP.m; path = DollarP_ObjC/libs/DollarP/DollarP.m; sourceTree = "<group>"; };
		DC21979D165EA66C009CFCF3 /* DollarPoint.h */ = {isa = PBXFileReference; fileEncoding = 4; lastKnownFileType = sourcecode.c.h; name = DollarPoint.h; path = DollarP_ObjC/libs/DollarP/DollarPoint.h; sourceTree = "<group>"; };
		DC21979E165EA66C009CFCF3 /* DollarPoint.m */ = {isa = PBXFileReference; fileEncoding = 4; lastKnownFileType = sourcecode.c.objc; name = DollarPoint.m; path = DollarP_ObjC/libs/DollarP/DollarPoint.m; sourceTree = "<group>"; };
		DC2197A0165EA8D2009CFCF3 /* DollarPointCloud.h */ = {isa = PBXFileReference; fileEncoding = 4; lastKnownFileType = sourcecode.c.h; name = DollarPointCloud.h; path = DollarP_ObjC/libs/DollarP/DollarPointCloud.h; sourceTree = "<group>"; };
		DC2197A1165EA8D2009CFCF3 /* DollarPointCloud.m */ = {isa = PBXFileReference; fileEncoding = 4; lastKnownFileType = sourcecode.c.objc; name = DollarPointCloud.m; path = DollarP_ObjC/libs/DollarP/DollarPointCloud.m; sourceTree = "<group>"; };
		DC2197A3165EAA1F009CFCF3 /* DollarResult.h */ = {isa = PBXFileReference; fileEncoding = 4; lastKnownFileType = sourcecode.c.h; name = DollarResult.h; path = DollarP_ObjC/libs/DollarP/DollarResult.h; sourceTree = "<group>"; };
		DC2197A4165EAA1F009CFCF3 /* DollarResult.m */ = {isa = PBXFileReference; fileEncoding = 4; lastKnownFileType = sourcecode.c.objc; name = DollarResult.m; path = DollarP_ObjC/libs/DollarP/DollarResult.m; sourceTree = "<group>"; };
		DC2197A6165F650B009CFCF3 /* DollarDefaultGestures.h */ = {isa = PBXFileReference; fileEncoding = 4; lastKnownFileType = sourcecode.c.h; name = DollarDefaultGestures.h; path = DollarP_ObjC/libs/DollarP/DollarDefaultGestures.h; sourceTree = "<group>"; };
		DC2197A7165F650C009CFCF3 /* DollarDefaultGestures.m */ = {isa = PBXFileReference; fileEncoding = 4; lastKnownFileType = sourcecode.c.objc; name = DollarDefaultGestures.m; path = DollarP_ObjC/libs/DollarP/DollarDefaultGestures.m; sourceTree = "<group>"; };
		DC2197A9165F8CE8009CFCF3 /* GestureView.h */ = {isa = PBXFileReference; fileEncoding = 4; lastKnownFileType = sourcecode.c.h; path = GestureView.h; sourceTree = "<group>"; };
		DC2197AA165F8CE9009CFCF3 /* GestureView.m */ = {isa = PBXFileReference; fileEncoding = 4; lastKnownFileType = sourcecode.c.objc; path = GestureView.m; sourceTree = "<group>"; };
		DC2197B0165F97C5009CFCF3 /* DollarPGestureRecognizer.h */ = {isa = PBXFileReference; fileEncoding = 4; lastKnownFileType = sourcecode.c.h; name = DollarPGestureRecognizer.h; path = DollarP_ObjC/libs/DollarP/DollarPGestureRecognizer.h; sourceTree = "<group>"; };
		DC2197B1165F97C5009CFCF3 /* DollarPGestureRecognizer.m */ = {isa = PBXFileReference; fileEncoding = 4; lastKnownFileType = sourcecode.c.objc; name = DollarPGestureRecognizer.m; path = DollarP_ObjC/libs/DollarP/DollarPGestureRecognizer.m; sourceTree = "<group>"; };
		DC4B79E9165FED0900A3BF09 /* app-icon.png */ = {isa = PBXFileReference; lastKnownFileType = image.png; name = "app-icon.png"; path = "res/images/app-icon.png"; sourceTree = "<group>"; };
		DC4B79EA165FED0900A3BF09 /* app-icon@2x.png */ = {isa = PBXFileReference; lastKnownFileType = image.png; name = "app-icon@2x.png"; path = "res/images/app-icon@2x.png"; sourceTree = "<group>"; };
/* End PBXFileReference section */

/* Begin PBXFrameworksBuildPhase section */
		5FF3F15618690ED400466512 /* Frameworks */ = {
			isa = PBXFrameworksBuildPhase;
			buildActionMask = 2147483647;
			files = (
				5FF3F257186A28AD00466512 /* ALGLIB.framework in Frameworks */,
				5FF3F15C18690ED500466512 /* Cocoa.framework in Frameworks */,
			);
			runOnlyForDeploymentPostprocessing = 0;
		};
		5FF3F16C18690ED500466512 /* Frameworks */ = {
			isa = PBXFrameworksBuildPhase;
			buildActionMask = 2147483647;
			files = (
				5FF3F17518690ED500466512 /* DollarP.framework in Frameworks */,
				5FF3F17218690ED500466512 /* Cocoa.framework in Frameworks */,
				5FF3F17118690ED500466512 /* XCTest.framework in Frameworks */,
			);
			runOnlyForDeploymentPostprocessing = 0;
		};
		5FF3F1911869135C00466512 /* Frameworks */ = {
			isa = PBXFrameworksBuildPhase;
			buildActionMask = 2147483647;
			files = (
				5FF3F1D0186A0FC700466512 /* DollarP.framework in Frameworks */,
				5FF3F1951869135C00466512 /* Cocoa.framework in Frameworks */,
			);
			runOnlyForDeploymentPostprocessing = 0;
		};
		5FF3F1AB1869135C00466512 /* Frameworks */ = {
			isa = PBXFrameworksBuildPhase;
			buildActionMask = 2147483647;
			files = (
				5F04A431186B32CB00AAC922 /* DollarP.framework in Frameworks */,
				5FF3F1B01869135C00466512 /* Cocoa.framework in Frameworks */,
				5FF3F1AF1869135C00466512 /* XCTest.framework in Frameworks */,
			);
			runOnlyForDeploymentPostprocessing = 0;
		};
		DC21971E165E7072009CFCF3 /* Frameworks */ = {
			isa = PBXFrameworksBuildPhase;
			buildActionMask = 2147483647;
			files = (
				DC219726165E7072009CFCF3 /* UIKit.framework in Frameworks */,
				DC219728165E7072009CFCF3 /* Foundation.framework in Frameworks */,
				DC21972A165E7072009CFCF3 /* CoreGraphics.framework in Frameworks */,
			);
			runOnlyForDeploymentPostprocessing = 0;
		};
/* End PBXFrameworksBuildPhase section */

/* Begin PBXGroup section */
		5F858637186B6D2A00AD762E /* Products */ = {
			isa = PBXGroup;
			children = (
				5F85863D186B6D2A00AD762E /* MPRandomForest.framework */,
				5F85863F186B6D2A00AD762E /* MPRandomForestTests.xctest */,
			);
			name = Products;
			sourceTree = "<group>";
		};
		5FAB2E09186C3DC400F7948E /* External */ = {
			isa = PBXGroup;
			children = (
				5FAB2E0A186C3DCB00F7948E /* MASPreferences */,
			);
			name = External;
			sourceTree = "<group>";
		};
		5FAB2E0A186C3DCB00F7948E /* MASPreferences */ = {
			isa = PBXGroup;
			children = (
				5FAB2E00186C3DC100F7948E /* MASPreferencesViewController.h */,
				5FAB2E01186C3DC100F7948E /* MASPreferencesWindow.xib */,
				5FAB2E02186C3DC100F7948E /* MASPreferencesWindowController.h */,
				5FAB2E03186C3DC100F7948E /* MASPreferencesWindowController.m */,
			);
			name = MASPreferences;
			sourceTree = "<group>";
		};
		5FF3F15D18690ED500466512 /* Other Frameworks */ = {
			isa = PBXGroup;
			children = (
				5FF3F15E18690ED500466512 /* Foundation.framework */,
				5FF3F15F18690ED500466512 /* CoreData.framework */,
				5FF3F16018690ED500466512 /* AppKit.framework */,
			);
			name = "Other Frameworks";
			sourceTree = "<group>";
		};
		5FF3F16118690ED500466512 /* DollarP */ = {
			isa = PBXGroup;
			children = (
				5FF3F16218690ED500466512 /* Supporting Files */,
				5FF3F1C11869145300466512 /* MPGestureView.h */,
				5FF3F1C21869145300466512 /* MPGestureView.m */,
				5FF3F1CA1869194200466512 /* MPGestureRecognizer.h */,
				5FF3F1CB1869194200466512 /* MPGestureRecognizer.m */,
			);
			path = DollarP;
			sourceTree = "<group>";
		};
		5FF3F16218690ED500466512 /* Supporting Files */ = {
			isa = PBXGroup;
			children = (
				5FF3F16318690ED500466512 /* DollarP-Info.plist */,
				5FF3F16418690ED500466512 /* InfoPlist.strings */,
				5FF3F16718690ED500466512 /* DollarP-Prefix.pch */,
			);
			name = "Supporting Files";
			sourceTree = "<group>";
		};
		5FF3F17618690ED500466512 /* DollarPTests */ = {
			isa = PBXGroup;
			children = (
				5FF3F17C18690ED500466512 /* DollarPTests.m */,
				5FF3F17718690ED500466512 /* Supporting Files */,
			);
			path = DollarPTests;
			sourceTree = "<group>";
		};
		5FF3F17718690ED500466512 /* Supporting Files */ = {
			isa = PBXGroup;
			children = (
				5FF3F17818690ED500466512 /* DollarPTests-Info.plist */,
				5FF3F17918690ED500466512 /* InfoPlist.strings */,
			);
			name = "Supporting Files";
			sourceTree = "<group>";
		};
		5FF3F1961869135C00466512 /* DollarP-OSX */ = {
			isa = PBXGroup;
			children = (
				5FAB2E09186C3DC400F7948E /* External */,
				5FF3F1A21869135C00466512 /* MPAppDelegate.h */,
				5FF3F1A31869135C00466512 /* MPAppDelegate.m */,
				5FAB2E0B186C3E3700F7948E /* MPGestureViewController.h */,
				5FAB2E0C186C3E3700F7948E /* MPGestureViewController.m */,
				5FF3F1A51869135C00466512 /* MainMenu.xib */,
				5FF3F1A81869135C00466512 /* Images.xcassets */,
				5FF3F1971869135C00466512 /* Supporting Files */,
				5FAB2E10186C3F9300F7948E /* NSFileManager+ApplicationSupport.h */,
				5FAB2E11186C3F9300F7948E /* NSFileManager+ApplicationSupport.m */,
			);
			path = "DollarP-OSX";
			sourceTree = "<group>";
		};
		5FF3F1971869135C00466512 /* Supporting Files */ = {
			isa = PBXGroup;
			children = (
				5FF3F1981869135C00466512 /* DollarP-OSX-Info.plist */,
				5FF3F1991869135C00466512 /* InfoPlist.strings */,
				5FF3F19C1869135C00466512 /* main.m */,
				5FF3F19E1869135C00466512 /* DollarP-OSX-Prefix.pch */,
				5FF3F19F1869135C00466512 /* Credits.rtf */,
			);
			name = "Supporting Files";
			sourceTree = "<group>";
		};
		5FF3F1B31869135C00466512 /* DollarP-OSXTests */ = {
			isa = PBXGroup;
			children = (
				5FF3F1B91869135C00466512 /* DollarP_OSXTests.m */,
				5FF3F1B41869135C00466512 /* Supporting Files */,
			);
			path = "DollarP-OSXTests";
			sourceTree = "<group>";
		};
		5FF3F1B41869135C00466512 /* Supporting Files */ = {
			isa = PBXGroup;
			children = (
				5FF3F1B51869135C00466512 /* DollarP-OSXTests-Info.plist */,
				5FF3F1B61869135C00466512 /* InfoPlist.strings */,
			);
			name = "Supporting Files";
			sourceTree = "<group>";
		};
		5FF3F24B186A284C00466512 /* Products */ = {
			isa = PBXGroup;
			children = (
				5FF3F250186A284C00466512 /* ALGLIB.framework */,
				5FF3F252186A284C00466512 /* ALGLIBTests.xctest */,
			);
			name = Products;
			sourceTree = "<group>";
		};
		DC219716165E7072009CFCF3 = {
			isa = PBXGroup;
			children = (
				DC21972B165E7072009CFCF3 /* DollarP_ObjC */,
				5FF3F16118690ED500466512 /* DollarP */,
				5FF3F17618690ED500466512 /* DollarPTests */,
				5FF3F1961869135C00466512 /* DollarP-OSX */,
				5FF3F1B31869135C00466512 /* DollarP-OSXTests */,
				DC219724165E7072009CFCF3 /* Frameworks */,
				DC219722165E7072009CFCF3 /* Products */,
			);
			sourceTree = "<group>";
		};
		DC219722165E7072009CFCF3 /* Products */ = {
			isa = PBXGroup;
			children = (
				DC219721165E7072009CFCF3 /* DollarP_ObjC.app */,
				5FF3F15A18690ED500466512 /* DollarP.framework */,
				5FF3F16F18690ED500466512 /* DollarPTests.xctest */,
				5FF3F1941869135C00466512 /* DollarP-OSX.app */,
				5FF3F1AE1869135C00466512 /* DollarP-OSXTests.xctest */,
			);
			name = Products;
			sourceTree = "<group>";
		};
		DC219724165E7072009CFCF3 /* Frameworks */ = {
			isa = PBXGroup;
			children = (
				5F858636186B6D2A00AD762E /* MPRandomForest.xcodeproj */,
				5FF3F24A186A284C00466512 /* ALGLIB.xcodeproj */,
				DC219725165E7072009CFCF3 /* UIKit.framework */,
				DC219727165E7072009CFCF3 /* Foundation.framework */,
				DC219729165E7072009CFCF3 /* CoreGraphics.framework */,
				5FF3F15B18690ED500466512 /* Cocoa.framework */,
				5FF3F17018690ED500466512 /* XCTest.framework */,
				5FF3F15D18690ED500466512 /* Other Frameworks */,
			);
			name = Frameworks;
			sourceTree = "<group>";
		};
		DC21972B165E7072009CFCF3 /* DollarP_ObjC */ = {
			isa = PBXGroup;
			children = (
				DC21979B165EA5C3009CFCF3 /* libs */,
				DC219734165E7072009CFCF3 /* DollarPAppDelegate.h */,
				DC219735165E7072009CFCF3 /* DollarPAppDelegate.m */,
				DC219779165E8073009CFCF3 /* MainStoryboard.storyboard */,
				DC21978D165E9943009CFCF3 /* GestureViewController.h */,
				DC21978E165E9943009CFCF3 /* GestureViewController.m */,
				DC2197A9165F8CE8009CFCF3 /* GestureView.h */,
				DC2197AA165F8CE9009CFCF3 /* GestureView.m */,
				DC219742165E7C3E009CFCF3 /* TemplatesViewController.h */,
				DC219743165E7C3E009CFCF3 /* TemplatesViewController.m */,
				DC219790165E9B1E009CFCF3 /* CustomizeViewController.h */,
				DC219791165E9B1E009CFCF3 /* CustomizeViewController.m */,
				DC21972C165E7072009CFCF3 /* Supporting Files */,
			);
			path = DollarP_ObjC;
			sourceTree = "<group>";
		};
		DC21972C165E7072009CFCF3 /* Supporting Files */ = {
			isa = PBXGroup;
			children = (
				DC4B79E9165FED0900A3BF09 /* app-icon.png */,
				DC4B79EA165FED0900A3BF09 /* app-icon@2x.png */,
				DC21977B165E821B009CFCF3 /* multistrokes.gif */,
				DC21972D165E7072009CFCF3 /* DollarP_ObjC-Info.plist */,
				DC21972E165E7072009CFCF3 /* InfoPlist.strings */,
				DC219731165E7072009CFCF3 /* main.m */,
				DC219733165E7072009CFCF3 /* DollarP_ObjC-Prefix.pch */,
				DC219737165E7072009CFCF3 /* Default.png */,
				DC219739165E7072009CFCF3 /* Default@2x.png */,
				DC21973B165E7072009CFCF3 /* Default-568h@2x.png */,
			);
			name = "Supporting Files";
			sourceTree = "<group>";
		};
		DC21979B165EA5C3009CFCF3 /* libs */ = {
			isa = PBXGroup;
			children = (
				DC21979C165EA5CB009CFCF3 /* DollarP */,
			);
			name = libs;
			path = ..;
			sourceTree = "<group>";
		};
		DC21979C165EA5CB009CFCF3 /* DollarP */ = {
			isa = PBXGroup;
			children = (
				DC219798165EA5AF009CFCF3 /* DollarP.h */,
				DC219799165EA5AF009CFCF3 /* DollarP.m */,
				DC2197B0165F97C5009CFCF3 /* DollarPGestureRecognizer.h */,
				DC2197B1165F97C5009CFCF3 /* DollarPGestureRecognizer.m */,
				DC2197A6165F650B009CFCF3 /* DollarDefaultGestures.h */,
				DC2197A7165F650C009CFCF3 /* DollarDefaultGestures.m */,
				DC21979D165EA66C009CFCF3 /* DollarPoint.h */,
				DC21979E165EA66C009CFCF3 /* DollarPoint.m */,
				DC2197A0165EA8D2009CFCF3 /* DollarPointCloud.h */,
				DC2197A1165EA8D2009CFCF3 /* DollarPointCloud.m */,
				DC2197A3165EAA1F009CFCF3 /* DollarResult.h */,
				DC2197A4165EAA1F009CFCF3 /* DollarResult.m */,
				5FF3F1C5186914D700466512 /* DollarStroke.h */,
				5FF3F1C6186914D700466512 /* DollarStroke.m */,
				5FF3F258186A2B6100466512 /* DollarStrokeSequence.h */,
				5FF3F259186A2B6100466512 /* DollarStrokeSequence.m */,
				5FF3F25D186A324E00466512 /* DollarStrokeSequenceDatabase.h */,
				5FF3F25E186A324E00466512 /* DollarStrokeSequenceDatabase.m */,
				5FAB2E13186C72DB00F7948E /* MPSymbol.h */,
				5FAB2E14186C72DB00F7948E /* MPSymbol.m */,
			);
			name = DollarP;
			sourceTree = "<group>";
		};
/* End PBXGroup section */

/* Begin PBXHeadersBuildPhase section */
		5FF3F15718690ED400466512 /* Headers */ = {
			isa = PBXHeadersBuildPhase;
			buildActionMask = 2147483647;
			files = (
				5FF3F18C18690EF100466512 /* DollarDefaultGestures.h in Headers */,
				5FF3F1C7186914D700466512 /* DollarStroke.h in Headers */,
				5FF3F18F18690EF100466512 /* DollarResult.h in Headers */,
				5FF3F18A18690EF100466512 /* DollarP.h in Headers */,
				5FF3F1C31869145300466512 /* MPGestureView.h in Headers */,
				5FF3F25F186A324E00466512 /* DollarStrokeSequenceDatabase.h in Headers */,
				5FF3F18E18690EF100466512 /* DollarPointCloud.h in Headers */,
				5FF3F18D18690EF100466512 /* DollarPoint.h in Headers */,
				5FF3F1CC1869194200466512 /* MPGestureRecognizer.h in Headers */,
			);
			runOnlyForDeploymentPostprocessing = 0;
		};
/* End PBXHeadersBuildPhase section */

/* Begin PBXNativeTarget section */
		5FF3F15918690ED400466512 /* DollarP */ = {
			isa = PBXNativeTarget;
			buildConfigurationList = 5FF3F18218690ED500466512 /* Build configuration list for PBXNativeTarget "DollarP" */;
			buildPhases = (
				5FF3F15518690ED400466512 /* Sources */,
				5FF3F15618690ED400466512 /* Frameworks */,
				5FF3F15718690ED400466512 /* Headers */,
				5FF3F15818690ED400466512 /* Resources */,
			);
			buildRules = (
			);
			dependencies = (
				5FF3F254186A285400466512 /* PBXTargetDependency */,
			);
			name = DollarP;
			productName = DollarP;
			productReference = 5FF3F15A18690ED500466512 /* DollarP.framework */;
			productType = "com.apple.product-type.framework";
		};
		5FF3F16E18690ED500466512 /* DollarPTests */ = {
			isa = PBXNativeTarget;
			buildConfigurationList = 5FF3F18318690ED500466512 /* Build configuration list for PBXNativeTarget "DollarPTests" */;
			buildPhases = (
				5FF3F16B18690ED500466512 /* Sources */,
				5FF3F16C18690ED500466512 /* Frameworks */,
				5FF3F16D18690ED500466512 /* Resources */,
			);
			buildRules = (
			);
			dependencies = (
				5FF3F17418690ED500466512 /* PBXTargetDependency */,
			);
			name = DollarPTests;
			productName = DollarPTests;
			productReference = 5FF3F16F18690ED500466512 /* DollarPTests.xctest */;
			productType = "com.apple.product-type.bundle.unit-test";
		};
		5FF3F1931869135C00466512 /* DollarP-OSX */ = {
			isa = PBXNativeTarget;
			buildConfigurationList = 5FF3F1BB1869135D00466512 /* Build configuration list for PBXNativeTarget "DollarP-OSX" */;
			buildPhases = (
				5FF3F1901869135C00466512 /* Sources */,
				5FF3F1911869135C00466512 /* Frameworks */,
				5FF3F1921869135C00466512 /* Resources */,
			);
			buildRules = (
			);
			dependencies = (
				5F04A42E186B2EEC00AAC922 /* PBXTargetDependency */,
			);
			name = "DollarP-OSX";
			productName = "DollarP-OSX";
			productReference = 5FF3F1941869135C00466512 /* DollarP-OSX.app */;
			productType = "com.apple.product-type.application";
		};
		5FF3F1AD1869135C00466512 /* DollarP-OSXTests */ = {
			isa = PBXNativeTarget;
			buildConfigurationList = 5FF3F1BE1869135D00466512 /* Build configuration list for PBXNativeTarget "DollarP-OSXTests" */;
			buildPhases = (
				5FF3F1AA1869135C00466512 /* Sources */,
				5FF3F1AB1869135C00466512 /* Frameworks */,
				5FF3F1AC1869135C00466512 /* Resources */,
			);
			buildRules = (
			);
			dependencies = (
				5F04A430186B32C600AAC922 /* PBXTargetDependency */,
				5FF3F1B21869135C00466512 /* PBXTargetDependency */,
			);
			name = "DollarP-OSXTests";
			productName = "DollarP-OSXTests";
			productReference = 5FF3F1AE1869135C00466512 /* DollarP-OSXTests.xctest */;
			productType = "com.apple.product-type.bundle.unit-test";
		};
		DC219720165E7072009CFCF3 /* DollarP_ObjC */ = {
			isa = PBXNativeTarget;
			buildConfigurationList = DC21973F165E7072009CFCF3 /* Build configuration list for PBXNativeTarget "DollarP_ObjC" */;
			buildPhases = (
				DC21971D165E7072009CFCF3 /* Sources */,
				DC21971E165E7072009CFCF3 /* Frameworks */,
				DC21971F165E7072009CFCF3 /* Resources */,
			);
			buildRules = (
			);
			dependencies = (
			);
			name = DollarP_ObjC;
			productName = DollarP_ObjC;
			productReference = DC219721165E7072009CFCF3 /* DollarP_ObjC.app */;
			productType = "com.apple.product-type.application";
		};
/* End PBXNativeTarget section */

/* Begin PBXProject section */
		DC219718165E7072009CFCF3 /* Project object */ = {
			isa = PBXProject;
			attributes = {
				CLASSPREFIX = DollarP;
				LastUpgradeCheck = 0450;
				ORGANIZATIONNAME = de.ur;
				TargetAttributes = {
					5FF3F16E18690ED500466512 = {
						TestTargetID = DC219720165E7072009CFCF3;
					};
					5FF3F1AD1869135C00466512 = {
						TestTargetID = DC219720165E7072009CFCF3;
					};
				};
			};
			buildConfigurationList = DC21971B165E7072009CFCF3 /* Build configuration list for PBXProject "DollarP_ObjC" */;
			compatibilityVersion = "Xcode 3.2";
			developmentRegion = English;
			hasScannedForEncodings = 0;
			knownRegions = (
				en,
				Base,
			);
			mainGroup = DC219716165E7072009CFCF3;
			productRefGroup = DC219722165E7072009CFCF3 /* Products */;
			projectDirPath = "";
			projectReferences = (
				{
					ProductGroup = 5FF3F24B186A284C00466512 /* Products */;
					ProjectRef = 5FF3F24A186A284C00466512 /* ALGLIB.xcodeproj */;
				},
				{
					ProductGroup = 5F858637186B6D2A00AD762E /* Products */;
					ProjectRef = 5F858636186B6D2A00AD762E /* MPRandomForest.xcodeproj */;
				},
			);
			projectRoot = "";
			targets = (
				DC219720165E7072009CFCF3 /* DollarP_ObjC */,
				5FF3F15918690ED400466512 /* DollarP */,
				5FF3F16E18690ED500466512 /* DollarPTests */,
				5FF3F1931869135C00466512 /* DollarP-OSX */,
				5FF3F1AD1869135C00466512 /* DollarP-OSXTests */,
			);
		};
/* End PBXProject section */

/* Begin PBXReferenceProxy section */
		5F85863D186B6D2A00AD762E /* MPRandomForest.framework */ = {
			isa = PBXReferenceProxy;
			fileType = wrapper.framework;
			path = MPRandomForest.framework;
			remoteRef = 5F85863C186B6D2A00AD762E /* PBXContainerItemProxy */;
			sourceTree = BUILT_PRODUCTS_DIR;
		};
		5F85863F186B6D2A00AD762E /* MPRandomForestTests.xctest */ = {
			isa = PBXReferenceProxy;
			fileType = wrapper.cfbundle;
			path = MPRandomForestTests.xctest;
			remoteRef = 5F85863E186B6D2A00AD762E /* PBXContainerItemProxy */;
			sourceTree = BUILT_PRODUCTS_DIR;
		};
		5FF3F250186A284C00466512 /* ALGLIB.framework */ = {
			isa = PBXReferenceProxy;
			fileType = wrapper.framework;
			path = ALGLIB.framework;
			remoteRef = 5FF3F24F186A284C00466512 /* PBXContainerItemProxy */;
			sourceTree = BUILT_PRODUCTS_DIR;
		};
		5FF3F252186A284C00466512 /* ALGLIBTests.xctest */ = {
			isa = PBXReferenceProxy;
			fileType = wrapper.cfbundle;
			path = ALGLIBTests.xctest;
			remoteRef = 5FF3F251186A284C00466512 /* PBXContainerItemProxy */;
			sourceTree = BUILT_PRODUCTS_DIR;
		};
/* End PBXReferenceProxy section */

/* Begin PBXResourcesBuildPhase section */
		5FF3F15818690ED400466512 /* Resources */ = {
			isa = PBXResourcesBuildPhase;
			buildActionMask = 2147483647;
			files = (
				5FF3F16618690ED500466512 /* InfoPlist.strings in Resources */,
			);
			runOnlyForDeploymentPostprocessing = 0;
		};
		5FF3F16D18690ED500466512 /* Resources */ = {
			isa = PBXResourcesBuildPhase;
			buildActionMask = 2147483647;
			files = (
				5FF3F17B18690ED500466512 /* InfoPlist.strings in Resources */,
			);
			runOnlyForDeploymentPostprocessing = 0;
		};
		5FF3F1921869135C00466512 /* Resources */ = {
			isa = PBXResourcesBuildPhase;
			buildActionMask = 2147483647;
			files = (
				5FF3F19B1869135C00466512 /* InfoPlist.strings in Resources */,
				5FF3F1A91869135C00466512 /* Images.xcassets in Resources */,
				5FAB2E04186C3DC100F7948E /* MASPreferencesWindow.xib in Resources */,
				5FF3F1A11869135C00466512 /* Credits.rtf in Resources */,
				5FF3F1A71869135C00466512 /* MainMenu.xib in Resources */,
			);
			runOnlyForDeploymentPostprocessing = 0;
		};
		5FF3F1AC1869135C00466512 /* Resources */ = {
			isa = PBXResourcesBuildPhase;
			buildActionMask = 2147483647;
			files = (
				5FF3F1B81869135C00466512 /* InfoPlist.strings in Resources */,
			);
			runOnlyForDeploymentPostprocessing = 0;
		};
		DC21971F165E7072009CFCF3 /* Resources */ = {
			isa = PBXResourcesBuildPhase;
			buildActionMask = 2147483647;
			files = (
				DC219730165E7072009CFCF3 /* InfoPlist.strings in Resources */,
				DC219738165E7072009CFCF3 /* Default.png in Resources */,
				DC21973A165E7072009CFCF3 /* Default@2x.png in Resources */,
				DC21973C165E7072009CFCF3 /* Default-568h@2x.png in Resources */,
				DC21977A165E8073009CFCF3 /* MainStoryboard.storyboard in Resources */,
				DC21977C165E821B009CFCF3 /* multistrokes.gif in Resources */,
				DC4B79EB165FED0900A3BF09 /* app-icon.png in Resources */,
				DC4B79EC165FED0900A3BF09 /* app-icon@2x.png in Resources */,
			);
			runOnlyForDeploymentPostprocessing = 0;
		};
/* End PBXResourcesBuildPhase section */

/* Begin PBXSourcesBuildPhase section */
		5FF3F15518690ED400466512 /* Sources */ = {
			isa = PBXSourcesBuildPhase;
			buildActionMask = 2147483647;
			files = (
				5FF3F1C41869145300466512 /* MPGestureView.m in Sources */,
				5FAB2E16186C72DD00F7948E /* MPSymbol.m in Sources */,
				5FF3F18818690EE400466512 /* DollarPointCloud.m in Sources */,
				5FF3F18418690EDB00466512 /* DollarP.m in Sources */,
				5FF3F261186A324E00466512 /* DollarStrokeSequenceDatabase.m in Sources */,
				5FF3F18718690EE200466512 /* DollarPoint.m in Sources */,
				5FF3F1CD1869194200466512 /* MPGestureRecognizer.m in Sources */,
				5FF3F18618690EDF00466512 /* DollarDefaultGestures.m in Sources */,
				5FF3F1C9186914D700466512 /* DollarStroke.m in Sources */,
				5FF3F18918690EE600466512 /* DollarResult.m in Sources */,
				5FF3F25C186A2B6600466512 /* DollarStrokeSequence.m in Sources */,
			);
			runOnlyForDeploymentPostprocessing = 0;
		};
		5FF3F16B18690ED500466512 /* Sources */ = {
			isa = PBXSourcesBuildPhase;
			buildActionMask = 2147483647;
			files = (
				5FF3F17D18690ED500466512 /* DollarPTests.m in Sources */,
			);
			runOnlyForDeploymentPostprocessing = 0;
		};
		5FF3F1901869135C00466512 /* Sources */ = {
			isa = PBXSourcesBuildPhase;
			buildActionMask = 2147483647;
			files = (
				5FF3F19D1869135C00466512 /* main.m in Sources */,
				5FAB2E05186C3DC100F7948E /* MASPreferencesWindowController.m in Sources */,
				5FF3F1A41869135C00466512 /* MPAppDelegate.m in Sources */,
				5FAB2E0E186C3E3700F7948E /* MPGestureViewController.m in Sources */,
				5FAB2E12186C3F9300F7948E /* NSFileManager+ApplicationSupport.m in Sources */,
			);
			runOnlyForDeploymentPostprocessing = 0;
		};
		5FF3F1AA1869135C00466512 /* Sources */ = {
			isa = PBXSourcesBuildPhase;
			buildActionMask = 2147483647;
			files = (
				5FF3F1BA1869135C00466512 /* DollarP_OSXTests.m in Sources */,
			);
			runOnlyForDeploymentPostprocessing = 0;
		};
		DC21971D165E7072009CFCF3 /* Sources */ = {
			isa = PBXSourcesBuildPhase;
			buildActionMask = 2147483647;
			files = (
				DC219732165E7072009CFCF3 /* main.m in Sources */,
				DC219736165E7072009CFCF3 /* DollarPAppDelegate.m in Sources */,
				DC219745165E7C3E009CFCF3 /* TemplatesViewController.m in Sources */,
				5FF3F260186A324E00466512 /* DollarStrokeSequenceDatabase.m in Sources */,
				DC21978F165E9943009CFCF3 /* GestureViewController.m in Sources */,
				DC219792165E9B1E009CFCF3 /* CustomizeViewController.m in Sources */,
				DC21979A165EA5AF009CFCF3 /* DollarP.m in Sources */,
				DC21979F165EA66C009CFCF3 /* DollarPoint.m in Sources */,
				5FAB2E15186C72DB00F7948E /* MPSymbol.m in Sources */,
				DC2197A2165EA8D2009CFCF3 /* DollarPointCloud.m in Sources */,
				DC2197A5165EAA20009CFCF3 /* DollarResult.m in Sources */,
				5FF3F1C8186914D700466512 /* DollarStroke.m in Sources */,
				5FF3F25B186A2B6600466512 /* DollarStrokeSequence.m in Sources */,
				DC2197A8165F650C009CFCF3 /* DollarDefaultGestures.m in Sources */,
				DC2197AB165F8CE9009CFCF3 /* GestureView.m in Sources */,
				DC2197B2165F97C6009CFCF3 /* DollarPGestureRecognizer.m in Sources */,
			);
			runOnlyForDeploymentPostprocessing = 0;
		};
/* End PBXSourcesBuildPhase section */

/* Begin PBXTargetDependency section */
		5F04A42E186B2EEC00AAC922 /* PBXTargetDependency */ = {
			isa = PBXTargetDependency;
			target = 5FF3F15918690ED400466512 /* DollarP */;
			targetProxy = 5F04A42D186B2EEC00AAC922 /* PBXContainerItemProxy */;
		};
		5F04A430186B32C600AAC922 /* PBXTargetDependency */ = {
			isa = PBXTargetDependency;
			target = 5FF3F15918690ED400466512 /* DollarP */;
			targetProxy = 5F04A42F186B32C600AAC922 /* PBXContainerItemProxy */;
		};
		5FF3F17418690ED500466512 /* PBXTargetDependency */ = {
			isa = PBXTargetDependency;
			target = 5FF3F15918690ED400466512 /* DollarP */;
			targetProxy = 5FF3F17318690ED500466512 /* PBXContainerItemProxy */;
		};
		5FF3F1B21869135C00466512 /* PBXTargetDependency */ = {
			isa = PBXTargetDependency;
			target = 5FF3F1931869135C00466512 /* DollarP-OSX */;
			targetProxy = 5FF3F1B11869135C00466512 /* PBXContainerItemProxy */;
		};
		5FF3F254186A285400466512 /* PBXTargetDependency */ = {
			isa = PBXTargetDependency;
			name = ALGLIB;
			targetProxy = 5FF3F253186A285400466512 /* PBXContainerItemProxy */;
		};
/* End PBXTargetDependency section */

/* Begin PBXVariantGroup section */
		5FF3F16418690ED500466512 /* InfoPlist.strings */ = {
			isa = PBXVariantGroup;
			children = (
				5FF3F16518690ED500466512 /* en */,
			);
			name = InfoPlist.strings;
			sourceTree = "<group>";
		};
		5FF3F17918690ED500466512 /* InfoPlist.strings */ = {
			isa = PBXVariantGroup;
			children = (
				5FF3F17A18690ED500466512 /* en */,
			);
			name = InfoPlist.strings;
			sourceTree = "<group>";
		};
		5FF3F1991869135C00466512 /* InfoPlist.strings */ = {
			isa = PBXVariantGroup;
			children = (
				5FF3F19A1869135C00466512 /* en */,
			);
			name = InfoPlist.strings;
			sourceTree = "<group>";
		};
		5FF3F19F1869135C00466512 /* Credits.rtf */ = {
			isa = PBXVariantGroup;
			children = (
				5FF3F1A01869135C00466512 /* en */,
			);
			name = Credits.rtf;
			sourceTree = "<group>";
		};
		5FF3F1A51869135C00466512 /* MainMenu.xib */ = {
			isa = PBXVariantGroup;
			children = (
				5FF3F1A61869135C00466512 /* Base */,
			);
			name = MainMenu.xib;
			sourceTree = "<group>";
		};
		5FF3F1B61869135C00466512 /* InfoPlist.strings */ = {
			isa = PBXVariantGroup;
			children = (
				5FF3F1B71869135C00466512 /* en */,
			);
			name = InfoPlist.strings;
			sourceTree = "<group>";
		};
		DC21972E165E7072009CFCF3 /* InfoPlist.strings */ = {
			isa = PBXVariantGroup;
			children = (
				DC21972F165E7072009CFCF3 /* en */,
			);
			name = InfoPlist.strings;
			sourceTree = "<group>";
		};
/* End PBXVariantGroup section */

/* Begin XCBuildConfiguration section */
		5FF3F17E18690ED500466512 /* Debug */ = {
			isa = XCBuildConfiguration;
			buildSettings = {
				CLANG_WARN_BOOL_CONVERSION = YES;
				CLANG_WARN_CONSTANT_CONVERSION = YES;
				CLANG_WARN_DIRECT_OBJC_ISA_USAGE = YES_ERROR;
				CLANG_WARN_ENUM_CONVERSION = YES;
				CLANG_WARN_INT_CONVERSION = YES;
				CLANG_WARN_OBJC_ROOT_CLASS = YES_ERROR;
				COMBINE_HIDPI_IMAGES = YES;
				DYLIB_COMPATIBILITY_VERSION = 1;
				DYLIB_CURRENT_VERSION = 1;
				FRAMEWORK_SEARCH_PATHS = (
					"$(inherited)",
					"$(DEVELOPER_FRAMEWORKS_DIR)",
				);
				FRAMEWORK_VERSION = A;
				GCC_ENABLE_OBJC_EXCEPTIONS = YES;
				GCC_PRECOMPILE_PREFIX_HEADER = YES;
				GCC_PREFIX_HEADER = "DollarP/DollarP-Prefix.pch";
				GCC_PREPROCESSOR_DEFINITIONS = (
					"DEBUG=1",
					"$(inherited)",
				);
				GCC_WARN_64_TO_32_BIT_CONVERSION = YES;
				GCC_WARN_ABOUT_RETURN_TYPE = YES_ERROR;
				GCC_WARN_UNDECLARED_SELECTOR = YES;
				GCC_WARN_UNUSED_FUNCTION = YES;
				INFOPLIST_FILE = "DollarP/DollarP-Info.plist";
				MACOSX_DEPLOYMENT_TARGET = 10.9;
				PRODUCT_NAME = "$(TARGET_NAME)";
				SDKROOT = macosx;
				WRAPPER_EXTENSION = framework;
			};
			name = Debug;
		};
		5FF3F17F18690ED500466512 /* Release */ = {
			isa = XCBuildConfiguration;
			buildSettings = {
				CLANG_WARN_BOOL_CONVERSION = YES;
				CLANG_WARN_CONSTANT_CONVERSION = YES;
				CLANG_WARN_DIRECT_OBJC_ISA_USAGE = YES_ERROR;
				CLANG_WARN_ENUM_CONVERSION = YES;
				CLANG_WARN_INT_CONVERSION = YES;
				CLANG_WARN_OBJC_ROOT_CLASS = YES_ERROR;
				COMBINE_HIDPI_IMAGES = YES;
				DEBUG_INFORMATION_FORMAT = "dwarf-with-dsym";
				DYLIB_COMPATIBILITY_VERSION = 1;
				DYLIB_CURRENT_VERSION = 1;
				ENABLE_NS_ASSERTIONS = NO;
				FRAMEWORK_SEARCH_PATHS = (
					"$(inherited)",
					"$(DEVELOPER_FRAMEWORKS_DIR)",
				);
				FRAMEWORK_VERSION = A;
				GCC_ENABLE_OBJC_EXCEPTIONS = YES;
				GCC_PRECOMPILE_PREFIX_HEADER = YES;
				GCC_PREFIX_HEADER = "DollarP/DollarP-Prefix.pch";
				GCC_WARN_64_TO_32_BIT_CONVERSION = YES;
				GCC_WARN_ABOUT_RETURN_TYPE = YES_ERROR;
				GCC_WARN_UNDECLARED_SELECTOR = YES;
				GCC_WARN_UNUSED_FUNCTION = YES;
				INFOPLIST_FILE = "DollarP/DollarP-Info.plist";
				MACOSX_DEPLOYMENT_TARGET = 10.9;
				PRODUCT_NAME = "$(TARGET_NAME)";
				SDKROOT = macosx;
				WRAPPER_EXTENSION = framework;
			};
			name = Release;
		};
		5FF3F18018690ED500466512 /* Debug */ = {
			isa = XCBuildConfiguration;
			buildSettings = {
				BUNDLE_LOADER = "$(BUILT_PRODUCTS_DIR)/DollarP_ObjC.app/DollarP_ObjC";
				CLANG_WARN_BOOL_CONVERSION = YES;
				CLANG_WARN_CONSTANT_CONVERSION = YES;
				CLANG_WARN_DIRECT_OBJC_ISA_USAGE = YES_ERROR;
				CLANG_WARN_ENUM_CONVERSION = YES;
				CLANG_WARN_INT_CONVERSION = YES;
				CLANG_WARN_OBJC_ROOT_CLASS = YES_ERROR;
				COMBINE_HIDPI_IMAGES = YES;
				FRAMEWORK_SEARCH_PATHS = (
					"$(DEVELOPER_FRAMEWORKS_DIR)",
					"$(inherited)",
				);
				GCC_ENABLE_OBJC_EXCEPTIONS = YES;
				GCC_PRECOMPILE_PREFIX_HEADER = YES;
				GCC_PREFIX_HEADER = "DollarP/DollarP-Prefix.pch";
				GCC_PREPROCESSOR_DEFINITIONS = (
					"DEBUG=1",
					"$(inherited)",
				);
				GCC_WARN_64_TO_32_BIT_CONVERSION = YES;
				GCC_WARN_ABOUT_RETURN_TYPE = YES_ERROR;
				GCC_WARN_UNDECLARED_SELECTOR = YES;
				GCC_WARN_UNUSED_FUNCTION = YES;
				INFOPLIST_FILE = "DollarPTests/DollarPTests-Info.plist";
				MACOSX_DEPLOYMENT_TARGET = 10.9;
				PRODUCT_NAME = "$(TARGET_NAME)";
				SDKROOT = macosx;
				TEST_HOST = "$(BUNDLE_LOADER)";
				WRAPPER_EXTENSION = xctest;
			};
			name = Debug;
		};
		5FF3F18118690ED500466512 /* Release */ = {
			isa = XCBuildConfiguration;
			buildSettings = {
				BUNDLE_LOADER = "$(BUILT_PRODUCTS_DIR)/DollarP_ObjC.app/DollarP_ObjC";
				CLANG_WARN_BOOL_CONVERSION = YES;
				CLANG_WARN_CONSTANT_CONVERSION = YES;
				CLANG_WARN_DIRECT_OBJC_ISA_USAGE = YES_ERROR;
				CLANG_WARN_ENUM_CONVERSION = YES;
				CLANG_WARN_INT_CONVERSION = YES;
				CLANG_WARN_OBJC_ROOT_CLASS = YES_ERROR;
				COMBINE_HIDPI_IMAGES = YES;
				DEBUG_INFORMATION_FORMAT = "dwarf-with-dsym";
				ENABLE_NS_ASSERTIONS = NO;
				FRAMEWORK_SEARCH_PATHS = (
					"$(DEVELOPER_FRAMEWORKS_DIR)",
					"$(inherited)",
				);
				GCC_ENABLE_OBJC_EXCEPTIONS = YES;
				GCC_PRECOMPILE_PREFIX_HEADER = YES;
				GCC_PREFIX_HEADER = "DollarP/DollarP-Prefix.pch";
				GCC_WARN_64_TO_32_BIT_CONVERSION = YES;
				GCC_WARN_ABOUT_RETURN_TYPE = YES_ERROR;
				GCC_WARN_UNDECLARED_SELECTOR = YES;
				GCC_WARN_UNUSED_FUNCTION = YES;
				INFOPLIST_FILE = "DollarPTests/DollarPTests-Info.plist";
				MACOSX_DEPLOYMENT_TARGET = 10.9;
				PRODUCT_NAME = "$(TARGET_NAME)";
				SDKROOT = macosx;
				TEST_HOST = "$(BUNDLE_LOADER)";
				WRAPPER_EXTENSION = xctest;
			};
			name = Release;
		};
		5FF3F1BC1869135D00466512 /* Debug */ = {
			isa = XCBuildConfiguration;
			buildSettings = {
				ASSETCATALOG_COMPILER_APPICON_NAME = AppIcon;
				CLANG_WARN_BOOL_CONVERSION = YES;
				CLANG_WARN_CONSTANT_CONVERSION = YES;
				CLANG_WARN_DIRECT_OBJC_ISA_USAGE = YES_ERROR;
				CLANG_WARN_ENUM_CONVERSION = YES;
				CLANG_WARN_INT_CONVERSION = YES;
				CLANG_WARN_OBJC_ROOT_CLASS = YES_ERROR;
				COMBINE_HIDPI_IMAGES = YES;
				FRAMEWORK_SEARCH_PATHS = (
					"$(inherited)",
					"$(DEVELOPER_FRAMEWORKS_DIR)",
				);
				GCC_ENABLE_OBJC_EXCEPTIONS = YES;
				GCC_PRECOMPILE_PREFIX_HEADER = YES;
				GCC_PREFIX_HEADER = "DollarP-OSX/DollarP-OSX-Prefix.pch";
				GCC_PREPROCESSOR_DEFINITIONS = (
					"DEBUG=1",
					"$(inherited)",
				);
				GCC_WARN_64_TO_32_BIT_CONVERSION = YES;
				GCC_WARN_ABOUT_RETURN_TYPE = YES_ERROR;
				GCC_WARN_UNDECLARED_SELECTOR = YES;
				GCC_WARN_UNUSED_FUNCTION = YES;
				INFOPLIST_FILE = "DollarP-OSX/DollarP-OSX-Info.plist";
				MACOSX_DEPLOYMENT_TARGET = 10.9;
				PRODUCT_NAME = "$(TARGET_NAME)";
				SDKROOT = macosx;
				WRAPPER_EXTENSION = app;
			};
			name = Debug;
		};
		5FF3F1BD1869135D00466512 /* Release */ = {
			isa = XCBuildConfiguration;
			buildSettings = {
				ASSETCATALOG_COMPILER_APPICON_NAME = AppIcon;
				CLANG_WARN_BOOL_CONVERSION = YES;
				CLANG_WARN_CONSTANT_CONVERSION = YES;
				CLANG_WARN_DIRECT_OBJC_ISA_USAGE = YES_ERROR;
				CLANG_WARN_ENUM_CONVERSION = YES;
				CLANG_WARN_INT_CONVERSION = YES;
				CLANG_WARN_OBJC_ROOT_CLASS = YES_ERROR;
				COMBINE_HIDPI_IMAGES = YES;
				DEBUG_INFORMATION_FORMAT = "dwarf-with-dsym";
				ENABLE_NS_ASSERTIONS = NO;
				FRAMEWORK_SEARCH_PATHS = (
					"$(inherited)",
					"$(DEVELOPER_FRAMEWORKS_DIR)",
				);
				GCC_ENABLE_OBJC_EXCEPTIONS = YES;
				GCC_PRECOMPILE_PREFIX_HEADER = YES;
				GCC_PREFIX_HEADER = "DollarP-OSX/DollarP-OSX-Prefix.pch";
				GCC_WARN_64_TO_32_BIT_CONVERSION = YES;
				GCC_WARN_ABOUT_RETURN_TYPE = YES_ERROR;
				GCC_WARN_UNDECLARED_SELECTOR = YES;
				GCC_WARN_UNUSED_FUNCTION = YES;
				INFOPLIST_FILE = "DollarP-OSX/DollarP-OSX-Info.plist";
				MACOSX_DEPLOYMENT_TARGET = 10.9;
				PRODUCT_NAME = "$(TARGET_NAME)";
				SDKROOT = macosx;
				WRAPPER_EXTENSION = app;
			};
			name = Release;
		};
		5FF3F1BF1869135D00466512 /* Debug */ = {
			isa = XCBuildConfiguration;
			buildSettings = {
				BUNDLE_LOADER = "$(BUILT_PRODUCTS_DIR)/DollarP-OSX.app/Contents/MacOS/DollarP-OSX";
				CLANG_WARN_BOOL_CONVERSION = YES;
				CLANG_WARN_CONSTANT_CONVERSION = YES;
				CLANG_WARN_DIRECT_OBJC_ISA_USAGE = YES_ERROR;
				CLANG_WARN_ENUM_CONVERSION = YES;
				CLANG_WARN_INT_CONVERSION = YES;
				CLANG_WARN_OBJC_ROOT_CLASS = YES_ERROR;
				COMBINE_HIDPI_IMAGES = YES;
				FRAMEWORK_SEARCH_PATHS = (
					"$(DEVELOPER_FRAMEWORKS_DIR)",
					"$(inherited)",
				);
				GCC_ENABLE_OBJC_EXCEPTIONS = YES;
				GCC_PRECOMPILE_PREFIX_HEADER = YES;
				GCC_PREFIX_HEADER = "DollarP-OSX/DollarP-OSX-Prefix.pch";
				GCC_PREPROCESSOR_DEFINITIONS = (
					"DEBUG=1",
					"$(inherited)",
				);
				GCC_WARN_64_TO_32_BIT_CONVERSION = YES;
				GCC_WARN_ABOUT_RETURN_TYPE = YES_ERROR;
				GCC_WARN_UNDECLARED_SELECTOR = YES;
				GCC_WARN_UNUSED_FUNCTION = YES;
				INFOPLIST_FILE = "DollarP-OSXTests/DollarP-OSXTests-Info.plist";
				MACOSX_DEPLOYMENT_TARGET = 10.9;
				PRODUCT_NAME = "$(TARGET_NAME)";
				SDKROOT = macosx;
				TEST_HOST = "$(BUNDLE_LOADER)";
				WRAPPER_EXTENSION = xctest;
			};
			name = Debug;
		};
		5FF3F1C01869135D00466512 /* Release */ = {
			isa = XCBuildConfiguration;
			buildSettings = {
				BUNDLE_LOADER = "$(BUILT_PRODUCTS_DIR)/DollarP-OSX.app/Contents/MacOS/DollarP-OSX";
				CLANG_WARN_BOOL_CONVERSION = YES;
				CLANG_WARN_CONSTANT_CONVERSION = YES;
				CLANG_WARN_DIRECT_OBJC_ISA_USAGE = YES_ERROR;
				CLANG_WARN_ENUM_CONVERSION = YES;
				CLANG_WARN_INT_CONVERSION = YES;
				CLANG_WARN_OBJC_ROOT_CLASS = YES_ERROR;
				COMBINE_HIDPI_IMAGES = YES;
				DEBUG_INFORMATION_FORMAT = "dwarf-with-dsym";
				ENABLE_NS_ASSERTIONS = NO;
				FRAMEWORK_SEARCH_PATHS = (
					"$(DEVELOPER_FRAMEWORKS_DIR)",
					"$(inherited)",
				);
				GCC_ENABLE_OBJC_EXCEPTIONS = YES;
				GCC_PRECOMPILE_PREFIX_HEADER = YES;
				GCC_PREFIX_HEADER = "DollarP-OSX/DollarP-OSX-Prefix.pch";
				GCC_WARN_64_TO_32_BIT_CONVERSION = YES;
				GCC_WARN_ABOUT_RETURN_TYPE = YES_ERROR;
				GCC_WARN_UNDECLARED_SELECTOR = YES;
				GCC_WARN_UNUSED_FUNCTION = YES;
				INFOPLIST_FILE = "DollarP-OSXTests/DollarP-OSXTests-Info.plist";
				MACOSX_DEPLOYMENT_TARGET = 10.9;
				PRODUCT_NAME = "$(TARGET_NAME)";
				SDKROOT = macosx;
				TEST_HOST = "$(BUNDLE_LOADER)";
				WRAPPER_EXTENSION = xctest;
			};
			name = Release;
		};
		DC21973D165E7072009CFCF3 /* Debug */ = {
			isa = XCBuildConfiguration;
			buildSettings = {
				ALWAYS_SEARCH_USER_PATHS = NO;
				CLANG_CXX_LANGUAGE_STANDARD = "gnu++0x";
				CLANG_CXX_LIBRARY = "libc++";
				CLANG_ENABLE_OBJC_ARC = YES;
				CLANG_WARN_EMPTY_BODY = YES;
				CLANG_WARN__DUPLICATE_METHOD_MATCH = YES;
				"CODE_SIGN_IDENTITY[sdk=iphoneos*]" = "iPhone Developer";
				COPY_PHASE_STRIP = NO;
				GCC_C_LANGUAGE_STANDARD = gnu99;
				GCC_DYNAMIC_NO_PIC = NO;
				GCC_OPTIMIZATION_LEVEL = 0;
				GCC_PREPROCESSOR_DEFINITIONS = (
					"DEBUG=1",
					"$(inherited)",
				);
				GCC_SYMBOLS_PRIVATE_EXTERN = NO;
				GCC_WARN_ABOUT_RETURN_TYPE = YES;
				GCC_WARN_UNINITIALIZED_AUTOS = YES;
				GCC_WARN_UNUSED_VARIABLE = YES;
				IPHONEOS_DEPLOYMENT_TARGET = 6.0;
				ONLY_ACTIVE_ARCH = YES;
				SDKROOT = iphoneos;
			};
			name = Debug;
		};
		DC21973E165E7072009CFCF3 /* Release */ = {
			isa = XCBuildConfiguration;
			buildSettings = {
				ALWAYS_SEARCH_USER_PATHS = NO;
				CLANG_CXX_LANGUAGE_STANDARD = "gnu++0x";
				CLANG_CXX_LIBRARY = "libc++";
				CLANG_ENABLE_OBJC_ARC = YES;
				CLANG_WARN_EMPTY_BODY = YES;
				CLANG_WARN__DUPLICATE_METHOD_MATCH = YES;
				"CODE_SIGN_IDENTITY[sdk=iphoneos*]" = "iPhone Developer";
				COPY_PHASE_STRIP = YES;
				GCC_C_LANGUAGE_STANDARD = gnu99;
				GCC_WARN_ABOUT_RETURN_TYPE = YES;
				GCC_WARN_UNINITIALIZED_AUTOS = YES;
				GCC_WARN_UNUSED_VARIABLE = YES;
				IPHONEOS_DEPLOYMENT_TARGET = 6.0;
				OTHER_CFLAGS = "-DNS_BLOCK_ASSERTIONS=1";
				SDKROOT = iphoneos;
				VALIDATE_PRODUCT = YES;
			};
			name = Release;
		};
		DC219740165E7072009CFCF3 /* Debug */ = {
			isa = XCBuildConfiguration;
			buildSettings = {
				GCC_PRECOMPILE_PREFIX_HEADER = YES;
				GCC_PREFIX_HEADER = "DollarP_ObjC/DollarP_ObjC-Prefix.pch";
				INFOPLIST_FILE = "DollarP_ObjC/DollarP_ObjC-Info.plist";
				PRODUCT_NAME = "$(TARGET_NAME)";
				WRAPPER_EXTENSION = app;
			};
			name = Debug;
		};
		DC219741165E7072009CFCF3 /* Release */ = {
			isa = XCBuildConfiguration;
			buildSettings = {
				GCC_PRECOMPILE_PREFIX_HEADER = YES;
				GCC_PREFIX_HEADER = "DollarP_ObjC/DollarP_ObjC-Prefix.pch";
				INFOPLIST_FILE = "DollarP_ObjC/DollarP_ObjC-Info.plist";
				PRODUCT_NAME = "$(TARGET_NAME)";
				WRAPPER_EXTENSION = app;
			};
			name = Release;
		};
/* End XCBuildConfiguration section */

/* Begin XCConfigurationList section */
		5FF3F18218690ED500466512 /* Build configuration list for PBXNativeTarget "DollarP" */ = {
			isa = XCConfigurationList;
			buildConfigurations = (
				5FF3F17E18690ED500466512 /* Debug */,
				5FF3F17F18690ED500466512 /* Release */,
			);
			defaultConfigurationIsVisible = 0;
			defaultConfigurationName = Release;
		};
		5FF3F18318690ED500466512 /* Build configuration list for PBXNativeTarget "DollarPTests" */ = {
			isa = XCConfigurationList;
			buildConfigurations = (
				5FF3F18018690ED500466512 /* Debug */,
				5FF3F18118690ED500466512 /* Release */,
			);
			defaultConfigurationIsVisible = 0;
			defaultConfigurationName = Release;
		};
		5FF3F1BB1869135D00466512 /* Build configuration list for PBXNativeTarget "DollarP-OSX" */ = {
			isa = XCConfigurationList;
			buildConfigurations = (
				5FF3F1BC1869135D00466512 /* Debug */,
				5FF3F1BD1869135D00466512 /* Release */,
			);
			defaultConfigurationIsVisible = 0;
			defaultConfigurationName = Release;
		};
		5FF3F1BE1869135D00466512 /* Build configuration list for PBXNativeTarget "DollarP-OSXTests" */ = {
			isa = XCConfigurationList;
			buildConfigurations = (
				5FF3F1BF1869135D00466512 /* Debug */,
				5FF3F1C01869135D00466512 /* Release */,
			);
			defaultConfigurationIsVisible = 0;
			defaultConfigurationName = Release;
		};
		DC21971B165E7072009CFCF3 /* Build configuration list for PBXProject "DollarP_ObjC" */ = {
			isa = XCConfigurationList;
			buildConfigurations = (
				DC21973D165E7072009CFCF3 /* Debug */,
				DC21973E165E7072009CFCF3 /* Release */,
			);
			defaultConfigurationIsVisible = 0;
			defaultConfigurationName = Release;
		};
		DC21973F165E7072009CFCF3 /* Build configuration list for PBXNativeTarget "DollarP_ObjC" */ = {
			isa = XCConfigurationList;
			buildConfigurations = (
				DC219740165E7072009CFCF3 /* Debug */,
				DC219741165E7072009CFCF3 /* Release */,
			);
			defaultConfigurationIsVisible = 0;
			defaultConfigurationName = Release;
		};
/* End XCConfigurationList section */
	};
	rootObject = DC219718165E7072009CFCF3 /* Project object */;
}
